// !$*UTF8*$!
{
	archiveVersion = 1;
	classes = {
	};
	objectVersion = 46;
	objects = {

/* Begin PBXBuildFile section */
		9D008F9B1C57D4C0007B08B4 /* mapheader.png in Resources */ = {isa = PBXBuildFile; fileRef = 9D008F9A1C57D4C0007B08B4 /* mapheader.png */; };
		9D01F9DE1C3C3E0A00099049 /* button_km.png in Resources */ = {isa = PBXBuildFile; fileRef = 9D01F9D21C3C3E0A00099049 /* button_km.png */; };
		9D01F9DF1C3C3E0A00099049 /* button_km_55.png in Resources */ = {isa = PBXBuildFile; fileRef = 9D01F9D31C3C3E0A00099049 /* button_km_55.png */; };
		9D01F9E01C3C3E0A00099049 /* button_mph.png in Resources */ = {isa = PBXBuildFile; fileRef = 9D01F9D41C3C3E0A00099049 /* button_mph.png */; };
		9D01F9E11C3C3E0A00099049 /* button_mph_55.png in Resources */ = {isa = PBXBuildFile; fileRef = 9D01F9D51C3C3E0A00099049 /* button_mph_55.png */; };
		9D01F9E21C3C3E0A00099049 /* button_reset.png in Resources */ = {isa = PBXBuildFile; fileRef = 9D01F9D61C3C3E0A00099049 /* button_reset.png */; };
		9D01F9E31C3C3E0A00099049 /* button_reset_55.png in Resources */ = {isa = PBXBuildFile; fileRef = 9D01F9D71C3C3E0A00099049 /* button_reset_55.png */; };
		9D01F9E41C3C3E0A00099049 /* button_running.png in Resources */ = {isa = PBXBuildFile; fileRef = 9D01F9D81C3C3E0A00099049 /* button_running.png */; };
		9D01F9E51C3C3E0A00099049 /* button_running_55.png in Resources */ = {isa = PBXBuildFile; fileRef = 9D01F9D91C3C3E0A00099049 /* button_running_55.png */; };
		9D01F9E61C3C3E0A00099049 /* button_set.png in Resources */ = {isa = PBXBuildFile; fileRef = 9D01F9DA1C3C3E0A00099049 /* button_set.png */; };
		9D01F9E71C3C3E0A00099049 /* button_set_55.png in Resources */ = {isa = PBXBuildFile; fileRef = 9D01F9DB1C3C3E0A00099049 /* button_set_55.png */; };
		9D01F9E81C3C3E0A00099049 /* tripmeter_if.png in Resources */ = {isa = PBXBuildFile; fileRef = 9D01F9DC1C3C3E0A00099049 /* tripmeter_if.png */; };
		9D01F9E91C3C3E0A00099049 /* tripmeter_if_55.png in Resources */ = {isa = PBXBuildFile; fileRef = 9D01F9DD1C3C3E0A00099049 /* tripmeter_if_55.png */; };
		9D7BB8901BDB8F4F00A6DFB7 /* AXZTripViewController.m in Sources */ = {isa = PBXBuildFile; fileRef = 9D7BB88E1BDB8F4F00A6DFB7 /* AXZTripViewController.m */; };
		9D7BB8911BDB8F4F00A6DFB7 /* AXZTripViewController.xib in Resources */ = {isa = PBXBuildFile; fileRef = 9D7BB88F1BDB8F4F00A6DFB7 /* AXZTripViewController.xib */; };
		9DBAEBD81C37CAB60064ECBB /* arrow_left@2x.png in Resources */ = {isa = PBXBuildFile; fileRef = 9DBAEB331C37CAB60064ECBB /* arrow_left@2x.png */; };
		9DBAEBD91C37CAB60064ECBB /* arrow_right@2x.png in Resources */ = {isa = PBXBuildFile; fileRef = 9DBAEB341C37CAB60064ECBB /* arrow_right@2x.png */; };
		9DBAEBDA1C37CAB60064ECBB /* backtomain@2x.png in Resources */ = {isa = PBXBuildFile; fileRef = 9DBAEB351C37CAB60064ECBB /* backtomain@2x.png */; };
		9DBAEBDB1C37CAB60064ECBB /* bank_if.png in Resources */ = {isa = PBXBuildFile; fileRef = 9DBAEB371C37CAB60064ECBB /* bank_if.png */; };
		9DBAEBDC1C37CAB60064ECBB /* bank_if_55.png in Resources */ = {isa = PBXBuildFile; fileRef = 9DBAEB381C37CAB60064ECBB /* bank_if_55.png */; };
		9DBAEBDD1C37CAB60064ECBB /* slope_if.png in Resources */ = {isa = PBXBuildFile; fileRef = 9DBAEB391C37CAB60064ECBB /* slope_if.png */; };
		9DBAEBDE1C37CAB60064ECBB /* slope_if_55.png in Resources */ = {isa = PBXBuildFile; fileRef = 9DBAEB3A1C37CAB60064ECBB /* slope_if_55.png */; };
		9DBAEBDF1C37CAB60064ECBB /* bank_35_background@2x.png in Resources */ = {isa = PBXBuildFile; fileRef = 9DBAEB3B1C37CAB60064ECBB /* bank_35_background@2x.png */; };
		9DBAEBE01C37CAB60064ECBB /* bank_background@2x.png in Resources */ = {isa = PBXBuildFile; fileRef = 9DBAEB3C1C37CAB60064ECBB /* bank_background@2x.png */; };
		9DBAEBE11C37CAB60064ECBB /* bikers_bg.png in Resources */ = {isa = PBXBuildFile; fileRef = 9DBAEB3E1C37CAB60064ECBB /* bikers_bg.png */; };
		9DBAEBE21C37CAB60064ECBB /* bikers_if.png in Resources */ = {isa = PBXBuildFile; fileRef = 9DBAEB3F1C37CAB60064ECBB /* bikers_if.png */; };
		9DBAEBE31C37CAB60064ECBB /* bikers_if_55.png in Resources */ = {isa = PBXBuildFile; fileRef = 9DBAEB401C37CAB60064ECBB /* bikers_if_55.png */; };
		9DBAEBE41C37CAB60064ECBB /* bluetooth@2x.png in Resources */ = {isa = PBXBuildFile; fileRef = 9DBAEB411C37CAB60064ECBB /* bluetooth@2x.png */; };
		9DBAEBE51C37CAB60064ECBB /* cbr_bg.png in Resources */ = {isa = PBXBuildFile; fileRef = 9DBAEB431C37CAB60064ECBB /* cbr_bg.png */; };
		9DBAEBE61C37CAB60064ECBB /* cbr_if.png in Resources */ = {isa = PBXBuildFile; fileRef = 9DBAEB441C37CAB60064ECBB /* cbr_if.png */; };
		9DBAEBE71C37CAB60064ECBB /* cbr_if_55.png in Resources */ = {isa = PBXBuildFile; fileRef = 9DBAEB451C37CAB60064ECBB /* cbr_if_55.png */; };
		9DBAEBE81C37CAB60064ECBB /* df_bk_bg.png in Resources */ = {isa = PBXBuildFile; fileRef = 9DBAEB461C37CAB60064ECBB /* df_bk_bg.png */; };
		9DBAEBE91C37CAB60064ECBB /* df_bk_if.png in Resources */ = {isa = PBXBuildFile; fileRef = 9DBAEB471C37CAB60064ECBB /* df_bk_if.png */; };
		9DBAEBEA1C37CAB60064ECBB /* df_bk_if_55.png in Resources */ = {isa = PBXBuildFile; fileRef = 9DBAEB481C37CAB60064ECBB /* df_bk_if_55.png */; };
		9DBAEBEB1C37CAB60064ECBB /* df_blue_if.png in Resources */ = {isa = PBXBuildFile; fileRef = 9DBAEB4A1C37CAB60064ECBB /* df_blue_if.png */; };
		9DBAEBEC1C37CAB60064ECBB /* df_blue_if_55.png in Resources */ = {isa = PBXBuildFile; fileRef = 9DBAEB4B1C37CAB60064ECBB /* df_blue_if_55.png */; };
		9DBAEBED1C37CAB60064ECBB /* df_brc_bg.png in Resources */ = {isa = PBXBuildFile; fileRef = 9DBAEB4C1C37CAB60064ECBB /* df_brc_bg.png */; };
		9DBAEBEE1C37CAB60064ECBB /* df_chrome_if.png in Resources */ = {isa = PBXBuildFile; fileRef = 9DBAEB4D1C37CAB60064ECBB /* df_chrome_if.png */; };
		9DBAEBEF1C37CAB60064ECBB /* df_chrome_if_55.png in Resources */ = {isa = PBXBuildFile; fileRef = 9DBAEB4E1C37CAB60064ECBB /* df_chrome_if_55.png */; };
		9DBAEBF01C37CAB60064ECBB /* df_red_if.png in Resources */ = {isa = PBXBuildFile; fileRef = 9DBAEB4F1C37CAB60064ECBB /* df_red_if.png */; };
		9DBAEBF11C37CAB60064ECBB /* df_red_if_55.png in Resources */ = {isa = PBXBuildFile; fileRef = 9DBAEB501C37CAB60064ECBB /* df_red_if_55.png */; };
		9DBAEBF21C37CAB60064ECBB /* hari-center.png in Resources */ = {isa = PBXBuildFile; fileRef = 9DBAEB511C37CAB60064ECBB /* hari-center.png */; };
		9DBAEBF31C37CAB60064ECBB /* hari.png in Resources */ = {isa = PBXBuildFile; fileRef = 9DBAEB521C37CAB60064ECBB /* hari.png */; };
		9DBAEBF41C37CAB60064ECBB /* info@2x.png in Resources */ = {isa = PBXBuildFile; fileRef = 9DBAEB531C37CAB60064ECBB /* info@2x.png */; };
		9DBAEBF51C37CAB60064ECBB /* inner_cicle_km.png in Resources */ = {isa = PBXBuildFile; fileRef = 9DBAEB541C37CAB60064ECBB /* inner_cicle_km.png */; };
		9DBAEBF61C37CAB60064ECBB /* inner_cicle_mph.png in Resources */ = {isa = PBXBuildFile; fileRef = 9DBAEB551C37CAB60064ECBB /* inner_cicle_mph.png */; };
		9DBAEBF71C37CAB60064ECBB /* inner_circle_km_red@2x.png in Resources */ = {isa = PBXBuildFile; fileRef = 9DBAEB561C37CAB60064ECBB /* inner_circle_km_red@2x.png */; };
		9DBAEBF81C37CAB60064ECBB /* inner_circle_mph_red@2x.png in Resources */ = {isa = PBXBuildFile; fileRef = 9DBAEB571C37CAB60064ECBB /* inner_circle_mph_red@2x.png */; };
		9DBAEBF91C37CAB60064ECBB /* kkk_bg.png in Resources */ = {isa = PBXBuildFile; fileRef = 9DBAEB591C37CAB60064ECBB /* kkk_bg.png */; };
		9DBAEBFA1C37CAB60064ECBB /* kkk_if.png in Resources */ = {isa = PBXBuildFile; fileRef = 9DBAEB5A1C37CAB60064ECBB /* kkk_if.png */; };
		9DBAEBFB1C37CAB60064ECBB /* kkk_if_55.png in Resources */ = {isa = PBXBuildFile; fileRef = 9DBAEB5B1C37CAB60064ECBB /* kkk_if_55.png */; };
		9DBAEBFC1C37CAB60064ECBB /* km_hover_type1_55.png in Resources */ = {isa = PBXBuildFile; fileRef = 9DBAEB5C1C37CAB60064ECBB /* km_hover_type1_55.png */; };
		9DBAEBFD1C37CAB60064ECBB /* km_hover_type2_55.png in Resources */ = {isa = PBXBuildFile; fileRef = 9DBAEB5D1C37CAB60064ECBB /* km_hover_type2_55.png */; };
		9DBAEBFE1C37CAB60064ECBB /* km_hover_type3_55.png in Resources */ = {isa = PBXBuildFile; fileRef = 9DBAEB5E1C37CAB60064ECBB /* km_hover_type3_55.png */; };
		9DBAEBFF1C37CAB60064ECBB /* km_type1_55.png in Resources */ = {isa = PBXBuildFile; fileRef = 9DBAEB5F1C37CAB60064ECBB /* km_type1_55.png */; };
		9DBAEC001C37CAB60064ECBB /* km_type2_55.png in Resources */ = {isa = PBXBuildFile; fileRef = 9DBAEB601C37CAB60064ECBB /* km_type2_55.png */; };
		9DBAEC011C37CAB60064ECBB /* km_type3_55.png in Resources */ = {isa = PBXBuildFile; fileRef = 9DBAEB611C37CAB60064ECBB /* km_type3_55.png */; };
		9DBAEC021C37CAB60064ECBB /* mmw_if.png in Resources */ = {isa = PBXBuildFile; fileRef = 9DBAEB631C37CAB60064ECBB /* mmw_if.png */; };
		9DBAEC031C37CAB60064ECBB /* mmw_if_55.png in Resources */ = {isa = PBXBuildFile; fileRef = 9DBAEB641C37CAB60064ECBB /* mmw_if_55.png */; };
		9DBAEC041C37CAB60064ECBB /* motochamp_bg.png in Resources */ = {isa = PBXBuildFile; fileRef = 9DBAEB651C37CAB60064ECBB /* motochamp_bg.png */; };
		9DBAEC051C37CAB60064ECBB /* motomoto_bg.png in Resources */ = {isa = PBXBuildFile; fileRef = 9DBAEB661C37CAB60064ECBB /* motomoto_bg.png */; };
		9DBAEC061C37CAB60064ECBB /* webike_bg.png in Resources */ = {isa = PBXBuildFile; fileRef = 9DBAEB671C37CAB60064ECBB /* webike_bg.png */; };
		9DBAEC071C37CAB60064ECBB /* backtomain.png in Resources */ = {isa = PBXBuildFile; fileRef = 9DBAEB691C37CAB60064ECBB /* backtomain.png */; };
		9DBAEC081C37CAB60064ECBB /* bluetooth.png in Resources */ = {isa = PBXBuildFile; fileRef = 9DBAEB6A1C37CAB60064ECBB /* bluetooth.png */; };
		9DBAEC091C37CAB60064ECBB /* hari-center_55.png in Resources */ = {isa = PBXBuildFile; fileRef = 9DBAEB6B1C37CAB60064ECBB /* hari-center_55.png */; };
		9DBAEC0A1C37CAB60064ECBB /* info.png in Resources */ = {isa = PBXBuildFile; fileRef = 9DBAEB6C1C37CAB60064ECBB /* info.png */; };
		9DBAEC0B1C37CAB60064ECBB /* innercircle_km_type1.png in Resources */ = {isa = PBXBuildFile; fileRef = 9DBAEB6F1C37CAB60064ECBB /* innercircle_km_type1.png */; };
		9DBAEC0C1C37CAB60064ECBB /* innercircle_km_type2.png in Resources */ = {isa = PBXBuildFile; fileRef = 9DBAEB701C37CAB60064ECBB /* innercircle_km_type2.png */; };
		9DBAEC0D1C37CAB60064ECBB /* innercircle_km_type3.png in Resources */ = {isa = PBXBuildFile; fileRef = 9DBAEB711C37CAB60064ECBB /* innercircle_km_type3.png */; };
		9DBAEC0E1C37CAB60064ECBB /* innercircle_mph_type1.png in Resources */ = {isa = PBXBuildFile; fileRef = 9DBAEB721C37CAB60064ECBB /* innercircle_mph_type1.png */; };
		9DBAEC0F1C37CAB60064ECBB /* innercircle_mph_type2.png in Resources */ = {isa = PBXBuildFile; fileRef = 9DBAEB731C37CAB60064ECBB /* innercircle_mph_type2.png */; };
		9DBAEC101C37CAB60064ECBB /* innercircle_mph_type3.png in Resources */ = {isa = PBXBuildFile; fileRef = 9DBAEB741C37CAB60064ECBB /* innercircle_mph_type3.png */; };
		9DBAEC111C37CAB60064ECBB /* km_hover_type1.png in Resources */ = {isa = PBXBuildFile; fileRef = 9DBAEB751C37CAB60064ECBB /* km_hover_type1.png */; };
		9DBAEC121C37CAB60064ECBB /* km_hover_type2.png in Resources */ = {isa = PBXBuildFile; fileRef = 9DBAEB761C37CAB60064ECBB /* km_hover_type2.png */; };
		9DBAEC131C37CAB60064ECBB /* km_hover_type3.png in Resources */ = {isa = PBXBuildFile; fileRef = 9DBAEB771C37CAB60064ECBB /* km_hover_type3.png */; };
		9DBAEC141C37CAB60064ECBB /* km_type1.png in Resources */ = {isa = PBXBuildFile; fileRef = 9DBAEB781C37CAB60064ECBB /* km_type1.png */; };
		9DBAEC151C37CAB60064ECBB /* km_type2.png in Resources */ = {isa = PBXBuildFile; fileRef = 9DBAEB791C37CAB60064ECBB /* km_type2.png */; };
		9DBAEC161C37CAB60064ECBB /* km_type3.png in Resources */ = {isa = PBXBuildFile; fileRef = 9DBAEB7A1C37CAB60064ECBB /* km_type3.png */; };
		9DBAEC171C37CAB60064ECBB /* mph_hover_type1.png in Resources */ = {isa = PBXBuildFile; fileRef = 9DBAEB7B1C37CAB60064ECBB /* mph_hover_type1.png */; };
		9DBAEC181C37CAB60064ECBB /* mph_hover_type2.png in Resources */ = {isa = PBXBuildFile; fileRef = 9DBAEB7C1C37CAB60064ECBB /* mph_hover_type2.png */; };
		9DBAEC191C37CAB60064ECBB /* mph_hover_type3.png in Resources */ = {isa = PBXBuildFile; fileRef = 9DBAEB7D1C37CAB60064ECBB /* mph_hover_type3.png */; };
		9DBAEC1A1C37CAB60064ECBB /* mph_type1.png in Resources */ = {isa = PBXBuildFile; fileRef = 9DBAEB7E1C37CAB60064ECBB /* mph_type1.png */; };
		9DBAEC1B1C37CAB60064ECBB /* mph_type2.png in Resources */ = {isa = PBXBuildFile; fileRef = 9DBAEB7F1C37CAB60064ECBB /* mph_type2.png */; };
		9DBAEC1C1C37CAB60064ECBB /* mph_type3.png in Resources */ = {isa = PBXBuildFile; fileRef = 9DBAEB801C37CAB60064ECBB /* mph_type3.png */; };
		9DBAEC1D1C37CAB60064ECBB /* innercircle_km_type1_55.png in Resources */ = {isa = PBXBuildFile; fileRef = 9DBAEB821C37CAB60064ECBB /* innercircle_km_type1_55.png */; };
		9DBAEC1E1C37CAB60064ECBB /* innercircle_km_type2_55.png in Resources */ = {isa = PBXBuildFile; fileRef = 9DBAEB831C37CAB60064ECBB /* innercircle_km_type2_55.png */; };
		9DBAEC1F1C37CAB60064ECBB /* innercircle_km_type3_55.png in Resources */ = {isa = PBXBuildFile; fileRef = 9DBAEB841C37CAB60064ECBB /* innercircle_km_type3_55.png */; };
		9DBAEC201C37CAB60064ECBB /* innercircle_mph_type1_55.png in Resources */ = {isa = PBXBuildFile; fileRef = 9DBAEB851C37CAB60064ECBB /* innercircle_mph_type1_55.png */; };
		9DBAEC211C37CAB60064ECBB /* innercircle_mph_type2_55.png in Resources */ = {isa = PBXBuildFile; fileRef = 9DBAEB861C37CAB60064ECBB /* innercircle_mph_type2_55.png */; };
		9DBAEC221C37CAB60064ECBB /* innercircle_mph_type3_55.png in Resources */ = {isa = PBXBuildFile; fileRef = 9DBAEB871C37CAB60064ECBB /* innercircle_mph_type3_55.png */; };
		9DBAEC231C37CAB60064ECBB /* km_hover_type1_55.png in Resources */ = {isa = PBXBuildFile; fileRef = 9DBAEB881C37CAB60064ECBB /* km_hover_type1_55.png */; };
		9DBAEC241C37CAB60064ECBB /* km_hover_type2_55.png in Resources */ = {isa = PBXBuildFile; fileRef = 9DBAEB891C37CAB60064ECBB /* km_hover_type2_55.png */; };
		9DBAEC251C37CAB60064ECBB /* km_hover_type3_55.png in Resources */ = {isa = PBXBuildFile; fileRef = 9DBAEB8A1C37CAB60064ECBB /* km_hover_type3_55.png */; };
		9DBAEC261C37CAB60064ECBB /* km_type1_55.png in Resources */ = {isa = PBXBuildFile; fileRef = 9DBAEB8B1C37CAB60064ECBB /* km_type1_55.png */; };
		9DBAEC271C37CAB60064ECBB /* km_type2_55.png in Resources */ = {isa = PBXBuildFile; fileRef = 9DBAEB8C1C37CAB60064ECBB /* km_type2_55.png */; };
		9DBAEC281C37CAB60064ECBB /* km_type3_55.png in Resources */ = {isa = PBXBuildFile; fileRef = 9DBAEB8D1C37CAB60064ECBB /* km_type3_55.png */; };
		9DBAEC291C37CAB60064ECBB /* mph_hover_type1_55.png in Resources */ = {isa = PBXBuildFile; fileRef = 9DBAEB8E1C37CAB60064ECBB /* mph_hover_type1_55.png */; };
		9DBAEC2A1C37CAB60064ECBB /* mph_hover_type2_55.png in Resources */ = {isa = PBXBuildFile; fileRef = 9DBAEB8F1C37CAB60064ECBB /* mph_hover_type2_55.png */; };
		9DBAEC2B1C37CAB60064ECBB /* mph_hover_type3_55.png in Resources */ = {isa = PBXBuildFile; fileRef = 9DBAEB901C37CAB60064ECBB /* mph_hover_type3_55.png */; };
		9DBAEC2C1C37CAB60064ECBB /* mph_type1_55.png in Resources */ = {isa = PBXBuildFile; fileRef = 9DBAEB911C37CAB60064ECBB /* mph_type1_55.png */; };
		9DBAEC2D1C37CAB60064ECBB /* mph_type2_55.png in Resources */ = {isa = PBXBuildFile; fileRef = 9DBAEB921C37CAB60064ECBB /* mph_type2_55.png */; };
		9DBAEC2E1C37CAB60064ECBB /* mph_type3_55.png in Resources */ = {isa = PBXBuildFile; fileRef = 9DBAEB931C37CAB60064ECBB /* mph_type3_55.png */; };
		9DBAEC2F1C37CAB60064ECBB /* map.png in Resources */ = {isa = PBXBuildFile; fileRef = 9DBAEB941C37CAB60064ECBB /* map.png */; };
		9DBAEC301C37CAB60064ECBB /* reset.png in Resources */ = {isa = PBXBuildFile; fileRef = 9DBAEB951C37CAB60064ECBB /* reset.png */; };
		9DBAEC311C37CAB60064ECBB /* setting.png in Resources */ = {isa = PBXBuildFile; fileRef = 9DBAEB961C37CAB60064ECBB /* setting.png */; };
		9DBAEC321C37CAB60064ECBB /* user.png in Resources */ = {isa = PBXBuildFile; fileRef = 9DBAEB971C37CAB60064ECBB /* user.png */; };
		9DBAEC331C37CAB60064ECBB /* map@2x.png in Resources */ = {isa = PBXBuildFile; fileRef = 9DBAEB981C37CAB60064ECBB /* map@2x.png */; };
		9DBAEC341C37CAB60064ECBB /* mph_hover_type1_55.png in Resources */ = {isa = PBXBuildFile; fileRef = 9DBAEB991C37CAB60064ECBB /* mph_hover_type1_55.png */; };
		9DBAEC351C37CAB60064ECBB /* mph_hover_type2_55.png in Resources */ = {isa = PBXBuildFile; fileRef = 9DBAEB9A1C37CAB60064ECBB /* mph_hover_type2_55.png */; };
		9DBAEC361C37CAB60064ECBB /* mph_hover_type3_55.png in Resources */ = {isa = PBXBuildFile; fileRef = 9DBAEB9B1C37CAB60064ECBB /* mph_hover_type3_55.png */; };
		9DBAEC371C37CAB60064ECBB /* mph_type1_55.png in Resources */ = {isa = PBXBuildFile; fileRef = 9DBAEB9C1C37CAB60064ECBB /* mph_type1_55.png */; };
		9DBAEC381C37CAB60064ECBB /* mph_type2_55.png in Resources */ = {isa = PBXBuildFile; fileRef = 9DBAEB9D1C37CAB60064ECBB /* mph_type2_55.png */; };
		9DBAEC391C37CAB60064ECBB /* mph_type3_55.png in Resources */ = {isa = PBXBuildFile; fileRef = 9DBAEB9E1C37CAB60064ECBB /* mph_type3_55.png */; };
		9DBAEC3A1C37CAB60064ECBB /* red.png in Resources */ = {isa = PBXBuildFile; fileRef = 9DBAEB9F1C37CAB60064ECBB /* red.png */; };
		9DBAEC3B1C37CAB60064ECBB /* red_55.png in Resources */ = {isa = PBXBuildFile; fileRef = 9DBAEBA01C37CAB60064ECBB /* red_55.png */; };
		9DBAEC3C1C37CAB60064ECBB /* reset@2x.png in Resources */ = {isa = PBXBuildFile; fileRef = 9DBAEBA11C37CAB60064ECBB /* reset@2x.png */; };
		9DBAEC3D1C37CAB60064ECBB /* rider_bank@2x.png in Resources */ = {isa = PBXBuildFile; fileRef = 9DBAEBA21C37CAB60064ECBB /* rider_bank@2x.png */; };
		9DBAEC3E1C37CAB60064ECBB /* rider_slope.png in Resources */ = {isa = PBXBuildFile; fileRef = 9DBAEBA31C37CAB60064ECBB /* rider_slope.png */; };
		9DBAEC3F1C37CAB60064ECBB /* rider_slope@2x.png in Resources */ = {isa = PBXBuildFile; fileRef = 9DBAEBA41C37CAB60064ECBB /* rider_slope@2x.png */; };
		9DBAEC401C37CAB60064ECBB /* slope_35_background@2x.png in Resources */ = {isa = PBXBuildFile; fileRef = 9DBAEBA51C37CAB60064ECBB /* slope_35_background@2x.png */; };
		9DBAEC411C37CAB60064ECBB /* slope_background@2x.png in Resources */ = {isa = PBXBuildFile; fileRef = 9DBAEBA61C37CAB60064ECBB /* slope_background@2x.png */; };
		9DBAEC421C37CAB60064ECBB /* axiz.png in Resources */ = {isa = PBXBuildFile; fileRef = 9DBAEBA91C37CAB60064ECBB /* axiz.png */; };
		9DBAEC431C37CAB60064ECBB /* axiz_55.png in Resources */ = {isa = PBXBuildFile; fileRef = 9DBAEBAA1C37CAB60064ECBB /* axiz_55.png */; };
		9DBAEC441C37CAB60064ECBB /* black.png in Resources */ = {isa = PBXBuildFile; fileRef = 9DBAEBAB1C37CAB60064ECBB /* black.png */; };
		9DBAEC451C37CAB60064ECBB /* black_55.png in Resources */ = {isa = PBXBuildFile; fileRef = 9DBAEBAC1C37CAB60064ECBB /* black_55.png */; };
		9DBAEC461C37CAB60064ECBB /* blue.png in Resources */ = {isa = PBXBuildFile; fileRef = 9DBAEBAD1C37CAB60064ECBB /* blue.png */; };
		9DBAEC471C37CAB60064ECBB /* blue_55.png in Resources */ = {isa = PBXBuildFile; fileRef = 9DBAEBAE1C37CAB60064ECBB /* blue_55.png */; };
		9DBAEC481C37CAB60064ECBB /* chrome.png in Resources */ = {isa = PBXBuildFile; fileRef = 9DBAEBAF1C37CAB60064ECBB /* chrome.png */; };
		9DBAEC491C37CAB60064ECBB /* chrome_55.png in Resources */ = {isa = PBXBuildFile; fileRef = 9DBAEBB01C37CAB60064ECBB /* chrome_55.png */; };
		9DBAEC4A1C37CAB60064ECBB /* kiken.png in Resources */ = {isa = PBXBuildFile; fileRef = 9DBAEBB11C37CAB60064ECBB /* kiken.png */; };
		9DBAEC4B1C37CAB60064ECBB /* kiken_55.png in Resources */ = {isa = PBXBuildFile; fileRef = 9DBAEBB21C37CAB60064ECBB /* kiken_55.png */; };
		9DBAEC4C1C37CAB60064ECBB /* red.png in Resources */ = {isa = PBXBuildFile; fileRef = 9DBAEBB31C37CAB60064ECBB /* red.png */; };
		9DBAEC4D1C37CAB60064ECBB /* red_55.png in Resources */ = {isa = PBXBuildFile; fileRef = 9DBAEBB41C37CAB60064ECBB /* red_55.png */; };
		9DBAEC4E1C37CAB60064ECBB /* axiz_bk.png in Resources */ = {isa = PBXBuildFile; fileRef = 9DBAEBB51C37CAB60064ECBB /* axiz_bk.png */; };
		9DBAEC4F1C37CAB60064ECBB /* axiz_bk_55.png in Resources */ = {isa = PBXBuildFile; fileRef = 9DBAEBB61C37CAB60064ECBB /* axiz_bk_55.png */; };
		9DBAEC501C37CAB60064ECBB /* axiz_rdc.png in Resources */ = {isa = PBXBuildFile; fileRef = 9DBAEBB71C37CAB60064ECBB /* axiz_rdc.png */; };
		9DBAEC511C37CAB60064ECBB /* axiz_rdc_55.png in Resources */ = {isa = PBXBuildFile; fileRef = 9DBAEBB81C37CAB60064ECBB /* axiz_rdc_55.png */; };
		9DBAEC521C37CAB60064ECBB /* black.png in Resources */ = {isa = PBXBuildFile; fileRef = 9DBAEBB91C37CAB60064ECBB /* black.png */; };
		9DBAEC531C37CAB60064ECBB /* black_55.png in Resources */ = {isa = PBXBuildFile; fileRef = 9DBAEBBA1C37CAB60064ECBB /* black_55.png */; };
		9DBAEC541C37CAB60064ECBB /* blue.png in Resources */ = {isa = PBXBuildFile; fileRef = 9DBAEBBB1C37CAB60064ECBB /* blue.png */; };
		9DBAEC551C37CAB60064ECBB /* blue_55.png in Resources */ = {isa = PBXBuildFile; fileRef = 9DBAEBBC1C37CAB60064ECBB /* blue_55.png */; };
		9DBAEC561C37CAB60064ECBB /* chrome.png in Resources */ = {isa = PBXBuildFile; fileRef = 9DBAEBBD1C37CAB60064ECBB /* chrome.png */; };
		9DBAEC571C37CAB60064ECBB /* chrome_55.png in Resources */ = {isa = PBXBuildFile; fileRef = 9DBAEBBE1C37CAB60064ECBB /* chrome_55.png */; };
		9DBAEC581C37CAB60064ECBB /* kiken_bk.png in Resources */ = {isa = PBXBuildFile; fileRef = 9DBAEBBF1C37CAB60064ECBB /* kiken_bk.png */; };
		9DBAEC591C37CAB60064ECBB /* kiken_bk_55.png in Resources */ = {isa = PBXBuildFile; fileRef = 9DBAEBC01C37CAB60064ECBB /* kiken_bk_55.png */; };
		9DBAEC5A1C37CAB60064ECBB /* kiken_rdc.png in Resources */ = {isa = PBXBuildFile; fileRef = 9DBAEBC11C37CAB60064ECBB /* kiken_rdc.png */; };
		9DBAEC5B1C37CAB60064ECBB /* kiken_rdc_55.png in Resources */ = {isa = PBXBuildFile; fileRef = 9DBAEBC21C37CAB60064ECBB /* kiken_rdc_55.png */; };
		9DBAEC5C1C37CAB60064ECBB /* red.png in Resources */ = {isa = PBXBuildFile; fileRef = 9DBAEBC31C37CAB60064ECBB /* red.png */; };
		9DBAEC5D1C37CAB60064ECBB /* red_55.png in Resources */ = {isa = PBXBuildFile; fileRef = 9DBAEBC41C37CAB60064ECBB /* red_55.png */; };
		9DBAEC5E1C37CAB60064ECBB /* bluetooth_if.png in Resources */ = {isa = PBXBuildFile; fileRef = 9DBAEBC61C37CAB60064ECBB /* bluetooth_if.png */; };
		9DBAEC5F1C37CAB60064ECBB /* bluetooth_if_55.png in Resources */ = {isa = PBXBuildFile; fileRef = 9DBAEBC71C37CAB60064ECBB /* bluetooth_if_55.png */; };
		9DBAEC601C37CAB60064ECBB /* noimage_55.png in Resources */ = {isa = PBXBuildFile; fileRef = 9DBAEBC81C37CAB60064ECBB /* noimage_55.png */; };
		9DBAEC611C37CAB60064ECBB /* user_black_if.png in Resources */ = {isa = PBXBuildFile; fileRef = 9DBAEBC91C37CAB60064ECBB /* user_black_if.png */; };
		9DBAEC621C37CAB60064ECBB /* user_black_if_55.png in Resources */ = {isa = PBXBuildFile; fileRef = 9DBAEBCA1C37CAB60064ECBB /* user_black_if_55.png */; };
		9DBAEC631C37CAB60064ECBB /* user_blue_if.png in Resources */ = {isa = PBXBuildFile; fileRef = 9DBAEBCB1C37CAB60064ECBB /* user_blue_if.png */; };
		9DBAEC641C37CAB60064ECBB /* user_blue_if_55.png in Resources */ = {isa = PBXBuildFile; fileRef = 9DBAEBCC1C37CAB60064ECBB /* user_blue_if_55.png */; };
		9DBAEC651C37CAB60064ECBB /* user_chrome_if.png in Resources */ = {isa = PBXBuildFile; fileRef = 9DBAEBCD1C37CAB60064ECBB /* user_chrome_if.png */; };
		9DBAEC661C37CAB60064ECBB /* user_chrome_if_55.png in Resources */ = {isa = PBXBuildFile; fileRef = 9DBAEBCE1C37CAB60064ECBB /* user_chrome_if_55.png */; };
		9DBAEC671C37CAB60064ECBB /* user_red_if.png in Resources */ = {isa = PBXBuildFile; fileRef = 9DBAEBCF1C37CAB60064ECBB /* user_red_if.png */; };
		9DBAEC681C37CAB60064ECBB /* user_red_if_55.png in Resources */ = {isa = PBXBuildFile; fileRef = 9DBAEBD01C37CAB60064ECBB /* user_red_if_55.png */; };
		9DBAEC691C37CAB60064ECBB /* user@2x.png in Resources */ = {isa = PBXBuildFile; fileRef = 9DBAEBD11C37CAB60064ECBB /* user@2x.png */; };
		9DBAEC6A1C37CAB60064ECBB /* user_red_35_background@2x.png in Resources */ = {isa = PBXBuildFile; fileRef = 9DBAEBD21C37CAB60064ECBB /* user_red_35_background@2x.png */; };
		9DBAEC6B1C37CAB60064ECBB /* user_red_background@2x.png in Resources */ = {isa = PBXBuildFile; fileRef = 9DBAEBD31C37CAB60064ECBB /* user_red_background@2x.png */; };
		9DBAEC6C1C37CAB60064ECBB /* xspeed_bg.png in Resources */ = {isa = PBXBuildFile; fileRef = 9DBAEBD51C37CAB60064ECBB /* xspeed_bg.png */; };
		9DBAEC6D1C37CAB60064ECBB /* xspeed_if.png in Resources */ = {isa = PBXBuildFile; fileRef = 9DBAEBD61C37CAB60064ECBB /* xspeed_if.png */; };
		9DBAEC6E1C37CAB60064ECBB /* xspeed_if_55.png in Resources */ = {isa = PBXBuildFile; fileRef = 9DBAEBD71C37CAB60064ECBB /* xspeed_if_55.png */; };
		9DE542BE1BDB492200B2A672 /* main.m in Sources */ = {isa = PBXBuildFile; fileRef = 9DE542BD1BDB492200B2A672 /* main.m */; };
		9DE542C71BDB492200B2A672 /* Main.storyboard in Resources */ = {isa = PBXBuildFile; fileRef = 9DE542C51BDB492200B2A672 /* Main.storyboard */; };
		9DE542C91BDB492200B2A672 /* Assets.xcassets in Resources */ = {isa = PBXBuildFile; fileRef = 9DE542C81BDB492200B2A672 /* Assets.xcassets */; };
		9DE542D71BDB492300B2A672 /* Axiz_Brain_BlueTests.m in Sources */ = {isa = PBXBuildFile; fileRef = 9DE542D61BDB492300B2A672 /* Axiz_Brain_BlueTests.m */; };
		9DE543081BDB580100B2A672 /* AppDelegate.m in Sources */ = {isa = PBXBuildFile; fileRef = 9DE542F01BDB580100B2A672 /* AppDelegate.m */; };
		9DE543091BDB580100B2A672 /* AXZAsset.m in Sources */ = {isa = PBXBuildFile; fileRef = 9DE542F21BDB580100B2A672 /* AXZAsset.m */; };
		9DE5430A1BDB580100B2A672 /* AXZBlueToothViewController.m in Sources */ = {isa = PBXBuildFile; fileRef = 9DE542F41BDB580100B2A672 /* AXZBlueToothViewController.m */; };
		9DE5430B1BDB580100B2A672 /* AXZBlueToothViewController.xib in Resources */ = {isa = PBXBuildFile; fileRef = 9DE542F51BDB580100B2A672 /* AXZBlueToothViewController.xib */; };
		9DE5430C1BDB580100B2A672 /* AXZHomeViewController.m in Sources */ = {isa = PBXBuildFile; fileRef = 9DE542F71BDB580100B2A672 /* AXZHomeViewController.m */; };
		9DE5430D1BDB580100B2A672 /* AXZMeterView.m in Sources */ = {isa = PBXBuildFile; fileRef = 9DE542F91BDB580100B2A672 /* AXZMeterView.m */; };
		9DE5430E1BDB580100B2A672 /* AXZMeterView.xib in Resources */ = {isa = PBXBuildFile; fileRef = 9DE542FA1BDB580100B2A672 /* AXZMeterView.xib */; };
		9DE5430F1BDB580100B2A672 /* AXZSettingViewController.m in Sources */ = {isa = PBXBuildFile; fileRef = 9DE542FC1BDB580100B2A672 /* AXZSettingViewController.m */; };
		9DE543101BDB580100B2A672 /* AXZSettingViewController.xib in Resources */ = {isa = PBXBuildFile; fileRef = 9DE542FD1BDB580100B2A672 /* AXZSettingViewController.xib */; };
		9DE543111BDB580100B2A672 /* AXZWebViewController.m in Sources */ = {isa = PBXBuildFile; fileRef = 9DE542FF1BDB580100B2A672 /* AXZWebViewController.m */; };
		9DE543121BDB580100B2A672 /* AXZWebViewController.xib in Resources */ = {isa = PBXBuildFile; fileRef = 9DE543001BDB580100B2A672 /* AXZWebViewController.xib */; };
		9DE543131BDB580100B2A672 /* AXZMapViewController.m in Sources */ = {isa = PBXBuildFile; fileRef = 9DE543021BDB580100B2A672 /* AXZMapViewController.m */; };
		9DE543141BDB580100B2A672 /* AXZMapViewController.xib in Resources */ = {isa = PBXBuildFile; fileRef = 9DE543031BDB580100B2A672 /* AXZMapViewController.xib */; };
		9DE543151BDB580100B2A672 /* UILabel+AXZUI.m in Sources */ = {isa = PBXBuildFile; fileRef = 9DE543051BDB580100B2A672 /* UILabel+AXZUI.m */; };
		9DE543161BDB580100B2A672 /* UIView+AXZUI.m in Sources */ = {isa = PBXBuildFile; fileRef = 9DE543071BDB580100B2A672 /* UIView+AXZUI.m */; };
		9DE543191BDB594600B2A672 /* STAnnotation.m in Sources */ = {isa = PBXBuildFile; fileRef = 9DE543181BDB594600B2A672 /* STAnnotation.m */; };
/* End PBXBuildFile section */

/* Begin PBXContainerItemProxy section */
		9DE542D31BDB492300B2A672 /* PBXContainerItemProxy */ = {
			isa = PBXContainerItemProxy;
			containerPortal = 9DE542B11BDB492200B2A672 /* Project object */;
			proxyType = 1;
			remoteGlobalIDString = 9DE542B81BDB492200B2A672;
			remoteInfo = "Axiz Brain Blue";
		};
/* End PBXContainerItemProxy section */

/* Begin PBXFileReference section */
		9D008F9A1C57D4C0007B08B4 /* mapheader.png */ = {isa = PBXFileReference; lastKnownFileType = image.png; name = mapheader.png; path = png/mapheader.png; sourceTree = SOURCE_ROOT; };
		9D01F9D21C3C3E0A00099049 /* button_km.png */ = {isa = PBXFileReference; lastKnownFileType = image.png; path = button_km.png; sourceTree = "<group>"; };
		9D01F9D31C3C3E0A00099049 /* button_km_55.png */ = {isa = PBXFileReference; lastKnownFileType = image.png; path = button_km_55.png; sourceTree = "<group>"; };
		9D01F9D41C3C3E0A00099049 /* button_mph.png */ = {isa = PBXFileReference; lastKnownFileType = image.png; path = button_mph.png; sourceTree = "<group>"; };
		9D01F9D51C3C3E0A00099049 /* button_mph_55.png */ = {isa = PBXFileReference; lastKnownFileType = image.png; path = button_mph_55.png; sourceTree = "<group>"; };
		9D01F9D61C3C3E0A00099049 /* button_reset.png */ = {isa = PBXFileReference; lastKnownFileType = image.png; path = button_reset.png; sourceTree = "<group>"; };
		9D01F9D71C3C3E0A00099049 /* button_reset_55.png */ = {isa = PBXFileReference; lastKnownFileType = image.png; path = button_reset_55.png; sourceTree = "<group>"; };
		9D01F9D81C3C3E0A00099049 /* button_running.png */ = {isa = PBXFileReference; lastKnownFileType = image.png; path = button_running.png; sourceTree = "<group>"; };
		9D01F9D91C3C3E0A00099049 /* button_running_55.png */ = {isa = PBXFileReference; lastKnownFileType = image.png; path = button_running_55.png; sourceTree = "<group>"; };
		9D01F9DA1C3C3E0A00099049 /* button_set.png */ = {isa = PBXFileReference; lastKnownFileType = image.png; path = button_set.png; sourceTree = "<group>"; };
		9D01F9DB1C3C3E0A00099049 /* button_set_55.png */ = {isa = PBXFileReference; lastKnownFileType = image.png; path = button_set_55.png; sourceTree = "<group>"; };
		9D01F9DC1C3C3E0A00099049 /* tripmeter_if.png */ = {isa = PBXFileReference; lastKnownFileType = image.png; path = tripmeter_if.png; sourceTree = "<group>"; };
		9D01F9DD1C3C3E0A00099049 /* tripmeter_if_55.png */ = {isa = PBXFileReference; lastKnownFileType = image.png; path = tripmeter_if_55.png; sourceTree = "<group>"; };
		9D7BB88D1BDB8F4F00A6DFB7 /* AXZTripViewController.h */ = {isa = PBXFileReference; fileEncoding = 4; lastKnownFileType = sourcecode.c.h; path = AXZTripViewController.h; sourceTree = SOURCE_ROOT; };
		9D7BB88E1BDB8F4F00A6DFB7 /* AXZTripViewController.m */ = {isa = PBXFileReference; fileEncoding = 4; lastKnownFileType = sourcecode.c.objc; path = AXZTripViewController.m; sourceTree = SOURCE_ROOT; };
		9D7BB88F1BDB8F4F00A6DFB7 /* AXZTripViewController.xib */ = {isa = PBXFileReference; fileEncoding = 4; lastKnownFileType = file.xib; path = AXZTripViewController.xib; sourceTree = SOURCE_ROOT; };
		9DBAEB331C37CAB60064ECBB /* arrow_left@2x.png */ = {isa = PBXFileReference; lastKnownFileType = image.png; path = "arrow_left@2x.png"; sourceTree = "<group>"; };
		9DBAEB341C37CAB60064ECBB /* arrow_right@2x.png */ = {isa = PBXFileReference; lastKnownFileType = image.png; path = "arrow_right@2x.png"; sourceTree = "<group>"; };
		9DBAEB351C37CAB60064ECBB /* backtomain@2x.png */ = {isa = PBXFileReference; lastKnownFileType = image.png; path = "backtomain@2x.png"; sourceTree = "<group>"; };
		9DBAEB371C37CAB60064ECBB /* bank_if.png */ = {isa = PBXFileReference; lastKnownFileType = image.png; path = bank_if.png; sourceTree = "<group>"; };
		9DBAEB381C37CAB60064ECBB /* bank_if_55.png */ = {isa = PBXFileReference; lastKnownFileType = image.png; path = bank_if_55.png; sourceTree = "<group>"; };
		9DBAEB391C37CAB60064ECBB /* slope_if.png */ = {isa = PBXFileReference; lastKnownFileType = image.png; path = slope_if.png; sourceTree = "<group>"; };
		9DBAEB3A1C37CAB60064ECBB /* slope_if_55.png */ = {isa = PBXFileReference; lastKnownFileType = image.png; path = slope_if_55.png; sourceTree = "<group>"; };
		9DBAEB3B1C37CAB60064ECBB /* bank_35_background@2x.png */ = {isa = PBXFileReference; lastKnownFileType = image.png; path = "bank_35_background@2x.png"; sourceTree = "<group>"; };
		9DBAEB3C1C37CAB60064ECBB /* bank_background@2x.png */ = {isa = PBXFileReference; lastKnownFileType = image.png; path = "bank_background@2x.png"; sourceTree = "<group>"; };
		9DBAEB3E1C37CAB60064ECBB /* bikers_bg.png */ = {isa = PBXFileReference; lastKnownFileType = image.png; path = bikers_bg.png; sourceTree = "<group>"; };
		9DBAEB3F1C37CAB60064ECBB /* bikers_if.png */ = {isa = PBXFileReference; lastKnownFileType = image.png; path = bikers_if.png; sourceTree = "<group>"; };
		9DBAEB401C37CAB60064ECBB /* bikers_if_55.png */ = {isa = PBXFileReference; lastKnownFileType = image.png; path = bikers_if_55.png; sourceTree = "<group>"; };
		9DBAEB411C37CAB60064ECBB /* bluetooth@2x.png */ = {isa = PBXFileReference; lastKnownFileType = image.png; path = "bluetooth@2x.png"; sourceTree = "<group>"; };
		9DBAEB431C37CAB60064ECBB /* cbr_bg.png */ = {isa = PBXFileReference; lastKnownFileType = image.png; path = cbr_bg.png; sourceTree = "<group>"; };
		9DBAEB441C37CAB60064ECBB /* cbr_if.png */ = {isa = PBXFileReference; lastKnownFileType = image.png; path = cbr_if.png; sourceTree = "<group>"; };
		9DBAEB451C37CAB60064ECBB /* cbr_if_55.png */ = {isa = PBXFileReference; lastKnownFileType = image.png; path = cbr_if_55.png; sourceTree = "<group>"; };
		9DBAEB461C37CAB60064ECBB /* df_bk_bg.png */ = {isa = PBXFileReference; lastKnownFileType = image.png; path = df_bk_bg.png; sourceTree = "<group>"; };
		9DBAEB471C37CAB60064ECBB /* df_bk_if.png */ = {isa = PBXFileReference; lastKnownFileType = image.png; path = df_bk_if.png; sourceTree = "<group>"; };
		9DBAEB481C37CAB60064ECBB /* df_bk_if_55.png */ = {isa = PBXFileReference; lastKnownFileType = image.png; path = df_bk_if_55.png; sourceTree = "<group>"; };
		9DBAEB4A1C37CAB60064ECBB /* df_blue_if.png */ = {isa = PBXFileReference; lastKnownFileType = image.png; path = df_blue_if.png; sourceTree = "<group>"; };
		9DBAEB4B1C37CAB60064ECBB /* df_blue_if_55.png */ = {isa = PBXFileReference; lastKnownFileType = image.png; path = df_blue_if_55.png; sourceTree = "<group>"; };
		9DBAEB4C1C37CAB60064ECBB /* df_brc_bg.png */ = {isa = PBXFileReference; lastKnownFileType = image.png; path = df_brc_bg.png; sourceTree = "<group>"; };
		9DBAEB4D1C37CAB60064ECBB /* df_chrome_if.png */ = {isa = PBXFileReference; lastKnownFileType = image.png; path = df_chrome_if.png; sourceTree = "<group>"; };
		9DBAEB4E1C37CAB60064ECBB /* df_chrome_if_55.png */ = {isa = PBXFileReference; lastKnownFileType = image.png; path = df_chrome_if_55.png; sourceTree = "<group>"; };
		9DBAEB4F1C37CAB60064ECBB /* df_red_if.png */ = {isa = PBXFileReference; lastKnownFileType = image.png; path = df_red_if.png; sourceTree = "<group>"; };
		9DBAEB501C37CAB60064ECBB /* df_red_if_55.png */ = {isa = PBXFileReference; lastKnownFileType = image.png; path = df_red_if_55.png; sourceTree = "<group>"; };
		9DBAEB511C37CAB60064ECBB /* hari-center.png */ = {isa = PBXFileReference; lastKnownFileType = image.png; path = "hari-center.png"; sourceTree = "<group>"; };
		9DBAEB521C37CAB60064ECBB /* hari.png */ = {isa = PBXFileReference; lastKnownFileType = image.png; path = hari.png; sourceTree = "<group>"; };
		9DBAEB531C37CAB60064ECBB /* info@2x.png */ = {isa = PBXFileReference; lastKnownFileType = image.png; path = "info@2x.png"; sourceTree = "<group>"; };
		9DBAEB541C37CAB60064ECBB /* inner_cicle_km.png */ = {isa = PBXFileReference; lastKnownFileType = image.png; path = inner_cicle_km.png; sourceTree = "<group>"; };
		9DBAEB551C37CAB60064ECBB /* inner_cicle_mph.png */ = {isa = PBXFileReference; lastKnownFileType = image.png; path = inner_cicle_mph.png; sourceTree = "<group>"; };
		9DBAEB561C37CAB60064ECBB /* inner_circle_km_red@2x.png */ = {isa = PBXFileReference; lastKnownFileType = image.png; path = "inner_circle_km_red@2x.png"; sourceTree = "<group>"; };
		9DBAEB571C37CAB60064ECBB /* inner_circle_mph_red@2x.png */ = {isa = PBXFileReference; lastKnownFileType = image.png; path = "inner_circle_mph_red@2x.png"; sourceTree = "<group>"; };
		9DBAEB591C37CAB60064ECBB /* kkk_bg.png */ = {isa = PBXFileReference; lastKnownFileType = image.png; path = kkk_bg.png; sourceTree = "<group>"; };
		9DBAEB5A1C37CAB60064ECBB /* kkk_if.png */ = {isa = PBXFileReference; lastKnownFileType = image.png; path = kkk_if.png; sourceTree = "<group>"; };
		9DBAEB5B1C37CAB60064ECBB /* kkk_if_55.png */ = {isa = PBXFileReference; lastKnownFileType = image.png; path = kkk_if_55.png; sourceTree = "<group>"; };
		9DBAEB5C1C37CAB60064ECBB /* km_hover_type1_55.png */ = {isa = PBXFileReference; lastKnownFileType = image.png; path = km_hover_type1_55.png; sourceTree = "<group>"; };
		9DBAEB5D1C37CAB60064ECBB /* km_hover_type2_55.png */ = {isa = PBXFileReference; lastKnownFileType = image.png; path = km_hover_type2_55.png; sourceTree = "<group>"; };
		9DBAEB5E1C37CAB60064ECBB /* km_hover_type3_55.png */ = {isa = PBXFileReference; lastKnownFileType = image.png; path = km_hover_type3_55.png; sourceTree = "<group>"; };
		9DBAEB5F1C37CAB60064ECBB /* km_type1_55.png */ = {isa = PBXFileReference; lastKnownFileType = image.png; path = km_type1_55.png; sourceTree = "<group>"; };
		9DBAEB601C37CAB60064ECBB /* km_type2_55.png */ = {isa = PBXFileReference; lastKnownFileType = image.png; path = km_type2_55.png; sourceTree = "<group>"; };
		9DBAEB611C37CAB60064ECBB /* km_type3_55.png */ = {isa = PBXFileReference; lastKnownFileType = image.png; path = km_type3_55.png; sourceTree = "<group>"; };
		9DBAEB631C37CAB60064ECBB /* mmw_if.png */ = {isa = PBXFileReference; lastKnownFileType = image.png; path = mmw_if.png; sourceTree = "<group>"; };
		9DBAEB641C37CAB60064ECBB /* mmw_if_55.png */ = {isa = PBXFileReference; lastKnownFileType = image.png; path = mmw_if_55.png; sourceTree = "<group>"; };
		9DBAEB651C37CAB60064ECBB /* motochamp_bg.png */ = {isa = PBXFileReference; lastKnownFileType = image.png; path = motochamp_bg.png; sourceTree = "<group>"; };
		9DBAEB661C37CAB60064ECBB /* motomoto_bg.png */ = {isa = PBXFileReference; lastKnownFileType = image.png; path = motomoto_bg.png; sourceTree = "<group>"; };
		9DBAEB671C37CAB60064ECBB /* webike_bg.png */ = {isa = PBXFileReference; lastKnownFileType = image.png; path = webike_bg.png; sourceTree = "<group>"; };
		9DBAEB691C37CAB60064ECBB /* backtomain.png */ = {isa = PBXFileReference; lastKnownFileType = image.png; path = backtomain.png; sourceTree = "<group>"; };
		9DBAEB6A1C37CAB60064ECBB /* bluetooth.png */ = {isa = PBXFileReference; lastKnownFileType = image.png; path = bluetooth.png; sourceTree = "<group>"; };
		9DBAEB6B1C37CAB60064ECBB /* hari-center_55.png */ = {isa = PBXFileReference; lastKnownFileType = image.png; path = "hari-center_55.png"; sourceTree = "<group>"; };
		9DBAEB6C1C37CAB60064ECBB /* info.png */ = {isa = PBXFileReference; lastKnownFileType = image.png; path = info.png; sourceTree = "<group>"; };
		9DBAEB6F1C37CAB60064ECBB /* innercircle_km_type1.png */ = {isa = PBXFileReference; lastKnownFileType = image.png; path = innercircle_km_type1.png; sourceTree = "<group>"; };
		9DBAEB701C37CAB60064ECBB /* innercircle_km_type2.png */ = {isa = PBXFileReference; lastKnownFileType = image.png; path = innercircle_km_type2.png; sourceTree = "<group>"; };
		9DBAEB711C37CAB60064ECBB /* innercircle_km_type3.png */ = {isa = PBXFileReference; lastKnownFileType = image.png; path = innercircle_km_type3.png; sourceTree = "<group>"; };
		9DBAEB721C37CAB60064ECBB /* innercircle_mph_type1.png */ = {isa = PBXFileReference; lastKnownFileType = image.png; path = innercircle_mph_type1.png; sourceTree = "<group>"; };
		9DBAEB731C37CAB60064ECBB /* innercircle_mph_type2.png */ = {isa = PBXFileReference; lastKnownFileType = image.png; path = innercircle_mph_type2.png; sourceTree = "<group>"; };
		9DBAEB741C37CAB60064ECBB /* innercircle_mph_type3.png */ = {isa = PBXFileReference; lastKnownFileType = image.png; path = innercircle_mph_type3.png; sourceTree = "<group>"; };
		9DBAEB751C37CAB60064ECBB /* km_hover_type1.png */ = {isa = PBXFileReference; lastKnownFileType = image.png; path = km_hover_type1.png; sourceTree = "<group>"; };
		9DBAEB761C37CAB60064ECBB /* km_hover_type2.png */ = {isa = PBXFileReference; lastKnownFileType = image.png; path = km_hover_type2.png; sourceTree = "<group>"; };
		9DBAEB771C37CAB60064ECBB /* km_hover_type3.png */ = {isa = PBXFileReference; lastKnownFileType = image.png; path = km_hover_type3.png; sourceTree = "<group>"; };
		9DBAEB781C37CAB60064ECBB /* km_type1.png */ = {isa = PBXFileReference; lastKnownFileType = image.png; path = km_type1.png; sourceTree = "<group>"; };
		9DBAEB791C37CAB60064ECBB /* km_type2.png */ = {isa = PBXFileReference; lastKnownFileType = image.png; path = km_type2.png; sourceTree = "<group>"; };
		9DBAEB7A1C37CAB60064ECBB /* km_type3.png */ = {isa = PBXFileReference; lastKnownFileType = image.png; path = km_type3.png; sourceTree = "<group>"; };
		9DBAEB7B1C37CAB60064ECBB /* mph_hover_type1.png */ = {isa = PBXFileReference; lastKnownFileType = image.png; path = mph_hover_type1.png; sourceTree = "<group>"; };
		9DBAEB7C1C37CAB60064ECBB /* mph_hover_type2.png */ = {isa = PBXFileReference; lastKnownFileType = image.png; path = mph_hover_type2.png; sourceTree = "<group>"; };
		9DBAEB7D1C37CAB60064ECBB /* mph_hover_type3.png */ = {isa = PBXFileReference; lastKnownFileType = image.png; path = mph_hover_type3.png; sourceTree = "<group>"; };
		9DBAEB7E1C37CAB60064ECBB /* mph_type1.png */ = {isa = PBXFileReference; lastKnownFileType = image.png; path = mph_type1.png; sourceTree = "<group>"; };
		9DBAEB7F1C37CAB60064ECBB /* mph_type2.png */ = {isa = PBXFileReference; lastKnownFileType = image.png; path = mph_type2.png; sourceTree = "<group>"; };
		9DBAEB801C37CAB60064ECBB /* mph_type3.png */ = {isa = PBXFileReference; lastKnownFileType = image.png; path = mph_type3.png; sourceTree = "<group>"; };
		9DBAEB821C37CAB60064ECBB /* innercircle_km_type1_55.png */ = {isa = PBXFileReference; lastKnownFileType = image.png; path = innercircle_km_type1_55.png; sourceTree = "<group>"; };
		9DBAEB831C37CAB60064ECBB /* innercircle_km_type2_55.png */ = {isa = PBXFileReference; lastKnownFileType = image.png; path = innercircle_km_type2_55.png; sourceTree = "<group>"; };
		9DBAEB841C37CAB60064ECBB /* innercircle_km_type3_55.png */ = {isa = PBXFileReference; lastKnownFileType = image.png; path = innercircle_km_type3_55.png; sourceTree = "<group>"; };
		9DBAEB851C37CAB60064ECBB /* innercircle_mph_type1_55.png */ = {isa = PBXFileReference; lastKnownFileType = image.png; path = innercircle_mph_type1_55.png; sourceTree = "<group>"; };
		9DBAEB861C37CAB60064ECBB /* innercircle_mph_type2_55.png */ = {isa = PBXFileReference; lastKnownFileType = image.png; path = innercircle_mph_type2_55.png; sourceTree = "<group>"; };
		9DBAEB871C37CAB60064ECBB /* innercircle_mph_type3_55.png */ = {isa = PBXFileReference; lastKnownFileType = image.png; path = innercircle_mph_type3_55.png; sourceTree = "<group>"; };
		9DBAEB881C37CAB60064ECBB /* km_hover_type1_55.png */ = {isa = PBXFileReference; lastKnownFileType = image.png; path = km_hover_type1_55.png; sourceTree = "<group>"; };
		9DBAEB891C37CAB60064ECBB /* km_hover_type2_55.png */ = {isa = PBXFileReference; lastKnownFileType = image.png; path = km_hover_type2_55.png; sourceTree = "<group>"; };
		9DBAEB8A1C37CAB60064ECBB /* km_hover_type3_55.png */ = {isa = PBXFileReference; lastKnownFileType = image.png; path = km_hover_type3_55.png; sourceTree = "<group>"; };
		9DBAEB8B1C37CAB60064ECBB /* km_type1_55.png */ = {isa = PBXFileReference; lastKnownFileType = image.png; path = km_type1_55.png; sourceTree = "<group>"; };
		9DBAEB8C1C37CAB60064ECBB /* km_type2_55.png */ = {isa = PBXFileReference; lastKnownFileType = image.png; path = km_type2_55.png; sourceTree = "<group>"; };
		9DBAEB8D1C37CAB60064ECBB /* km_type3_55.png */ = {isa = PBXFileReference; lastKnownFileType = image.png; path = km_type3_55.png; sourceTree = "<group>"; };
		9DBAEB8E1C37CAB60064ECBB /* mph_hover_type1_55.png */ = {isa = PBXFileReference; lastKnownFileType = image.png; path = mph_hover_type1_55.png; sourceTree = "<group>"; };
		9DBAEB8F1C37CAB60064ECBB /* mph_hover_type2_55.png */ = {isa = PBXFileReference; lastKnownFileType = image.png; path = mph_hover_type2_55.png; sourceTree = "<group>"; };
		9DBAEB901C37CAB60064ECBB /* mph_hover_type3_55.png */ = {isa = PBXFileReference; lastKnownFileType = image.png; path = mph_hover_type3_55.png; sourceTree = "<group>"; };
		9DBAEB911C37CAB60064ECBB /* mph_type1_55.png */ = {isa = PBXFileReference; lastKnownFileType = image.png; path = mph_type1_55.png; sourceTree = "<group>"; };
		9DBAEB921C37CAB60064ECBB /* mph_type2_55.png */ = {isa = PBXFileReference; lastKnownFileType = image.png; path = mph_type2_55.png; sourceTree = "<group>"; };
		9DBAEB931C37CAB60064ECBB /* mph_type3_55.png */ = {isa = PBXFileReference; lastKnownFileType = image.png; path = mph_type3_55.png; sourceTree = "<group>"; };
		9DBAEB941C37CAB60064ECBB /* map.png */ = {isa = PBXFileReference; lastKnownFileType = image.png; path = map.png; sourceTree = "<group>"; };
		9DBAEB951C37CAB60064ECBB /* reset.png */ = {isa = PBXFileReference; lastKnownFileType = image.png; path = reset.png; sourceTree = "<group>"; };
		9DBAEB961C37CAB60064ECBB /* setting.png */ = {isa = PBXFileReference; lastKnownFileType = image.png; path = setting.png; sourceTree = "<group>"; };
		9DBAEB971C37CAB60064ECBB /* user.png */ = {isa = PBXFileReference; lastKnownFileType = image.png; path = user.png; sourceTree = "<group>"; };
		9DBAEB981C37CAB60064ECBB /* map@2x.png */ = {isa = PBXFileReference; lastKnownFileType = image.png; path = "map@2x.png"; sourceTree = "<group>"; };
		9DBAEB991C37CAB60064ECBB /* mph_hover_type1_55.png */ = {isa = PBXFileReference; lastKnownFileType = image.png; path = mph_hover_type1_55.png; sourceTree = "<group>"; };
		9DBAEB9A1C37CAB60064ECBB /* mph_hover_type2_55.png */ = {isa = PBXFileReference; lastKnownFileType = image.png; path = mph_hover_type2_55.png; sourceTree = "<group>"; };
		9DBAEB9B1C37CAB60064ECBB /* mph_hover_type3_55.png */ = {isa = PBXFileReference; lastKnownFileType = image.png; path = mph_hover_type3_55.png; sourceTree = "<group>"; };
		9DBAEB9C1C37CAB60064ECBB /* mph_type1_55.png */ = {isa = PBXFileReference; lastKnownFileType = image.png; path = mph_type1_55.png; sourceTree = "<group>"; };
		9DBAEB9D1C37CAB60064ECBB /* mph_type2_55.png */ = {isa = PBXFileReference; lastKnownFileType = image.png; path = mph_type2_55.png; sourceTree = "<group>"; };
		9DBAEB9E1C37CAB60064ECBB /* mph_type3_55.png */ = {isa = PBXFileReference; lastKnownFileType = image.png; path = mph_type3_55.png; sourceTree = "<group>"; };
		9DBAEB9F1C37CAB60064ECBB /* red.png */ = {isa = PBXFileReference; lastKnownFileType = image.png; path = red.png; sourceTree = "<group>"; };
		9DBAEBA01C37CAB60064ECBB /* red_55.png */ = {isa = PBXFileReference; lastKnownFileType = image.png; path = red_55.png; sourceTree = "<group>"; };
		9DBAEBA11C37CAB60064ECBB /* reset@2x.png */ = {isa = PBXFileReference; lastKnownFileType = image.png; path = "reset@2x.png"; sourceTree = "<group>"; };
		9DBAEBA21C37CAB60064ECBB /* rider_bank@2x.png */ = {isa = PBXFileReference; lastKnownFileType = image.png; path = "rider_bank@2x.png"; sourceTree = "<group>"; };
		9DBAEBA31C37CAB60064ECBB /* rider_slope.png */ = {isa = PBXFileReference; lastKnownFileType = image.png; path = rider_slope.png; sourceTree = "<group>"; };
		9DBAEBA41C37CAB60064ECBB /* rider_slope@2x.png */ = {isa = PBXFileReference; lastKnownFileType = image.png; path = "rider_slope@2x.png"; sourceTree = "<group>"; };
		9DBAEBA51C37CAB60064ECBB /* slope_35_background@2x.png */ = {isa = PBXFileReference; lastKnownFileType = image.png; path = "slope_35_background@2x.png"; sourceTree = "<group>"; };
		9DBAEBA61C37CAB60064ECBB /* slope_background@2x.png */ = {isa = PBXFileReference; lastKnownFileType = image.png; path = "slope_background@2x.png"; sourceTree = "<group>"; };
		9DBAEBA91C37CAB60064ECBB /* axiz.png */ = {isa = PBXFileReference; lastKnownFileType = image.png; path = axiz.png; sourceTree = "<group>"; };
		9DBAEBAA1C37CAB60064ECBB /* axiz_55.png */ = {isa = PBXFileReference; lastKnownFileType = image.png; path = axiz_55.png; sourceTree = "<group>"; };
		9DBAEBAB1C37CAB60064ECBB /* black.png */ = {isa = PBXFileReference; lastKnownFileType = image.png; path = black.png; sourceTree = "<group>"; };
		9DBAEBAC1C37CAB60064ECBB /* black_55.png */ = {isa = PBXFileReference; lastKnownFileType = image.png; path = black_55.png; sourceTree = "<group>"; };
		9DBAEBAD1C37CAB60064ECBB /* blue.png */ = {isa = PBXFileReference; lastKnownFileType = image.png; path = blue.png; sourceTree = "<group>"; };
		9DBAEBAE1C37CAB60064ECBB /* blue_55.png */ = {isa = PBXFileReference; lastKnownFileType = image.png; path = blue_55.png; sourceTree = "<group>"; };
		9DBAEBAF1C37CAB60064ECBB /* chrome.png */ = {isa = PBXFileReference; lastKnownFileType = image.png; path = chrome.png; sourceTree = "<group>"; };
		9DBAEBB01C37CAB60064ECBB /* chrome_55.png */ = {isa = PBXFileReference; lastKnownFileType = image.png; path = chrome_55.png; sourceTree = "<group>"; };
		9DBAEBB11C37CAB60064ECBB /* kiken.png */ = {isa = PBXFileReference; lastKnownFileType = image.png; path = kiken.png; sourceTree = "<group>"; };
		9DBAEBB21C37CAB60064ECBB /* kiken_55.png */ = {isa = PBXFileReference; lastKnownFileType = image.png; path = kiken_55.png; sourceTree = "<group>"; };
		9DBAEBB31C37CAB60064ECBB /* red.png */ = {isa = PBXFileReference; lastKnownFileType = image.png; path = red.png; sourceTree = "<group>"; };
		9DBAEBB41C37CAB60064ECBB /* red_55.png */ = {isa = PBXFileReference; lastKnownFileType = image.png; path = red_55.png; sourceTree = "<group>"; };
		9DBAEBB51C37CAB60064ECBB /* axiz_bk.png */ = {isa = PBXFileReference; lastKnownFileType = image.png; path = axiz_bk.png; sourceTree = "<group>"; };
		9DBAEBB61C37CAB60064ECBB /* axiz_bk_55.png */ = {isa = PBXFileReference; lastKnownFileType = image.png; path = axiz_bk_55.png; sourceTree = "<group>"; };
		9DBAEBB71C37CAB60064ECBB /* axiz_rdc.png */ = {isa = PBXFileReference; lastKnownFileType = image.png; path = axiz_rdc.png; sourceTree = "<group>"; };
		9DBAEBB81C37CAB60064ECBB /* axiz_rdc_55.png */ = {isa = PBXFileReference; lastKnownFileType = image.png; path = axiz_rdc_55.png; sourceTree = "<group>"; };
		9DBAEBB91C37CAB60064ECBB /* black.png */ = {isa = PBXFileReference; lastKnownFileType = image.png; path = black.png; sourceTree = "<group>"; };
		9DBAEBBA1C37CAB60064ECBB /* black_55.png */ = {isa = PBXFileReference; lastKnownFileType = image.png; path = black_55.png; sourceTree = "<group>"; };
		9DBAEBBB1C37CAB60064ECBB /* blue.png */ = {isa = PBXFileReference; lastKnownFileType = image.png; path = blue.png; sourceTree = "<group>"; };
		9DBAEBBC1C37CAB60064ECBB /* blue_55.png */ = {isa = PBXFileReference; lastKnownFileType = image.png; path = blue_55.png; sourceTree = "<group>"; };
		9DBAEBBD1C37CAB60064ECBB /* chrome.png */ = {isa = PBXFileReference; lastKnownFileType = image.png; path = chrome.png; sourceTree = "<group>"; };
		9DBAEBBE1C37CAB60064ECBB /* chrome_55.png */ = {isa = PBXFileReference; lastKnownFileType = image.png; path = chrome_55.png; sourceTree = "<group>"; };
		9DBAEBBF1C37CAB60064ECBB /* kiken_bk.png */ = {isa = PBXFileReference; lastKnownFileType = image.png; path = kiken_bk.png; sourceTree = "<group>"; };
		9DBAEBC01C37CAB60064ECBB /* kiken_bk_55.png */ = {isa = PBXFileReference; lastKnownFileType = image.png; path = kiken_bk_55.png; sourceTree = "<group>"; };
		9DBAEBC11C37CAB60064ECBB /* kiken_rdc.png */ = {isa = PBXFileReference; lastKnownFileType = image.png; path = kiken_rdc.png; sourceTree = "<group>"; };
		9DBAEBC21C37CAB60064ECBB /* kiken_rdc_55.png */ = {isa = PBXFileReference; lastKnownFileType = image.png; path = kiken_rdc_55.png; sourceTree = "<group>"; };
		9DBAEBC31C37CAB60064ECBB /* red.png */ = {isa = PBXFileReference; lastKnownFileType = image.png; path = red.png; sourceTree = "<group>"; };
		9DBAEBC41C37CAB60064ECBB /* red_55.png */ = {isa = PBXFileReference; lastKnownFileType = image.png; path = red_55.png; sourceTree = "<group>"; };
		9DBAEBC61C37CAB60064ECBB /* bluetooth_if.png */ = {isa = PBXFileReference; lastKnownFileType = image.png; path = bluetooth_if.png; sourceTree = "<group>"; };
		9DBAEBC71C37CAB60064ECBB /* bluetooth_if_55.png */ = {isa = PBXFileReference; lastKnownFileType = image.png; path = bluetooth_if_55.png; sourceTree = "<group>"; };
		9DBAEBC81C37CAB60064ECBB /* noimage_55.png */ = {isa = PBXFileReference; lastKnownFileType = image.png; path = noimage_55.png; sourceTree = "<group>"; };
		9DBAEBC91C37CAB60064ECBB /* user_black_if.png */ = {isa = PBXFileReference; lastKnownFileType = image.png; path = user_black_if.png; sourceTree = "<group>"; };
		9DBAEBCA1C37CAB60064ECBB /* user_black_if_55.png */ = {isa = PBXFileReference; lastKnownFileType = image.png; path = user_black_if_55.png; sourceTree = "<group>"; };
		9DBAEBCB1C37CAB60064ECBB /* user_blue_if.png */ = {isa = PBXFileReference; lastKnownFileType = image.png; path = user_blue_if.png; sourceTree = "<group>"; };
		9DBAEBCC1C37CAB60064ECBB /* user_blue_if_55.png */ = {isa = PBXFileReference; lastKnownFileType = image.png; path = user_blue_if_55.png; sourceTree = "<group>"; };
		9DBAEBCD1C37CAB60064ECBB /* user_chrome_if.png */ = {isa = PBXFileReference; lastKnownFileType = image.png; path = user_chrome_if.png; sourceTree = "<group>"; };
		9DBAEBCE1C37CAB60064ECBB /* user_chrome_if_55.png */ = {isa = PBXFileReference; lastKnownFileType = image.png; path = user_chrome_if_55.png; sourceTree = "<group>"; };
		9DBAEBCF1C37CAB60064ECBB /* user_red_if.png */ = {isa = PBXFileReference; lastKnownFileType = image.png; path = user_red_if.png; sourceTree = "<group>"; };
		9DBAEBD01C37CAB60064ECBB /* user_red_if_55.png */ = {isa = PBXFileReference; lastKnownFileType = image.png; path = user_red_if_55.png; sourceTree = "<group>"; };
		9DBAEBD11C37CAB60064ECBB /* user@2x.png */ = {isa = PBXFileReference; lastKnownFileType = image.png; path = "user@2x.png"; sourceTree = "<group>"; };
		9DBAEBD21C37CAB60064ECBB /* user_red_35_background@2x.png */ = {isa = PBXFileReference; lastKnownFileType = image.png; path = "user_red_35_background@2x.png"; sourceTree = "<group>"; };
		9DBAEBD31C37CAB60064ECBB /* user_red_background@2x.png */ = {isa = PBXFileReference; lastKnownFileType = image.png; path = "user_red_background@2x.png"; sourceTree = "<group>"; };
		9DBAEBD51C37CAB60064ECBB /* xspeed_bg.png */ = {isa = PBXFileReference; lastKnownFileType = image.png; path = xspeed_bg.png; sourceTree = "<group>"; };
		9DBAEBD61C37CAB60064ECBB /* xspeed_if.png */ = {isa = PBXFileReference; lastKnownFileType = image.png; path = xspeed_if.png; sourceTree = "<group>"; };
		9DBAEBD71C37CAB60064ECBB /* xspeed_if_55.png */ = {isa = PBXFileReference; lastKnownFileType = image.png; path = xspeed_if_55.png; sourceTree = "<group>"; };
		9DE542B91BDB492200B2A672 /* Axiz Brain Blue.app */ = {isa = PBXFileReference; explicitFileType = wrapper.application; includeInIndex = 0; path = "Axiz Brain Blue.app"; sourceTree = BUILT_PRODUCTS_DIR; };
		9DE542BD1BDB492200B2A672 /* main.m */ = {isa = PBXFileReference; lastKnownFileType = sourcecode.c.objc; path = main.m; sourceTree = "<group>"; };
		9DE542C61BDB492200B2A672 /* Base */ = {isa = PBXFileReference; lastKnownFileType = file.storyboard; name = Base; path = Base.lproj/Main.storyboard; sourceTree = "<group>"; };
		9DE542C81BDB492200B2A672 /* Assets.xcassets */ = {isa = PBXFileReference; lastKnownFileType = folder.assetcatalog; path = Assets.xcassets; sourceTree = "<group>"; };
		9DE542CD1BDB492200B2A672 /* Info.plist */ = {isa = PBXFileReference; lastKnownFileType = text.plist.xml; path = Info.plist; sourceTree = "<group>"; };
		9DE542D21BDB492300B2A672 /* Axiz Brain BlueTests.xctest */ = {isa = PBXFileReference; explicitFileType = wrapper.cfbundle; includeInIndex = 0; path = "Axiz Brain BlueTests.xctest"; sourceTree = BUILT_PRODUCTS_DIR; };
		9DE542D61BDB492300B2A672 /* Axiz_Brain_BlueTests.m */ = {isa = PBXFileReference; lastKnownFileType = sourcecode.c.objc; path = Axiz_Brain_BlueTests.m; sourceTree = "<group>"; };
		9DE542D81BDB492300B2A672 /* Info.plist */ = {isa = PBXFileReference; lastKnownFileType = text.plist.xml; path = Info.plist; sourceTree = "<group>"; };
		9DE542E11BDB492300B2A672 /* Axiz_Brain_BlueUITests.m */ = {isa = PBXFileReference; lastKnownFileType = sourcecode.c.objc; path = Axiz_Brain_BlueUITests.m; sourceTree = "<group>"; };
		9DE542E31BDB492300B2A672 /* Info.plist */ = {isa = PBXFileReference; lastKnownFileType = text.plist.xml; path = Info.plist; sourceTree = "<group>"; };
		9DE542EF1BDB580100B2A672 /* AppDelegate.h */ = {isa = PBXFileReference; fileEncoding = 4; lastKnownFileType = sourcecode.c.h; path = AppDelegate.h; sourceTree = SOURCE_ROOT; };
		9DE542F01BDB580100B2A672 /* AppDelegate.m */ = {isa = PBXFileReference; fileEncoding = 4; lastKnownFileType = sourcecode.c.objc; path = AppDelegate.m; sourceTree = SOURCE_ROOT; };
		9DE542F11BDB580100B2A672 /* AXZAsset.h */ = {isa = PBXFileReference; fileEncoding = 4; lastKnownFileType = sourcecode.c.h; path = AXZAsset.h; sourceTree = SOURCE_ROOT; };
		9DE542F21BDB580100B2A672 /* AXZAsset.m */ = {isa = PBXFileReference; fileEncoding = 4; lastKnownFileType = sourcecode.c.objc; path = AXZAsset.m; sourceTree = SOURCE_ROOT; };
		9DE542F31BDB580100B2A672 /* AXZBlueToothViewController.h */ = {isa = PBXFileReference; fileEncoding = 4; lastKnownFileType = sourcecode.c.h; path = AXZBlueToothViewController.h; sourceTree = SOURCE_ROOT; };
		9DE542F41BDB580100B2A672 /* AXZBlueToothViewController.m */ = {isa = PBXFileReference; fileEncoding = 4; lastKnownFileType = sourcecode.c.objc; path = AXZBlueToothViewController.m; sourceTree = SOURCE_ROOT; };
		9DE542F51BDB580100B2A672 /* AXZBlueToothViewController.xib */ = {isa = PBXFileReference; fileEncoding = 4; lastKnownFileType = file.xib; path = AXZBlueToothViewController.xib; sourceTree = SOURCE_ROOT; };
		9DE542F61BDB580100B2A672 /* AXZHomeViewController.h */ = {isa = PBXFileReference; fileEncoding = 4; lastKnownFileType = sourcecode.c.h; path = AXZHomeViewController.h; sourceTree = SOURCE_ROOT; };
		9DE542F71BDB580100B2A672 /* AXZHomeViewController.m */ = {isa = PBXFileReference; fileEncoding = 4; lastKnownFileType = sourcecode.c.objc; path = AXZHomeViewController.m; sourceTree = SOURCE_ROOT; };
		9DE542F81BDB580100B2A672 /* AXZMeterView.h */ = {isa = PBXFileReference; fileEncoding = 4; lastKnownFileType = sourcecode.c.h; path = AXZMeterView.h; sourceTree = SOURCE_ROOT; };
		9DE542F91BDB580100B2A672 /* AXZMeterView.m */ = {isa = PBXFileReference; fileEncoding = 4; lastKnownFileType = sourcecode.c.objc; path = AXZMeterView.m; sourceTree = SOURCE_ROOT; };
		9DE542FA1BDB580100B2A672 /* AXZMeterView.xib */ = {isa = PBXFileReference; fileEncoding = 4; lastKnownFileType = file.xib; path = AXZMeterView.xib; sourceTree = SOURCE_ROOT; };
		9DE542FB1BDB580100B2A672 /* AXZSettingViewController.h */ = {isa = PBXFileReference; fileEncoding = 4; lastKnownFileType = sourcecode.c.h; path = AXZSettingViewController.h; sourceTree = SOURCE_ROOT; };
		9DE542FC1BDB580100B2A672 /* AXZSettingViewController.m */ = {isa = PBXFileReference; fileEncoding = 4; lastKnownFileType = sourcecode.c.objc; path = AXZSettingViewController.m; sourceTree = SOURCE_ROOT; };
		9DE542FD1BDB580100B2A672 /* AXZSettingViewController.xib */ = {isa = PBXFileReference; fileEncoding = 4; lastKnownFileType = file.xib; path = AXZSettingViewController.xib; sourceTree = SOURCE_ROOT; };
		9DE542FE1BDB580100B2A672 /* AXZWebViewController.h */ = {isa = PBXFileReference; fileEncoding = 4; lastKnownFileType = sourcecode.c.h; path = AXZWebViewController.h; sourceTree = SOURCE_ROOT; };
		9DE542FF1BDB580100B2A672 /* AXZWebViewController.m */ = {isa = PBXFileReference; fileEncoding = 4; lastKnownFileType = sourcecode.c.objc; path = AXZWebViewController.m; sourceTree = SOURCE_ROOT; };
		9DE543001BDB580100B2A672 /* AXZWebViewController.xib */ = {isa = PBXFileReference; fileEncoding = 4; lastKnownFileType = file.xib; path = AXZWebViewController.xib; sourceTree = SOURCE_ROOT; };
		9DE543011BDB580100B2A672 /* AXZMapViewController.h */ = {isa = PBXFileReference; fileEncoding = 4; lastKnownFileType = sourcecode.c.h; path = AXZMapViewController.h; sourceTree = SOURCE_ROOT; };
		9DE543021BDB580100B2A672 /* AXZMapViewController.m */ = {isa = PBXFileReference; fileEncoding = 4; lastKnownFileType = sourcecode.c.objc; path = AXZMapViewController.m; sourceTree = SOURCE_ROOT; };
		9DE543031BDB580100B2A672 /* AXZMapViewController.xib */ = {isa = PBXFileReference; fileEncoding = 4; lastKnownFileType = file.xib; path = AXZMapViewController.xib; sourceTree = SOURCE_ROOT; };
		9DE543041BDB580100B2A672 /* UILabel+AXZUI.h */ = {isa = PBXFileReference; fileEncoding = 4; lastKnownFileType = sourcecode.c.h; path = "UILabel+AXZUI.h"; sourceTree = SOURCE_ROOT; };
		9DE543051BDB580100B2A672 /* UILabel+AXZUI.m */ = {isa = PBXFileReference; fileEncoding = 4; lastKnownFileType = sourcecode.c.objc; path = "UILabel+AXZUI.m"; sourceTree = SOURCE_ROOT; };
		9DE543061BDB580100B2A672 /* UIView+AXZUI.h */ = {isa = PBXFileReference; fileEncoding = 4; lastKnownFileType = sourcecode.c.h; path = "UIView+AXZUI.h"; sourceTree = SOURCE_ROOT; };
		9DE543071BDB580100B2A672 /* UIView+AXZUI.m */ = {isa = PBXFileReference; fileEncoding = 4; lastKnownFileType = sourcecode.c.objc; path = "UIView+AXZUI.m"; sourceTree = SOURCE_ROOT; };
		9DE543171BDB594600B2A672 /* STAnnotation.h */ = {isa = PBXFileReference; fileEncoding = 4; lastKnownFileType = sourcecode.c.h; path = STAnnotation.h; sourceTree = SOURCE_ROOT; };
		9DE543181BDB594600B2A672 /* STAnnotation.m */ = {isa = PBXFileReference; fileEncoding = 4; lastKnownFileType = sourcecode.c.objc; path = STAnnotation.m; sourceTree = SOURCE_ROOT; };
/* End PBXFileReference section */

/* Begin PBXFrameworksBuildPhase section */
		9DE542B61BDB492200B2A672 /* Frameworks */ = {
			isa = PBXFrameworksBuildPhase;
			buildActionMask = 2147483647;
			files = (
			);
			runOnlyForDeploymentPostprocessing = 0;
		};
		9DE542CF1BDB492300B2A672 /* Frameworks */ = {
			isa = PBXFrameworksBuildPhase;
			buildActionMask = 2147483647;
			files = (
			);
			runOnlyForDeploymentPostprocessing = 0;
		};
/* End PBXFrameworksBuildPhase section */

/* Begin PBXGroup section */
		9D01F9D11C3C3E0A00099049 /* TRIPMETER */ = {
			isa = PBXGroup;
			children = (
				9D01F9D21C3C3E0A00099049 /* button_km.png */,
				9D01F9D31C3C3E0A00099049 /* button_km_55.png */,
				9D01F9D41C3C3E0A00099049 /* button_mph.png */,
				9D01F9D51C3C3E0A00099049 /* button_mph_55.png */,
				9D01F9D61C3C3E0A00099049 /* button_reset.png */,
				9D01F9D71C3C3E0A00099049 /* button_reset_55.png */,
				9D01F9D81C3C3E0A00099049 /* button_running.png */,
				9D01F9D91C3C3E0A00099049 /* button_running_55.png */,
				9D01F9DA1C3C3E0A00099049 /* button_set.png */,
				9D01F9DB1C3C3E0A00099049 /* button_set_55.png */,
				9D01F9DC1C3C3E0A00099049 /* tripmeter_if.png */,
				9D01F9DD1C3C3E0A00099049 /* tripmeter_if_55.png */,
			);
			name = TRIPMETER;
			path = png/TRIPMETER;
			sourceTree = SOURCE_ROOT;
		};
		9DBAEB321C37CAB60064ECBB /* png */ = {
			isa = PBXGroup;
			children = (
				9DBAEB331C37CAB60064ECBB /* arrow_left@2x.png */,
				9DBAEB341C37CAB60064ECBB /* arrow_right@2x.png */,
				9DBAEB351C37CAB60064ECBB /* backtomain@2x.png */,
				9DBAEB361C37CAB60064ECBB /* BANK-SLOPE */,
				9DBAEB3B1C37CAB60064ECBB /* bank_35_background@2x.png */,
				9DBAEB3C1C37CAB60064ECBB /* bank_background@2x.png */,
				9DBAEB3D1C37CAB60064ECBB /* BIKERS */,
				9DBAEB411C37CAB60064ECBB /* bluetooth@2x.png */,
				9DBAEB421C37CAB60064ECBB /* CBR250R */,
				9DBAEB461C37CAB60064ECBB /* df_bk_bg.png */,
				9DBAEB471C37CAB60064ECBB /* df_bk_if.png */,
				9DBAEB481C37CAB60064ECBB /* df_bk_if_55.png */,
				9DBAEB491C37CAB60064ECBB /* DF_BLUE_RED_CHROME */,
				9DBAEB511C37CAB60064ECBB /* hari-center.png */,
				9DBAEB521C37CAB60064ECBB /* hari.png */,
				9DBAEB531C37CAB60064ECBB /* info@2x.png */,
				9DBAEB541C37CAB60064ECBB /* inner_cicle_km.png */,
				9DBAEB551C37CAB60064ECBB /* inner_cicle_mph.png */,
				9DBAEB561C37CAB60064ECBB /* inner_circle_km_red@2x.png */,
				9DBAEB571C37CAB60064ECBB /* inner_circle_mph_red@2x.png */,
				9DBAEB581C37CAB60064ECBB /* KKK */,
				9DBAEB5C1C37CAB60064ECBB /* km_hover_type1_55.png */,
				9DBAEB5D1C37CAB60064ECBB /* km_hover_type2_55.png */,
				9DBAEB5E1C37CAB60064ECBB /* km_hover_type3_55.png */,
				9DBAEB5F1C37CAB60064ECBB /* km_type1_55.png */,
				9DBAEB601C37CAB60064ECBB /* km_type2_55.png */,
				9DBAEB611C37CAB60064ECBB /* km_type3_55.png */,
				9DBAEB621C37CAB60064ECBB /* M-M-W */,
				9DBAEB681C37CAB60064ECBB /* MainParts */,
				9DBAEB981C37CAB60064ECBB /* map@2x.png */,
				9DBAEB991C37CAB60064ECBB /* mph_hover_type1_55.png */,
				9DBAEB9A1C37CAB60064ECBB /* mph_hover_type2_55.png */,
				9DBAEB9B1C37CAB60064ECBB /* mph_hover_type3_55.png */,
				9DBAEB9C1C37CAB60064ECBB /* mph_type1_55.png */,
				9DBAEB9D1C37CAB60064ECBB /* mph_type2_55.png */,
				9DBAEB9E1C37CAB60064ECBB /* mph_type3_55.png */,
				9DBAEB9F1C37CAB60064ECBB /* red.png */,
				9DBAEBA01C37CAB60064ECBB /* red_55.png */,
				9DBAEBA11C37CAB60064ECBB /* reset@2x.png */,
				9DBAEBA21C37CAB60064ECBB /* rider_bank@2x.png */,
				9DBAEBA31C37CAB60064ECBB /* rider_slope.png */,
				9DBAEBA41C37CAB60064ECBB /* rider_slope@2x.png */,
				9DBAEBA51C37CAB60064ECBB /* slope_35_background@2x.png */,
				9DBAEBA61C37CAB60064ECBB /* slope_background@2x.png */,
				9D01F9D11C3C3E0A00099049 /* TRIPMETER */,
				9DBAEBA71C37CAB60064ECBB /* SPLASH 2 */,
				9DBAEBC51C37CAB60064ECBB /* User */,
				9DBAEBD11C37CAB60064ECBB /* user@2x.png */,
				9DBAEBD21C37CAB60064ECBB /* user_red_35_background@2x.png */,
				9DBAEBD31C37CAB60064ECBB /* user_red_background@2x.png */,
				9DBAEBD41C37CAB60064ECBB /* X-SPEED */,
			);
			path = png;
			sourceTree = SOURCE_ROOT;
		};
		9DBAEB361C37CAB60064ECBB /* BANK-SLOPE */ = {
			isa = PBXGroup;
			children = (
				9DBAEB371C37CAB60064ECBB /* bank_if.png */,
				9DBAEB381C37CAB60064ECBB /* bank_if_55.png */,
				9DBAEB391C37CAB60064ECBB /* slope_if.png */,
				9DBAEB3A1C37CAB60064ECBB /* slope_if_55.png */,
			);
			path = "BANK-SLOPE";
			sourceTree = "<group>";
		};
		9DBAEB3D1C37CAB60064ECBB /* BIKERS */ = {
			isa = PBXGroup;
			children = (
				9DBAEB3E1C37CAB60064ECBB /* bikers_bg.png */,
				9DBAEB3F1C37CAB60064ECBB /* bikers_if.png */,
				9DBAEB401C37CAB60064ECBB /* bikers_if_55.png */,
			);
			path = BIKERS;
			sourceTree = "<group>";
		};
		9DBAEB421C37CAB60064ECBB /* CBR250R */ = {
			isa = PBXGroup;
			children = (
				9DBAEB431C37CAB60064ECBB /* cbr_bg.png */,
				9DBAEB441C37CAB60064ECBB /* cbr_if.png */,
				9DBAEB451C37CAB60064ECBB /* cbr_if_55.png */,
			);
			path = CBR250R;
			sourceTree = "<group>";
		};
		9DBAEB491C37CAB60064ECBB /* DF_BLUE_RED_CHROME */ = {
			isa = PBXGroup;
			children = (
				9DBAEB4A1C37CAB60064ECBB /* df_blue_if.png */,
				9DBAEB4B1C37CAB60064ECBB /* df_blue_if_55.png */,
				9DBAEB4C1C37CAB60064ECBB /* df_brc_bg.png */,
				9DBAEB4D1C37CAB60064ECBB /* df_chrome_if.png */,
				9DBAEB4E1C37CAB60064ECBB /* df_chrome_if_55.png */,
				9DBAEB4F1C37CAB60064ECBB /* df_red_if.png */,
				9DBAEB501C37CAB60064ECBB /* df_red_if_55.png */,
			);
			path = DF_BLUE_RED_CHROME;
			sourceTree = "<group>";
		};
		9DBAEB581C37CAB60064ECBB /* KKK */ = {
			isa = PBXGroup;
			children = (
				9DBAEB591C37CAB60064ECBB /* kkk_bg.png */,
				9DBAEB5A1C37CAB60064ECBB /* kkk_if.png */,
				9DBAEB5B1C37CAB60064ECBB /* kkk_if_55.png */,
			);
			path = KKK;
			sourceTree = "<group>";
		};
		9DBAEB621C37CAB60064ECBB /* M-M-W */ = {
			isa = PBXGroup;
			children = (
				9DBAEB631C37CAB60064ECBB /* mmw_if.png */,
				9DBAEB641C37CAB60064ECBB /* mmw_if_55.png */,
				9DBAEB651C37CAB60064ECBB /* motochamp_bg.png */,
				9DBAEB661C37CAB60064ECBB /* motomoto_bg.png */,
				9DBAEB671C37CAB60064ECBB /* webike_bg.png */,
			);
			path = "M-M-W";
			sourceTree = "<group>";
		};
		9DBAEB681C37CAB60064ECBB /* MainParts */ = {
			isa = PBXGroup;
			children = (
				9D008F9A1C57D4C0007B08B4 /* mapheader.png */,
				9DBAEB691C37CAB60064ECBB /* backtomain.png */,
				9DBAEB6A1C37CAB60064ECBB /* bluetooth.png */,
				9DBAEB6B1C37CAB60064ECBB /* hari-center_55.png */,
				9DBAEB6C1C37CAB60064ECBB /* info.png */,
				9DBAEB6D1C37CAB60064ECBB /* InnerCircle */,
				9DBAEB941C37CAB60064ECBB /* map.png */,
				9DBAEB951C37CAB60064ECBB /* reset.png */,
				9DBAEB961C37CAB60064ECBB /* setting.png */,
				9DBAEB971C37CAB60064ECBB /* user.png */,
			);
			path = MainParts;
			sourceTree = "<group>";
		};
		9DBAEB6D1C37CAB60064ECBB /* InnerCircle */ = {
			isa = PBXGroup;
			children = (
				9DBAEB6E1C37CAB60064ECBB /* 3.5-4.7inch */,
				9DBAEB811C37CAB60064ECBB /* 5.5inch */,
			);
			path = InnerCircle;
			sourceTree = "<group>";
		};
		9DBAEB6E1C37CAB60064ECBB /* 3.5-4.7inch */ = {
			isa = PBXGroup;
			children = (
				9DBAEB6F1C37CAB60064ECBB /* innercircle_km_type1.png */,
				9DBAEB701C37CAB60064ECBB /* innercircle_km_type2.png */,
				9DBAEB711C37CAB60064ECBB /* innercircle_km_type3.png */,
				9DBAEB721C37CAB60064ECBB /* innercircle_mph_type1.png */,
				9DBAEB731C37CAB60064ECBB /* innercircle_mph_type2.png */,
				9DBAEB741C37CAB60064ECBB /* innercircle_mph_type3.png */,
				9DBAEB751C37CAB60064ECBB /* km_hover_type1.png */,
				9DBAEB761C37CAB60064ECBB /* km_hover_type2.png */,
				9DBAEB771C37CAB60064ECBB /* km_hover_type3.png */,
				9DBAEB781C37CAB60064ECBB /* km_type1.png */,
				9DBAEB791C37CAB60064ECBB /* km_type2.png */,
				9DBAEB7A1C37CAB60064ECBB /* km_type3.png */,
				9DBAEB7B1C37CAB60064ECBB /* mph_hover_type1.png */,
				9DBAEB7C1C37CAB60064ECBB /* mph_hover_type2.png */,
				9DBAEB7D1C37CAB60064ECBB /* mph_hover_type3.png */,
				9DBAEB7E1C37CAB60064ECBB /* mph_type1.png */,
				9DBAEB7F1C37CAB60064ECBB /* mph_type2.png */,
				9DBAEB801C37CAB60064ECBB /* mph_type3.png */,
			);
			path = "3.5-4.7inch";
			sourceTree = "<group>";
		};
		9DBAEB811C37CAB60064ECBB /* 5.5inch */ = {
			isa = PBXGroup;
			children = (
				9DBAEB821C37CAB60064ECBB /* innercircle_km_type1_55.png */,
				9DBAEB831C37CAB60064ECBB /* innercircle_km_type2_55.png */,
				9DBAEB841C37CAB60064ECBB /* innercircle_km_type3_55.png */,
				9DBAEB851C37CAB60064ECBB /* innercircle_mph_type1_55.png */,
				9DBAEB861C37CAB60064ECBB /* innercircle_mph_type2_55.png */,
				9DBAEB871C37CAB60064ECBB /* innercircle_mph_type3_55.png */,
				9DBAEB881C37CAB60064ECBB /* km_hover_type1_55.png */,
				9DBAEB891C37CAB60064ECBB /* km_hover_type2_55.png */,
				9DBAEB8A1C37CAB60064ECBB /* km_hover_type3_55.png */,
				9DBAEB8B1C37CAB60064ECBB /* km_type1_55.png */,
				9DBAEB8C1C37CAB60064ECBB /* km_type2_55.png */,
				9DBAEB8D1C37CAB60064ECBB /* km_type3_55.png */,
				9DBAEB8E1C37CAB60064ECBB /* mph_hover_type1_55.png */,
				9DBAEB8F1C37CAB60064ECBB /* mph_hover_type2_55.png */,
				9DBAEB901C37CAB60064ECBB /* mph_hover_type3_55.png */,
				9DBAEB911C37CAB60064ECBB /* mph_type1_55.png */,
				9DBAEB921C37CAB60064ECBB /* mph_type2_55.png */,
				9DBAEB931C37CAB60064ECBB /* mph_type3_55.png */,
			);
			path = 5.5inch;
			sourceTree = "<group>";
		};
		9DBAEBA71C37CAB60064ECBB /* SPLASH 2 */ = {
			isa = PBXGroup;
			children = (
				9DBAEBA81C37CAB60064ECBB /* 1 */,
				9DBAEBB51C37CAB60064ECBB /* axiz_bk.png */,
				9DBAEBB61C37CAB60064ECBB /* axiz_bk_55.png */,
				9DBAEBB71C37CAB60064ECBB /* axiz_rdc.png */,
				9DBAEBB81C37CAB60064ECBB /* axiz_rdc_55.png */,
				9DBAEBB91C37CAB60064ECBB /* black.png */,
				9DBAEBBA1C37CAB60064ECBB /* black_55.png */,
				9DBAEBBB1C37CAB60064ECBB /* blue.png */,
				9DBAEBBC1C37CAB60064ECBB /* blue_55.png */,
				9DBAEBBD1C37CAB60064ECBB /* chrome.png */,
				9DBAEBBE1C37CAB60064ECBB /* chrome_55.png */,
				9DBAEBBF1C37CAB60064ECBB /* kiken_bk.png */,
				9DBAEBC01C37CAB60064ECBB /* kiken_bk_55.png */,
				9DBAEBC11C37CAB60064ECBB /* kiken_rdc.png */,
				9DBAEBC21C37CAB60064ECBB /* kiken_rdc_55.png */,
				9DBAEBC31C37CAB60064ECBB /* red.png */,
				9DBAEBC41C37CAB60064ECBB /* red_55.png */,
			);
			path = "SPLASH 2";
			sourceTree = "<group>";
		};
		9DBAEBA81C37CAB60064ECBB /* 1 */ = {
			isa = PBXGroup;
			children = (
				9DBAEBA91C37CAB60064ECBB /* axiz.png */,
				9DBAEBAA1C37CAB60064ECBB /* axiz_55.png */,
				9DBAEBAB1C37CAB60064ECBB /* black.png */,
				9DBAEBAC1C37CAB60064ECBB /* black_55.png */,
				9DBAEBAD1C37CAB60064ECBB /* blue.png */,
				9DBAEBAE1C37CAB60064ECBB /* blue_55.png */,
				9DBAEBAF1C37CAB60064ECBB /* chrome.png */,
				9DBAEBB01C37CAB60064ECBB /* chrome_55.png */,
				9DBAEBB11C37CAB60064ECBB /* kiken.png */,
				9DBAEBB21C37CAB60064ECBB /* kiken_55.png */,
				9DBAEBB31C37CAB60064ECBB /* red.png */,
				9DBAEBB41C37CAB60064ECBB /* red_55.png */,
			);
			path = 1;
			sourceTree = "<group>";
		};
		9DBAEBC51C37CAB60064ECBB /* User */ = {
			isa = PBXGroup;
			children = (
				9DBAEBC61C37CAB60064ECBB /* bluetooth_if.png */,
				9DBAEBC71C37CAB60064ECBB /* bluetooth_if_55.png */,
				9DBAEBC81C37CAB60064ECBB /* noimage_55.png */,
				9DBAEBC91C37CAB60064ECBB /* user_black_if.png */,
				9DBAEBCA1C37CAB60064ECBB /* user_black_if_55.png */,
				9DBAEBCB1C37CAB60064ECBB /* user_blue_if.png */,
				9DBAEBCC1C37CAB60064ECBB /* user_blue_if_55.png */,
				9DBAEBCD1C37CAB60064ECBB /* user_chrome_if.png */,
				9DBAEBCE1C37CAB60064ECBB /* user_chrome_if_55.png */,
				9DBAEBCF1C37CAB60064ECBB /* user_red_if.png */,
				9DBAEBD01C37CAB60064ECBB /* user_red_if_55.png */,
			);
			path = User;
			sourceTree = "<group>";
		};
		9DBAEBD41C37CAB60064ECBB /* X-SPEED */ = {
			isa = PBXGroup;
			children = (
				9DBAEBD51C37CAB60064ECBB /* xspeed_bg.png */,
				9DBAEBD61C37CAB60064ECBB /* xspeed_if.png */,
				9DBAEBD71C37CAB60064ECBB /* xspeed_if_55.png */,
			);
			path = "X-SPEED";
			sourceTree = "<group>";
		};
		9DE542B01BDB492200B2A672 = {
			isa = PBXGroup;
			children = (
				9DE542BB1BDB492200B2A672 /* Axiz Brain Blue */,
				9DE542D51BDB492300B2A672 /* Axiz Brain BlueTests */,
				9DE542E01BDB492300B2A672 /* Axiz Brain BlueUITests */,
				9DE542BA1BDB492200B2A672 /* Products */,
			);
			sourceTree = "<group>";
		};
		9DE542BA1BDB492200B2A672 /* Products */ = {
			isa = PBXGroup;
			children = (
				9DE542B91BDB492200B2A672 /* Axiz Brain Blue.app */,
				9DE542D21BDB492300B2A672 /* Axiz Brain BlueTests.xctest */,
			);
			name = Products;
			sourceTree = "<group>";
		};
		9DE542BB1BDB492200B2A672 /* Axiz Brain Blue */ = {
			isa = PBXGroup;
			children = (
				9DE542EF1BDB580100B2A672 /* AppDelegate.h */,
				9DE542F01BDB580100B2A672 /* AppDelegate.m */,
				9DE542F11BDB580100B2A672 /* AXZAsset.h */,
				9DE542F21BDB580100B2A672 /* AXZAsset.m */,
				9DE542F31BDB580100B2A672 /* AXZBlueToothViewController.h */,
				9DE542F41BDB580100B2A672 /* AXZBlueToothViewController.m */,
				9DE542F51BDB580100B2A672 /* AXZBlueToothViewController.xib */,
				9DE542F61BDB580100B2A672 /* AXZHomeViewController.h */,
				9DE542F71BDB580100B2A672 /* AXZHomeViewController.m */,
				9DE542F81BDB580100B2A672 /* AXZMeterView.h */,
				9DE542F91BDB580100B2A672 /* AXZMeterView.m */,
				9DE542FA1BDB580100B2A672 /* AXZMeterView.xib */,
				9DE542FB1BDB580100B2A672 /* AXZSettingViewController.h */,
				9DE542FC1BDB580100B2A672 /* AXZSettingViewController.m */,
				9DE542FD1BDB580100B2A672 /* AXZSettingViewController.xib */,
				9DE542FE1BDB580100B2A672 /* AXZWebViewController.h */,
				9DE542FF1BDB580100B2A672 /* AXZWebViewController.m */,
				9DE543001BDB580100B2A672 /* AXZWebViewController.xib */,
				9DE543011BDB580100B2A672 /* AXZMapViewController.h */,
				9DE543021BDB580100B2A672 /* AXZMapViewController.m */,
				9DE543031BDB580100B2A672 /* AXZMapViewController.xib */,
				9D7BB88D1BDB8F4F00A6DFB7 /* AXZTripViewController.h */,
				9D7BB88E1BDB8F4F00A6DFB7 /* AXZTripViewController.m */,
				9D7BB88F1BDB8F4F00A6DFB7 /* AXZTripViewController.xib */,
				9DE543041BDB580100B2A672 /* UILabel+AXZUI.h */,
				9DE543051BDB580100B2A672 /* UILabel+AXZUI.m */,
				9DE543061BDB580100B2A672 /* UIView+AXZUI.h */,
				9DE543071BDB580100B2A672 /* UIView+AXZUI.m */,
				9DE543171BDB594600B2A672 /* STAnnotation.h */,
				9DE543181BDB594600B2A672 /* STAnnotation.m */,
				9DBAEB321C37CAB60064ECBB /* png */,
				9DE542C51BDB492200B2A672 /* Main.storyboard */,
				9DE542C81BDB492200B2A672 /* Assets.xcassets */,
				9DE542CD1BDB492200B2A672 /* Info.plist */,
				9DE542BC1BDB492200B2A672 /* Supporting Files */,
			);
			path = "Axiz Brain Blue";
			sourceTree = "<group>";
		};
		9DE542BC1BDB492200B2A672 /* Supporting Files */ = {
			isa = PBXGroup;
			children = (
				9DE542BD1BDB492200B2A672 /* main.m */,
			);
			name = "Supporting Files";
			sourceTree = "<group>";
		};
		9DE542D51BDB492300B2A672 /* Axiz Brain BlueTests */ = {
			isa = PBXGroup;
			children = (
				9DE542D61BDB492300B2A672 /* Axiz_Brain_BlueTests.m */,
				9DE542D81BDB492300B2A672 /* Info.plist */,
			);
			path = "Axiz Brain BlueTests";
			sourceTree = "<group>";
		};
		9DE542E01BDB492300B2A672 /* Axiz Brain BlueUITests */ = {
			isa = PBXGroup;
			children = (
				9DE542E11BDB492300B2A672 /* Axiz_Brain_BlueUITests.m */,
				9DE542E31BDB492300B2A672 /* Info.plist */,
			);
			path = "Axiz Brain BlueUITests";
			sourceTree = "<group>";
		};
/* End PBXGroup section */

/* Begin PBXNativeTarget section */
		9DE542B81BDB492200B2A672 /* Axiz Brain Blue */ = {
			isa = PBXNativeTarget;
			buildConfigurationList = 9DE542E61BDB492300B2A672 /* Build configuration list for PBXNativeTarget "Axiz Brain Blue" */;
			buildPhases = (
				9DE542B51BDB492200B2A672 /* Sources */,
				9DE542B61BDB492200B2A672 /* Frameworks */,
				9DE542B71BDB492200B2A672 /* Resources */,
			);
			buildRules = (
			);
			dependencies = (
			);
			name = "Axiz Brain Blue";
			productName = "Axiz Brain Blue";
			productReference = 9DE542B91BDB492200B2A672 /* Axiz Brain Blue.app */;
			productType = "com.apple.product-type.application";
		};
		9DE542D11BDB492300B2A672 /* Axiz Brain BlueTests */ = {
			isa = PBXNativeTarget;
			buildConfigurationList = 9DE542E91BDB492300B2A672 /* Build configuration list for PBXNativeTarget "Axiz Brain BlueTests" */;
			buildPhases = (
				9DE542CE1BDB492300B2A672 /* Sources */,
				9DE542CF1BDB492300B2A672 /* Frameworks */,
				9DE542D01BDB492300B2A672 /* Resources */,
			);
			buildRules = (
			);
			dependencies = (
				9DE542D41BDB492300B2A672 /* PBXTargetDependency */,
			);
			name = "Axiz Brain BlueTests";
			productName = "Axiz Brain BlueTests";
			productReference = 9DE542D21BDB492300B2A672 /* Axiz Brain BlueTests.xctest */;
			productType = "com.apple.product-type.bundle.unit-test";
		};
/* End PBXNativeTarget section */

/* Begin PBXProject section */
		9DE542B11BDB492200B2A672 /* Project object */ = {
			isa = PBXProject;
			attributes = {
				LastUpgradeCheck = 0700;
				ORGANIZATIONNAME = "tatsuhiro-sato";
				TargetAttributes = {
					9DE542B81BDB492200B2A672 = {
						CreatedOnToolsVersion = 7.0.1;
					};
					9DE542D11BDB492300B2A672 = {
						CreatedOnToolsVersion = 7.0.1;
						TestTargetID = 9DE542B81BDB492200B2A672;
					};
				};
			};
			buildConfigurationList = 9DE542B41BDB492200B2A672 /* Build configuration list for PBXProject "Axiz Brain Blue" */;
			compatibilityVersion = "Xcode 3.2";
			developmentRegion = English;
			hasScannedForEncodings = 0;
			knownRegions = (
				en,
				Base,
			);
			mainGroup = 9DE542B01BDB492200B2A672;
			productRefGroup = 9DE542BA1BDB492200B2A672 /* Products */;
			projectDirPath = "";
			projectRoot = "";
			targets = (
				9DE542B81BDB492200B2A672 /* Axiz Brain Blue */,
				9DE542D11BDB492300B2A672 /* Axiz Brain BlueTests */,
			);
		};
/* End PBXProject section */

/* Begin PBXResourcesBuildPhase section */
		9DE542B71BDB492200B2A672 /* Resources */ = {
			isa = PBXResourcesBuildPhase;
			buildActionMask = 2147483647;
			files = (
				9DBAEC331C37CAB60064ECBB /* map@2x.png in Resources */,
				9DBAEBED1C37CAB60064ECBB /* df_brc_bg.png in Resources */,
				9DBAEBE01C37CAB60064ECBB /* bank_background@2x.png in Resources */,
				9DBAEC5B1C37CAB60064ECBB /* kiken_rdc_55.png in Resources */,
				9DBAEBE81C37CAB60064ECBB /* df_bk_bg.png in Resources */,
				9DBAEC051C37CAB60064ECBB /* motomoto_bg.png in Resources */,
				9DBAEC491C37CAB60064ECBB /* chrome_55.png in Resources */,
				9DBAEBFD1C37CAB60064ECBB /* km_hover_type2_55.png in Resources */,
				9DBAEC311C37CAB60064ECBB /* setting.png in Resources */,
				9DBAEC571C37CAB60064ECBB /* chrome_55.png in Resources */,
				9DBAEC2E1C37CAB60064ECBB /* mph_type3_55.png in Resources */,
				9DBAEBEB1C37CAB60064ECBB /* df_blue_if.png in Resources */,
				9DBAEBD91C37CAB60064ECBB /* arrow_right@2x.png in Resources */,
				9DBAEC6C1C37CAB60064ECBB /* xspeed_bg.png in Resources */,
				9DBAEBE11C37CAB60064ECBB /* bikers_bg.png in Resources */,
				9D01F9E31C3C3E0A00099049 /* button_reset_55.png in Resources */,
				9DBAEC461C37CAB60064ECBB /* blue.png in Resources */,
				9DBAEBF51C37CAB60064ECBB /* inner_cicle_km.png in Resources */,
				9DBAEBF41C37CAB60064ECBB /* info@2x.png in Resources */,
				9DBAEC191C37CAB60064ECBB /* mph_hover_type3.png in Resources */,
				9DBAEC081C37CAB60064ECBB /* bluetooth.png in Resources */,
				9DBAEC421C37CAB60064ECBB /* axiz.png in Resources */,
				9DBAEC121C37CAB60064ECBB /* km_hover_type2.png in Resources */,
				9DBAEC6A1C37CAB60064ECBB /* user_red_35_background@2x.png in Resources */,
				9D01F9E01C3C3E0A00099049 /* button_mph.png in Resources */,
				9DBAEC621C37CAB60064ECBB /* user_black_if_55.png in Resources */,
				9DBAEC561C37CAB60064ECBB /* chrome.png in Resources */,
				9D008F9B1C57D4C0007B08B4 /* mapheader.png in Resources */,
				9DBAEC0A1C37CAB60064ECBB /* info.png in Resources */,
				9DBAEC041C37CAB60064ECBB /* motochamp_bg.png in Resources */,
				9D01F9E51C3C3E0A00099049 /* button_running_55.png in Resources */,
				9DBAEC1A1C37CAB60064ECBB /* mph_type1.png in Resources */,
				9DBAEC4B1C37CAB60064ECBB /* kiken_55.png in Resources */,
				9DBAEC091C37CAB60064ECBB /* hari-center_55.png in Resources */,
				9DBAEBF31C37CAB60064ECBB /* hari.png in Resources */,
				9DBAEC3A1C37CAB60064ECBB /* red.png in Resources */,
				9DBAEBE41C37CAB60064ECBB /* bluetooth@2x.png in Resources */,
				9DBAEC601C37CAB60064ECBB /* noimage_55.png in Resources */,
				9DBAEC251C37CAB60064ECBB /* km_hover_type3_55.png in Resources */,
				9DBAEC6D1C37CAB60064ECBB /* xspeed_if.png in Resources */,
				9DBAEC0E1C37CAB60064ECBB /* innercircle_mph_type1.png in Resources */,
				9D01F9E71C3C3E0A00099049 /* button_set_55.png in Resources */,
				9DBAEC511C37CAB60064ECBB /* axiz_rdc_55.png in Resources */,
				9DBAEC481C37CAB60064ECBB /* chrome.png in Resources */,
				9DBAEC261C37CAB60064ECBB /* km_type1_55.png in Resources */,
				9DBAEC4A1C37CAB60064ECBB /* kiken.png in Resources */,
				9DBAEC171C37CAB60064ECBB /* mph_hover_type1.png in Resources */,
				9DBAEC221C37CAB60064ECBB /* innercircle_mph_type3_55.png in Resources */,
				9DBAEC5A1C37CAB60064ECBB /* kiken_rdc.png in Resources */,
				9DBAEC411C37CAB60064ECBB /* slope_background@2x.png in Resources */,
				9DBAEC371C37CAB60064ECBB /* mph_type1_55.png in Resources */,
				9DBAEC431C37CAB60064ECBB /* axiz_55.png in Resources */,
				9DBAEC3C1C37CAB60064ECBB /* reset@2x.png in Resources */,
				9DBAEC4C1C37CAB60064ECBB /* red.png in Resources */,
				9DBAEC521C37CAB60064ECBB /* black.png in Resources */,
				9DBAEBFB1C37CAB60064ECBB /* kkk_if_55.png in Resources */,
				9DBAEBFC1C37CAB60064ECBB /* km_hover_type1_55.png in Resources */,
				9DE543101BDB580100B2A672 /* AXZSettingViewController.xib in Resources */,
				9DBAEC111C37CAB60064ECBB /* km_hover_type1.png in Resources */,
				9DBAEC291C37CAB60064ECBB /* mph_hover_type1_55.png in Resources */,
				9DBAEBEA1C37CAB60064ECBB /* df_bk_if_55.png in Resources */,
				9DBAEBFE1C37CAB60064ECBB /* km_hover_type3_55.png in Resources */,
				9DBAEC451C37CAB60064ECBB /* black_55.png in Resources */,
				9DBAEC0F1C37CAB60064ECBB /* innercircle_mph_type2.png in Resources */,
				9DBAEC211C37CAB60064ECBB /* innercircle_mph_type2_55.png in Resources */,
				9DBAEC241C37CAB60064ECBB /* km_hover_type2_55.png in Resources */,
				9DBAEBE71C37CAB60064ECBB /* cbr_if_55.png in Resources */,
				9DBAEC3E1C37CAB60064ECBB /* rider_slope.png in Resources */,
				9DBAEC5D1C37CAB60064ECBB /* red_55.png in Resources */,
				9DBAEC691C37CAB60064ECBB /* user@2x.png in Resources */,
				9DBAEC6B1C37CAB60064ECBB /* user_red_background@2x.png in Resources */,
				9DBAEC631C37CAB60064ECBB /* user_blue_if.png in Resources */,
				9DBAEC281C37CAB60064ECBB /* km_type3_55.png in Resources */,
				9DE542C91BDB492200B2A672 /* Assets.xcassets in Resources */,
				9DBAEC581C37CAB60064ECBB /* kiken_bk.png in Resources */,
				9DBAEC1F1C37CAB60064ECBB /* innercircle_km_type3_55.png in Resources */,
				9DBAEC671C37CAB60064ECBB /* user_red_if.png in Resources */,
				9DBAEC2B1C37CAB60064ECBB /* mph_hover_type3_55.png in Resources */,
				9DBAEC681C37CAB60064ECBB /* user_red_if_55.png in Resources */,
				9DBAEC4F1C37CAB60064ECBB /* axiz_bk_55.png in Resources */,
				9DE543141BDB580100B2A672 /* AXZMapViewController.xib in Resources */,
				9DE542C71BDB492200B2A672 /* Main.storyboard in Resources */,
				9DBAEC641C37CAB60064ECBB /* user_blue_if_55.png in Resources */,
				9DBAEBDC1C37CAB60064ECBB /* bank_if_55.png in Resources */,
				9DBAEC141C37CAB60064ECBB /* km_type1.png in Resources */,
				9D7BB8911BDB8F4F00A6DFB7 /* AXZTripViewController.xib in Resources */,
				9DBAEC5E1C37CAB60064ECBB /* bluetooth_if.png in Resources */,
				9DBAEBE21C37CAB60064ECBB /* bikers_if.png in Resources */,
				9DBAEC5C1C37CAB60064ECBB /* red.png in Resources */,
				9DBAEBF91C37CAB60064ECBB /* kkk_bg.png in Resources */,
				9DBAEBE31C37CAB60064ECBB /* bikers_if_55.png in Resources */,
				9DBAEC011C37CAB60064ECBB /* km_type3_55.png in Resources */,
				9DBAEC531C37CAB60064ECBB /* black_55.png in Resources */,
				9DBAEC2D1C37CAB60064ECBB /* mph_type2_55.png in Resources */,
				9DBAEBDF1C37CAB60064ECBB /* bank_35_background@2x.png in Resources */,
				9D01F9DF1C3C3E0A00099049 /* button_km_55.png in Resources */,
				9DBAEC361C37CAB60064ECBB /* mph_hover_type3_55.png in Resources */,
				9DBAEC1D1C37CAB60064ECBB /* innercircle_km_type1_55.png in Resources */,
				9DBAEC401C37CAB60064ECBB /* slope_35_background@2x.png in Resources */,
				9DBAEBEC1C37CAB60064ECBB /* df_blue_if_55.png in Resources */,
				9DBAEBDA1C37CAB60064ECBB /* backtomain@2x.png in Resources */,
				9DBAEBE51C37CAB60064ECBB /* cbr_bg.png in Resources */,
				9DBAEBFF1C37CAB60064ECBB /* km_type1_55.png in Resources */,
				9DBAEC181C37CAB60064ECBB /* mph_hover_type2.png in Resources */,
				9DBAEC6E1C37CAB60064ECBB /* xspeed_if_55.png in Resources */,
				9DBAEC351C37CAB60064ECBB /* mph_hover_type2_55.png in Resources */,
				9DBAEBF01C37CAB60064ECBB /* df_red_if.png in Resources */,
				9DBAEC161C37CAB60064ECBB /* km_type3.png in Resources */,
				9DBAEC3D1C37CAB60064ECBB /* rider_bank@2x.png in Resources */,
				9D01F9E21C3C3E0A00099049 /* button_reset.png in Resources */,
				9DE5430B1BDB580100B2A672 /* AXZBlueToothViewController.xib in Resources */,
				9DBAEC651C37CAB60064ECBB /* user_chrome_if.png in Resources */,
				9D01F9E61C3C3E0A00099049 /* button_set.png in Resources */,
				9DBAEBFA1C37CAB60064ECBB /* kkk_if.png in Resources */,
				9DBAEC3F1C37CAB60064ECBB /* rider_slope@2x.png in Resources */,
				9DBAEBDB1C37CAB60064ECBB /* bank_if.png in Resources */,
				9DBAEC391C37CAB60064ECBB /* mph_type3_55.png in Resources */,
				9DBAEC2F1C37CAB60064ECBB /* map.png in Resources */,
				9DBAEC0C1C37CAB60064ECBB /* innercircle_km_type2.png in Resources */,
				9DBAEC021C37CAB60064ECBB /* mmw_if.png in Resources */,
				9DBAEC0D1C37CAB60064ECBB /* innercircle_km_type3.png in Resources */,
				9DBAEC591C37CAB60064ECBB /* kiken_bk_55.png in Resources */,
				9DBAEC661C37CAB60064ECBB /* user_chrome_if_55.png in Resources */,
				9DBAEBEE1C37CAB60064ECBB /* df_chrome_if.png in Resources */,
				9DBAEC2C1C37CAB60064ECBB /* mph_type1_55.png in Resources */,
				9DBAEC5F1C37CAB60064ECBB /* bluetooth_if_55.png in Resources */,
				9DBAEC471C37CAB60064ECBB /* blue_55.png in Resources */,
				9DBAEC381C37CAB60064ECBB /* mph_type2_55.png in Resources */,
				9DBAEC0B1C37CAB60064ECBB /* innercircle_km_type1.png in Resources */,
				9DBAEC151C37CAB60064ECBB /* km_type2.png in Resources */,
				9DBAEBF61C37CAB60064ECBB /* inner_cicle_mph.png in Resources */,
				9DBAEBF11C37CAB60064ECBB /* df_red_if_55.png in Resources */,
				9DBAEC271C37CAB60064ECBB /* km_type2_55.png in Resources */,
				9DBAEBF81C37CAB60064ECBB /* inner_circle_mph_red@2x.png in Resources */,
				9DBAEC611C37CAB60064ECBB /* user_black_if.png in Resources */,
				9DBAEC071C37CAB60064ECBB /* backtomain.png in Resources */,
				9DBAEC551C37CAB60064ECBB /* blue_55.png in Resources */,
				9DBAEC101C37CAB60064ECBB /* innercircle_mph_type3.png in Resources */,
				9DBAEC441C37CAB60064ECBB /* black.png in Resources */,
				9DBAEC4E1C37CAB60064ECBB /* axiz_bk.png in Resources */,
				9D01F9E81C3C3E0A00099049 /* tripmeter_if.png in Resources */,
				9DBAEC301C37CAB60064ECBB /* reset.png in Resources */,
				9DBAEC501C37CAB60064ECBB /* axiz_rdc.png in Resources */,
				9DBAEC1E1C37CAB60064ECBB /* innercircle_km_type2_55.png in Resources */,
				9DBAEC2A1C37CAB60064ECBB /* mph_hover_type2_55.png in Resources */,
				9DBAEC1B1C37CAB60064ECBB /* mph_type2.png in Resources */,
				9DBAEC4D1C37CAB60064ECBB /* red_55.png in Resources */,
				9DBAEBE61C37CAB60064ECBB /* cbr_if.png in Resources */,
				9DBAEBF21C37CAB60064ECBB /* hari-center.png in Resources */,
				9DBAEC1C1C37CAB60064ECBB /* mph_type3.png in Resources */,
				9DBAEBEF1C37CAB60064ECBB /* df_chrome_if_55.png in Resources */,
				9DBAEC321C37CAB60064ECBB /* user.png in Resources */,
				9DBAEC001C37CAB60064ECBB /* km_type2_55.png in Resources */,
				9DBAEC031C37CAB60064ECBB /* mmw_if_55.png in Resources */,
				9DBAEC201C37CAB60064ECBB /* innercircle_mph_type1_55.png in Resources */,
				9DBAEBDD1C37CAB60064ECBB /* slope_if.png in Resources */,
				9DBAEC3B1C37CAB60064ECBB /* red_55.png in Resources */,
				9DBAEC231C37CAB60064ECBB /* km_hover_type1_55.png in Resources */,
				9DBAEBE91C37CAB60064ECBB /* df_bk_if.png in Resources */,
				9DBAEBDE1C37CAB60064ECBB /* slope_if_55.png in Resources */,
				9D01F9DE1C3C3E0A00099049 /* button_km.png in Resources */,
				9DE543121BDB580100B2A672 /* AXZWebViewController.xib in Resources */,
				9DBAEC541C37CAB60064ECBB /* blue.png in Resources */,
				9D01F9E11C3C3E0A00099049 /* button_mph_55.png in Resources */,
				9DE5430E1BDB580100B2A672 /* AXZMeterView.xib in Resources */,
				9D01F9E91C3C3E0A00099049 /* tripmeter_if_55.png in Resources */,
				9DBAEBF71C37CAB60064ECBB /* inner_circle_km_red@2x.png in Resources */,
				9DBAEC341C37CAB60064ECBB /* mph_hover_type1_55.png in Resources */,
				9D01F9E41C3C3E0A00099049 /* button_running.png in Resources */,
				9DBAEBD81C37CAB60064ECBB /* arrow_left@2x.png in Resources */,
				9DBAEC061C37CAB60064ECBB /* webike_bg.png in Resources */,
				9DBAEC131C37CAB60064ECBB /* km_hover_type3.png in Resources */,
			);
			runOnlyForDeploymentPostprocessing = 0;
		};
		9DE542D01BDB492300B2A672 /* Resources */ = {
			isa = PBXResourcesBuildPhase;
			buildActionMask = 2147483647;
			files = (
			);
			runOnlyForDeploymentPostprocessing = 0;
		};
/* End PBXResourcesBuildPhase section */

/* Begin PBXSourcesBuildPhase section */
		9DE542B51BDB492200B2A672 /* Sources */ = {
			isa = PBXSourcesBuildPhase;
			buildActionMask = 2147483647;
			files = (
				9DE543151BDB580100B2A672 /* UILabel+AXZUI.m in Sources */,
				9DE5430F1BDB580100B2A672 /* AXZSettingViewController.m in Sources */,
				9DE543111BDB580100B2A672 /* AXZWebViewController.m in Sources */,
				9DE543191BDB594600B2A672 /* STAnnotation.m in Sources */,
				9DE543081BDB580100B2A672 /* AppDelegate.m in Sources */,
				9DE543131BDB580100B2A672 /* AXZMapViewController.m in Sources */,
				9DE543091BDB580100B2A672 /* AXZAsset.m in Sources */,
				9D7BB8901BDB8F4F00A6DFB7 /* AXZTripViewController.m in Sources */,
				9DE542BE1BDB492200B2A672 /* main.m in Sources */,
				9DE5430C1BDB580100B2A672 /* AXZHomeViewController.m in Sources */,
				9DE543161BDB580100B2A672 /* UIView+AXZUI.m in Sources */,
				9DE5430D1BDB580100B2A672 /* AXZMeterView.m in Sources */,
				9DE5430A1BDB580100B2A672 /* AXZBlueToothViewController.m in Sources */,
			);
			runOnlyForDeploymentPostprocessing = 0;
		};
		9DE542CE1BDB492300B2A672 /* Sources */ = {
			isa = PBXSourcesBuildPhase;
			buildActionMask = 2147483647;
			files = (
				9DE542D71BDB492300B2A672 /* Axiz_Brain_BlueTests.m in Sources */,
			);
			runOnlyForDeploymentPostprocessing = 0;
		};
/* End PBXSourcesBuildPhase section */

/* Begin PBXTargetDependency section */
		9DE542D41BDB492300B2A672 /* PBXTargetDependency */ = {
			isa = PBXTargetDependency;
			target = 9DE542B81BDB492200B2A672 /* Axiz Brain Blue */;
			targetProxy = 9DE542D31BDB492300B2A672 /* PBXContainerItemProxy */;
		};
/* End PBXTargetDependency section */

/* Begin PBXVariantGroup section */
		9DE542C51BDB492200B2A672 /* Main.storyboard */ = {
			isa = PBXVariantGroup;
			children = (
				9DE542C61BDB492200B2A672 /* Base */,
			);
			name = Main.storyboard;
			sourceTree = "<group>";
		};
/* End PBXVariantGroup section */

/* Begin XCBuildConfiguration section */
		9DE542E41BDB492300B2A672 /* Debug */ = {
			isa = XCBuildConfiguration;
			buildSettings = {
				ALWAYS_SEARCH_USER_PATHS = NO;
				CLANG_CXX_LANGUAGE_STANDARD = "gnu++0x";
				CLANG_CXX_LIBRARY = "libc++";
				CLANG_ENABLE_MODULES = YES;
				CLANG_ENABLE_OBJC_ARC = YES;
				CLANG_WARN_BOOL_CONVERSION = YES;
				CLANG_WARN_CONSTANT_CONVERSION = YES;
				CLANG_WARN_DIRECT_OBJC_ISA_USAGE = YES_ERROR;
				CLANG_WARN_EMPTY_BODY = YES;
				CLANG_WARN_ENUM_CONVERSION = YES;
				CLANG_WARN_INT_CONVERSION = YES;
				CLANG_WARN_OBJC_ROOT_CLASS = YES_ERROR;
				CLANG_WARN_UNREACHABLE_CODE = YES;
				CLANG_WARN__DUPLICATE_METHOD_MATCH = YES;
				"CODE_SIGN_IDENTITY[sdk=iphoneos*]" = "iPhone Developer";
				COPY_PHASE_STRIP = NO;
				DEBUG_INFORMATION_FORMAT = dwarf;
				ENABLE_STRICT_OBJC_MSGSEND = YES;
				ENABLE_TESTABILITY = YES;
				GCC_C_LANGUAGE_STANDARD = gnu99;
				GCC_DYNAMIC_NO_PIC = NO;
				GCC_NO_COMMON_BLOCKS = YES;
				GCC_OPTIMIZATION_LEVEL = 0;
				GCC_PREPROCESSOR_DEFINITIONS = (
					"DEBUG=1",
					"$(inherited)",
				);
				GCC_WARN_64_TO_32_BIT_CONVERSION = YES;
				GCC_WARN_ABOUT_RETURN_TYPE = YES_ERROR;
				GCC_WARN_UNDECLARED_SELECTOR = YES;
				GCC_WARN_UNINITIALIZED_AUTOS = YES_AGGRESSIVE;
				GCC_WARN_UNUSED_FUNCTION = YES;
				GCC_WARN_UNUSED_VARIABLE = YES;
				IPHONEOS_DEPLOYMENT_TARGET = 9.0;
				MTL_ENABLE_DEBUG_INFO = YES;
				ONLY_ACTIVE_ARCH = YES;
				SDKROOT = iphoneos;
				TARGETED_DEVICE_FAMILY = "1,2";
			};
			name = Debug;
		};
		9DE542E51BDB492300B2A672 /* Release */ = {
			isa = XCBuildConfiguration;
			buildSettings = {
				ALWAYS_SEARCH_USER_PATHS = NO;
				CLANG_CXX_LANGUAGE_STANDARD = "gnu++0x";
				CLANG_CXX_LIBRARY = "libc++";
				CLANG_ENABLE_MODULES = YES;
				CLANG_ENABLE_OBJC_ARC = YES;
				CLANG_WARN_BOOL_CONVERSION = YES;
				CLANG_WARN_CONSTANT_CONVERSION = YES;
				CLANG_WARN_DIRECT_OBJC_ISA_USAGE = YES_ERROR;
				CLANG_WARN_EMPTY_BODY = YES;
				CLANG_WARN_ENUM_CONVERSION = YES;
				CLANG_WARN_INT_CONVERSION = YES;
				CLANG_WARN_OBJC_ROOT_CLASS = YES_ERROR;
				CLANG_WARN_UNREACHABLE_CODE = YES;
				CLANG_WARN__DUPLICATE_METHOD_MATCH = YES;
				"CODE_SIGN_IDENTITY[sdk=iphoneos*]" = "iPhone Developer";
				COPY_PHASE_STRIP = NO;
				DEBUG_INFORMATION_FORMAT = "dwarf-with-dsym";
				ENABLE_NS_ASSERTIONS = NO;
				ENABLE_STRICT_OBJC_MSGSEND = YES;
				GCC_C_LANGUAGE_STANDARD = gnu99;
				GCC_NO_COMMON_BLOCKS = YES;
				GCC_WARN_64_TO_32_BIT_CONVERSION = YES;
				GCC_WARN_ABOUT_RETURN_TYPE = YES_ERROR;
				GCC_WARN_UNDECLARED_SELECTOR = YES;
				GCC_WARN_UNINITIALIZED_AUTOS = YES_AGGRESSIVE;
				GCC_WARN_UNUSED_FUNCTION = YES;
				GCC_WARN_UNUSED_VARIABLE = YES;
				IPHONEOS_DEPLOYMENT_TARGET = 9.0;
				MTL_ENABLE_DEBUG_INFO = NO;
				SDKROOT = iphoneos;
				TARGETED_DEVICE_FAMILY = "1,2";
				VALIDATE_PRODUCT = YES;
			};
			name = Release;
		};
		9DE542E71BDB492300B2A672 /* Debug */ = {
			isa = XCBuildConfiguration;
			buildSettings = {
				ASSETCATALOG_COMPILER_APPICON_NAME = AppIcon;
				INFOPLIST_FILE = "Axiz Brain Blue/Info.plist";
				IPHONEOS_DEPLOYMENT_TARGET = 8.1;
				LD_RUNPATH_SEARCH_PATHS = "$(inherited) @executable_path/Frameworks";
				PRODUCT_BUNDLE_IDENTIFIER = "Axiz.Axiz-Brain-Blue";
				PRODUCT_NAME = "$(TARGET_NAME)";
				TARGETED_DEVICE_FAMILY = 1;
			};
			name = Debug;
		};
		9DE542E81BDB492300B2A672 /* Release */ = {
			isa = XCBuildConfiguration;
			buildSettings = {
				ASSETCATALOG_COMPILER_APPICON_NAME = AppIcon;
				INFOPLIST_FILE = "Axiz Brain Blue/Info.plist";
				IPHONEOS_DEPLOYMENT_TARGET = 8.1;
				LD_RUNPATH_SEARCH_PATHS = "$(inherited) @executable_path/Frameworks";
				PRODUCT_BUNDLE_IDENTIFIER = "Axiz.Axiz-Brain-Blue";
				PRODUCT_NAME = "$(TARGET_NAME)";
				TARGETED_DEVICE_FAMILY = 1;
			};
			name = Release;
		};
		9DE542EA1BDB492300B2A672 /* Debug */ = {
			isa = XCBuildConfiguration;
			buildSettings = {
				BUNDLE_LOADER = "$(TEST_HOST)";
				INFOPLIST_FILE = "Axiz Brain BlueTests/Info.plist";
				LD_RUNPATH_SEARCH_PATHS = "$(inherited) @executable_path/Frameworks @loader_path/Frameworks";
				PRODUCT_BUNDLE_IDENTIFIER = "Axiz.Axiz-Brain-BlueTests";
				PRODUCT_NAME = "$(TARGET_NAME)";
				TEST_HOST = "$(BUILT_PRODUCTS_DIR)/Axiz Brain Blue.app/Axiz Brain Blue";
			};
			name = Debug;
		};
		9DE542EB1BDB492300B2A672 /* Release */ = {
			isa = XCBuildConfiguration;
			buildSettings = {
				BUNDLE_LOADER = "$(TEST_HOST)";
				INFOPLIST_FILE = "Axiz Brain BlueTests/Info.plist";
				LD_RUNPATH_SEARCH_PATHS = "$(inherited) @executable_path/Frameworks @loader_path/Frameworks";
				PRODUCT_BUNDLE_IDENTIFIER = "Axiz.Axiz-Brain-BlueTests";
				PRODUCT_NAME = "$(TARGET_NAME)";
				TEST_HOST = "$(BUILT_PRODUCTS_DIR)/Axiz Brain Blue.app/Axiz Brain Blue";
			};
			name = Release;
		};
/* End XCBuildConfiguration section */

/* Begin XCConfigurationList section */
		9DE542B41BDB492200B2A672 /* Build configuration list for PBXProject "Axiz Brain Blue" */ = {
			isa = XCConfigurationList;
			buildConfigurations = (
				9DE542E41BDB492300B2A672 /* Debug */,
				9DE542E51BDB492300B2A672 /* Release */,
			);
			defaultConfigurationIsVisible = 0;
			defaultConfigurationName = Release;
		};
		9DE542E61BDB492300B2A672 /* Build configuration list for PBXNativeTarget "Axiz Brain Blue" */ = {
			isa = XCConfigurationList;
			buildConfigurations = (
				9DE542E71BDB492300B2A672 /* Debug */,
				9DE542E81BDB492300B2A672 /* Release */,
			);
			defaultConfigurationIsVisible = 0;
			defaultConfigurationName = Release;
		};
		9DE542E91BDB492300B2A672 /* Build configuration list for PBXNativeTarget "Axiz Brain BlueTests" */ = {
			isa = XCConfigurationList;
			buildConfigurations = (
				9DE542EA1BDB492300B2A672 /* Debug */,
				9DE542EB1BDB492300B2A672 /* Release */,
			);
			defaultConfigurationIsVisible = 0;
			defaultConfigurationName = Release;
		};
/* End XCConfigurationList section */
	};
	rootObject = 9DE542B11BDB492200B2A672 /* Project object */;
}
