// !$*UTF8*$!
{
	archiveVersion = 1;
	classes = {
	};
	objectVersion = 46;
	objects = {

/* Begin PBXBuildFile section */
		9D7BB8721BDB870800A6DFB7 /* axizlogo.png in Resources */ = {isa = PBXBuildFile; fileRef = 9D7BB8571BDB870800A6DFB7 /* axizlogo.png */; settings = {ASSET_TAGS = (); }; };
		9D7BB8731BDB870800A6DFB7 /* backtomain@2x.png in Resources */ = {isa = PBXBuildFile; fileRef = 9D7BB8581BDB870800A6DFB7 /* backtomain@2x.png */; settings = {ASSET_TAGS = (); }; };
		9D7BB8741BDB870800A6DFB7 /* bluetooth_background@2x.png in Resources */ = {isa = PBXBuildFile; fileRef = 9D7BB8591BDB870800A6DFB7 /* bluetooth_background@2x.png */; settings = {ASSET_TAGS = (); }; };
		9D7BB8751BDB870800A6DFB7 /* bluetooth@2x.png in Resources */ = {isa = PBXBuildFile; fileRef = 9D7BB85A1BDB870800A6DFB7 /* bluetooth@2x.png */; settings = {ASSET_TAGS = (); }; };
		9D7BB8761BDB870800A6DFB7 /* button_km_hover_red@2x.png in Resources */ = {isa = PBXBuildFile; fileRef = 9D7BB85B1BDB870800A6DFB7 /* button_km_hover_red@2x.png */; settings = {ASSET_TAGS = (); }; };
		9D7BB8771BDB870800A6DFB7 /* button_km_hover.png in Resources */ = {isa = PBXBuildFile; fileRef = 9D7BB85C1BDB870800A6DFB7 /* button_km_hover.png */; settings = {ASSET_TAGS = (); }; };
		9D7BB8781BDB870800A6DFB7 /* button_km_red@2x.png in Resources */ = {isa = PBXBuildFile; fileRef = 9D7BB85D1BDB870800A6DFB7 /* button_km_red@2x.png */; settings = {ASSET_TAGS = (); }; };
		9D7BB8791BDB870800A6DFB7 /* button_km.png in Resources */ = {isa = PBXBuildFile; fileRef = 9D7BB85E1BDB870800A6DFB7 /* button_km.png */; settings = {ASSET_TAGS = (); }; };
		9D7BB87A1BDB870800A6DFB7 /* button_mph_hover_red@2x.png in Resources */ = {isa = PBXBuildFile; fileRef = 9D7BB85F1BDB870800A6DFB7 /* button_mph_hover_red@2x.png */; settings = {ASSET_TAGS = (); }; };
		9D7BB87B1BDB870800A6DFB7 /* button_mph_hover.png in Resources */ = {isa = PBXBuildFile; fileRef = 9D7BB8601BDB870800A6DFB7 /* button_mph_hover.png */; settings = {ASSET_TAGS = (); }; };
		9D7BB87C1BDB870800A6DFB7 /* button_mph_red@2x.png in Resources */ = {isa = PBXBuildFile; fileRef = 9D7BB8611BDB870800A6DFB7 /* button_mph_red@2x.png */; settings = {ASSET_TAGS = (); }; };
		9D7BB87D1BDB870800A6DFB7 /* button_mph.png in Resources */ = {isa = PBXBuildFile; fileRef = 9D7BB8621BDB870800A6DFB7 /* button_mph.png */; settings = {ASSET_TAGS = (); }; };
		9D7BB87E1BDB870800A6DFB7 /* default_blue_35_background@2x.png in Resources */ = {isa = PBXBuildFile; fileRef = 9D7BB8631BDB870800A6DFB7 /* default_blue_35_background@2x.png */; settings = {ASSET_TAGS = (); }; };
		9D7BB87F1BDB870800A6DFB7 /* hari-center.png in Resources */ = {isa = PBXBuildFile; fileRef = 9D7BB8641BDB870800A6DFB7 /* hari-center.png */; settings = {ASSET_TAGS = (); }; };
		9D7BB8801BDB870800A6DFB7 /* hari.png in Resources */ = {isa = PBXBuildFile; fileRef = 9D7BB8651BDB870800A6DFB7 /* hari.png */; settings = {ASSET_TAGS = (); }; };
		9D7BB8811BDB870800A6DFB7 /* info@2x.png in Resources */ = {isa = PBXBuildFile; fileRef = 9D7BB8661BDB870800A6DFB7 /* info@2x.png */; settings = {ASSET_TAGS = (); }; };
		9D7BB8821BDB870800A6DFB7 /* inner_cicle_km.png in Resources */ = {isa = PBXBuildFile; fileRef = 9D7BB8671BDB870800A6DFB7 /* inner_cicle_km.png */; settings = {ASSET_TAGS = (); }; };
		9D7BB8831BDB870800A6DFB7 /* inner_cicle_mph.png in Resources */ = {isa = PBXBuildFile; fileRef = 9D7BB8681BDB870800A6DFB7 /* inner_cicle_mph.png */; settings = {ASSET_TAGS = (); }; };
		9D7BB8841BDB870800A6DFB7 /* inner_circle_km_red@2x.png in Resources */ = {isa = PBXBuildFile; fileRef = 9D7BB8691BDB870800A6DFB7 /* inner_circle_km_red@2x.png */; settings = {ASSET_TAGS = (); }; };
		9D7BB8851BDB870800A6DFB7 /* inner_circle_mph_red@2x.png in Resources */ = {isa = PBXBuildFile; fileRef = 9D7BB86A1BDB870800A6DFB7 /* inner_circle_mph_red@2x.png */; settings = {ASSET_TAGS = (); }; };
		9D7BB8861BDB870800A6DFB7 /* map@2x.png in Resources */ = {isa = PBXBuildFile; fileRef = 9D7BB86B1BDB870800A6DFB7 /* map@2x.png */; settings = {ASSET_TAGS = (); }; };
		9D7BB8871BDB870800A6DFB7 /* noimage@2x.png in Resources */ = {isa = PBXBuildFile; fileRef = 9D7BB86C1BDB870800A6DFB7 /* noimage@2x.png */; settings = {ASSET_TAGS = (); }; };
		9D7BB8881BDB870800A6DFB7 /* red_background_4@2x.png in Resources */ = {isa = PBXBuildFile; fileRef = 9D7BB86D1BDB870800A6DFB7 /* red_background_4@2x.png */; settings = {ASSET_TAGS = (); }; };
		9D7BB8891BDB870800A6DFB7 /* reset@2x.png in Resources */ = {isa = PBXBuildFile; fileRef = 9D7BB86E1BDB870800A6DFB7 /* reset@2x.png */; settings = {ASSET_TAGS = (); }; };
		9D7BB88A1BDB870800A6DFB7 /* user_red_35_background@2x.png in Resources */ = {isa = PBXBuildFile; fileRef = 9D7BB86F1BDB870800A6DFB7 /* user_red_35_background@2x.png */; settings = {ASSET_TAGS = (); }; };
		9D7BB88B1BDB870800A6DFB7 /* user_red_background@2x.png in Resources */ = {isa = PBXBuildFile; fileRef = 9D7BB8701BDB870800A6DFB7 /* user_red_background@2x.png */; settings = {ASSET_TAGS = (); }; };
		9D7BB88C1BDB870800A6DFB7 /* user@2x.png in Resources */ = {isa = PBXBuildFile; fileRef = 9D7BB8711BDB870800A6DFB7 /* user@2x.png */; settings = {ASSET_TAGS = (); }; };
		9D7BB8901BDB8F4F00A6DFB7 /* AXZTripViewController.m in Sources */ = {isa = PBXBuildFile; fileRef = 9D7BB88E1BDB8F4F00A6DFB7 /* AXZTripViewController.m */; settings = {ASSET_TAGS = (); }; };
		9D7BB8911BDB8F4F00A6DFB7 /* AXZTripViewController.xib in Resources */ = {isa = PBXBuildFile; fileRef = 9D7BB88F1BDB8F4F00A6DFB7 /* AXZTripViewController.xib */; settings = {ASSET_TAGS = (); }; };
		9D7BB8941BDB940D00A6DFB7 /* arrow_left@2x.png in Resources */ = {isa = PBXBuildFile; fileRef = 9D7BB8921BDB940D00A6DFB7 /* arrow_left@2x.png */; settings = {ASSET_TAGS = (); }; };
		9D7BB8951BDB940D00A6DFB7 /* arrow_right@2x.png in Resources */ = {isa = PBXBuildFile; fileRef = 9D7BB8931BDB940D00A6DFB7 /* arrow_right@2x.png */; settings = {ASSET_TAGS = (); }; };
		9D7BB8B71BDBAE3900A6DFB7 /* trip_button_km_hover@2x.png in Resources */ = {isa = PBXBuildFile; fileRef = 9D7BB8AC1BDBAE3900A6DFB7 /* trip_button_km_hover@2x.png */; settings = {ASSET_TAGS = (); }; };
		9D7BB8B81BDBAE3900A6DFB7 /* trip_button_km@2x.png in Resources */ = {isa = PBXBuildFile; fileRef = 9D7BB8AD1BDBAE3900A6DFB7 /* trip_button_km@2x.png */; settings = {ASSET_TAGS = (); }; };
		9D7BB8B91BDBAE3900A6DFB7 /* trip_button_mph_hover@2x.png in Resources */ = {isa = PBXBuildFile; fileRef = 9D7BB8AE1BDBAE3900A6DFB7 /* trip_button_mph_hover@2x.png */; settings = {ASSET_TAGS = (); }; };
		9D7BB8BA1BDBAE3900A6DFB7 /* trip_button_mph@2x.png in Resources */ = {isa = PBXBuildFile; fileRef = 9D7BB8AF1BDBAE3900A6DFB7 /* trip_button_mph@2x.png */; settings = {ASSET_TAGS = (); }; };
		9D7BB8BB1BDBAE3900A6DFB7 /* trip_button_reset_hover@2x.png in Resources */ = {isa = PBXBuildFile; fileRef = 9D7BB8B01BDBAE3900A6DFB7 /* trip_button_reset_hover@2x.png */; settings = {ASSET_TAGS = (); }; };
		9D7BB8BC1BDBAE3900A6DFB7 /* trip_button_reset@2x.png in Resources */ = {isa = PBXBuildFile; fileRef = 9D7BB8B11BDBAE3900A6DFB7 /* trip_button_reset@2x.png */; settings = {ASSET_TAGS = (); }; };
		9D7BB8BD1BDBAE3900A6DFB7 /* trip_button_running@2x.png in Resources */ = {isa = PBXBuildFile; fileRef = 9D7BB8B21BDBAE3900A6DFB7 /* trip_button_running@2x.png */; settings = {ASSET_TAGS = (); }; };
		9D7BB8BE1BDBAE3900A6DFB7 /* trip_button_set_hover@2x.png in Resources */ = {isa = PBXBuildFile; fileRef = 9D7BB8B31BDBAE3900A6DFB7 /* trip_button_set_hover@2x.png */; settings = {ASSET_TAGS = (); }; };
		9D7BB8BF1BDBAE3900A6DFB7 /* trip_button_set@2x.png in Resources */ = {isa = PBXBuildFile; fileRef = 9D7BB8B41BDBAE3900A6DFB7 /* trip_button_set@2x.png */; settings = {ASSET_TAGS = (); }; };
		9D7BB8C01BDBAE3900A6DFB7 /* trip_running@2x.png in Resources */ = {isa = PBXBuildFile; fileRef = 9D7BB8B51BDBAE3900A6DFB7 /* trip_running@2x.png */; settings = {ASSET_TAGS = (); }; };
		9D7BB8C11BDBAE3900A6DFB7 /* tripmeter_background@2x.png in Resources */ = {isa = PBXBuildFile; fileRef = 9D7BB8B61BDBAE3900A6DFB7 /* tripmeter_background@2x.png */; settings = {ASSET_TAGS = (); }; };
		9DE542BE1BDB492200B2A672 /* main.m in Sources */ = {isa = PBXBuildFile; fileRef = 9DE542BD1BDB492200B2A672 /* main.m */; };
		9DE542C71BDB492200B2A672 /* Main.storyboard in Resources */ = {isa = PBXBuildFile; fileRef = 9DE542C51BDB492200B2A672 /* Main.storyboard */; };
		9DE542C91BDB492200B2A672 /* Assets.xcassets in Resources */ = {isa = PBXBuildFile; fileRef = 9DE542C81BDB492200B2A672 /* Assets.xcassets */; };
		9DE542CC1BDB492200B2A672 /* LaunchScreen.storyboard in Resources */ = {isa = PBXBuildFile; fileRef = 9DE542CA1BDB492200B2A672 /* LaunchScreen.storyboard */; };
		9DE542D71BDB492300B2A672 /* Axiz_Brain_BlueTests.m in Sources */ = {isa = PBXBuildFile; fileRef = 9DE542D61BDB492300B2A672 /* Axiz_Brain_BlueTests.m */; };
		9DE542E21BDB492300B2A672 /* Axiz_Brain_BlueUITests.m in Sources */ = {isa = PBXBuildFile; fileRef = 9DE542E11BDB492300B2A672 /* Axiz_Brain_BlueUITests.m */; };
		9DE543081BDB580100B2A672 /* AppDelegate.m in Sources */ = {isa = PBXBuildFile; fileRef = 9DE542F01BDB580100B2A672 /* AppDelegate.m */; settings = {ASSET_TAGS = (); }; };
		9DE543091BDB580100B2A672 /* AXZAsset.m in Sources */ = {isa = PBXBuildFile; fileRef = 9DE542F21BDB580100B2A672 /* AXZAsset.m */; settings = {ASSET_TAGS = (); }; };
		9DE5430A1BDB580100B2A672 /* AXZBlueToothViewController.m in Sources */ = {isa = PBXBuildFile; fileRef = 9DE542F41BDB580100B2A672 /* AXZBlueToothViewController.m */; settings = {ASSET_TAGS = (); }; };
		9DE5430B1BDB580100B2A672 /* AXZBlueToothViewController.xib in Resources */ = {isa = PBXBuildFile; fileRef = 9DE542F51BDB580100B2A672 /* AXZBlueToothViewController.xib */; settings = {ASSET_TAGS = (); }; };
		9DE5430C1BDB580100B2A672 /* AXZHomeViewController.m in Sources */ = {isa = PBXBuildFile; fileRef = 9DE542F71BDB580100B2A672 /* AXZHomeViewController.m */; settings = {ASSET_TAGS = (); }; };
		9DE5430D1BDB580100B2A672 /* AXZMeterView.m in Sources */ = {isa = PBXBuildFile; fileRef = 9DE542F91BDB580100B2A672 /* AXZMeterView.m */; settings = {ASSET_TAGS = (); }; };
		9DE5430E1BDB580100B2A672 /* AXZMeterView.xib in Resources */ = {isa = PBXBuildFile; fileRef = 9DE542FA1BDB580100B2A672 /* AXZMeterView.xib */; settings = {ASSET_TAGS = (); }; };
		9DE5430F1BDB580100B2A672 /* AXZSettingViewController.m in Sources */ = {isa = PBXBuildFile; fileRef = 9DE542FC1BDB580100B2A672 /* AXZSettingViewController.m */; settings = {ASSET_TAGS = (); }; };
		9DE543101BDB580100B2A672 /* AXZSettingViewController.xib in Resources */ = {isa = PBXBuildFile; fileRef = 9DE542FD1BDB580100B2A672 /* AXZSettingViewController.xib */; settings = {ASSET_TAGS = (); }; };
		9DE543111BDB580100B2A672 /* AXZWebViewController.m in Sources */ = {isa = PBXBuildFile; fileRef = 9DE542FF1BDB580100B2A672 /* AXZWebViewController.m */; settings = {ASSET_TAGS = (); }; };
		9DE543121BDB580100B2A672 /* AXZWebViewController.xib in Resources */ = {isa = PBXBuildFile; fileRef = 9DE543001BDB580100B2A672 /* AXZWebViewController.xib */; settings = {ASSET_TAGS = (); }; };
		9DE543131BDB580100B2A672 /* AXZMapViewController.m in Sources */ = {isa = PBXBuildFile; fileRef = 9DE543021BDB580100B2A672 /* AXZMapViewController.m */; settings = {ASSET_TAGS = (); }; };
		9DE543141BDB580100B2A672 /* AXZMapViewController.xib in Resources */ = {isa = PBXBuildFile; fileRef = 9DE543031BDB580100B2A672 /* AXZMapViewController.xib */; settings = {ASSET_TAGS = (); }; };
		9DE543151BDB580100B2A672 /* UILabel+AXZUI.m in Sources */ = {isa = PBXBuildFile; fileRef = 9DE543051BDB580100B2A672 /* UILabel+AXZUI.m */; settings = {ASSET_TAGS = (); }; };
		9DE543161BDB580100B2A672 /* UIView+AXZUI.m in Sources */ = {isa = PBXBuildFile; fileRef = 9DE543071BDB580100B2A672 /* UIView+AXZUI.m */; settings = {ASSET_TAGS = (); }; };
		9DE543191BDB594600B2A672 /* STAnnotation.m in Sources */ = {isa = PBXBuildFile; fileRef = 9DE543181BDB594600B2A672 /* STAnnotation.m */; settings = {ASSET_TAGS = (); }; };
/* End PBXBuildFile section */

/* Begin PBXContainerItemProxy section */
		9DE542D31BDB492300B2A672 /* PBXContainerItemProxy */ = {
			isa = PBXContainerItemProxy;
			containerPortal = 9DE542B11BDB492200B2A672 /* Project object */;
			proxyType = 1;
			remoteGlobalIDString = 9DE542B81BDB492200B2A672;
			remoteInfo = "Axiz Brain Blue";
		};
		9DE542DE1BDB492300B2A672 /* PBXContainerItemProxy */ = {
			isa = PBXContainerItemProxy;
			containerPortal = 9DE542B11BDB492200B2A672 /* Project object */;
			proxyType = 1;
			remoteGlobalIDString = 9DE542B81BDB492200B2A672;
			remoteInfo = "Axiz Brain Blue";
		};
/* End PBXContainerItemProxy section */

/* Begin PBXFileReference section */
		9D7BB8571BDB870800A6DFB7 /* axizlogo.png */ = {isa = PBXFileReference; lastKnownFileType = image.png; name = axizlogo.png; path = images/axizlogo.png; sourceTree = SOURCE_ROOT; };
		9D7BB8581BDB870800A6DFB7 /* backtomain@2x.png */ = {isa = PBXFileReference; lastKnownFileType = image.png; name = "backtomain@2x.png"; path = "images/backtomain@2x.png"; sourceTree = SOURCE_ROOT; };
		9D7BB8591BDB870800A6DFB7 /* bluetooth_background@2x.png */ = {isa = PBXFileReference; lastKnownFileType = image.png; name = "bluetooth_background@2x.png"; path = "images/bluetooth_background@2x.png"; sourceTree = SOURCE_ROOT; };
		9D7BB85A1BDB870800A6DFB7 /* bluetooth@2x.png */ = {isa = PBXFileReference; lastKnownFileType = image.png; name = "bluetooth@2x.png"; path = "images/bluetooth@2x.png"; sourceTree = SOURCE_ROOT; };
		9D7BB85B1BDB870800A6DFB7 /* button_km_hover_red@2x.png */ = {isa = PBXFileReference; lastKnownFileType = image.png; name = "button_km_hover_red@2x.png"; path = "images/button_km_hover_red@2x.png"; sourceTree = SOURCE_ROOT; };
		9D7BB85C1BDB870800A6DFB7 /* button_km_hover.png */ = {isa = PBXFileReference; lastKnownFileType = image.png; name = button_km_hover.png; path = images/button_km_hover.png; sourceTree = SOURCE_ROOT; };
		9D7BB85D1BDB870800A6DFB7 /* button_km_red@2x.png */ = {isa = PBXFileReference; lastKnownFileType = image.png; name = "button_km_red@2x.png"; path = "images/button_km_red@2x.png"; sourceTree = SOURCE_ROOT; };
		9D7BB85E1BDB870800A6DFB7 /* button_km.png */ = {isa = PBXFileReference; lastKnownFileType = image.png; name = button_km.png; path = images/button_km.png; sourceTree = SOURCE_ROOT; };
		9D7BB85F1BDB870800A6DFB7 /* button_mph_hover_red@2x.png */ = {isa = PBXFileReference; lastKnownFileType = image.png; name = "button_mph_hover_red@2x.png"; path = "images/button_mph_hover_red@2x.png"; sourceTree = SOURCE_ROOT; };
		9D7BB8601BDB870800A6DFB7 /* button_mph_hover.png */ = {isa = PBXFileReference; lastKnownFileType = image.png; name = button_mph_hover.png; path = images/button_mph_hover.png; sourceTree = SOURCE_ROOT; };
		9D7BB8611BDB870800A6DFB7 /* button_mph_red@2x.png */ = {isa = PBXFileReference; lastKnownFileType = image.png; name = "button_mph_red@2x.png"; path = "images/button_mph_red@2x.png"; sourceTree = SOURCE_ROOT; };
		9D7BB8621BDB870800A6DFB7 /* button_mph.png */ = {isa = PBXFileReference; lastKnownFileType = image.png; name = button_mph.png; path = images/button_mph.png; sourceTree = SOURCE_ROOT; };
		9D7BB8631BDB870800A6DFB7 /* default_blue_35_background@2x.png */ = {isa = PBXFileReference; lastKnownFileType = image.png; name = "default_blue_35_background@2x.png"; path = "images/default_blue_35_background@2x.png"; sourceTree = SOURCE_ROOT; };
		9D7BB8641BDB870800A6DFB7 /* hari-center.png */ = {isa = PBXFileReference; lastKnownFileType = image.png; name = "hari-center.png"; path = "images/hari-center.png"; sourceTree = SOURCE_ROOT; };
		9D7BB8651BDB870800A6DFB7 /* hari.png */ = {isa = PBXFileReference; lastKnownFileType = image.png; name = hari.png; path = images/hari.png; sourceTree = SOURCE_ROOT; };
		9D7BB8661BDB870800A6DFB7 /* info@2x.png */ = {isa = PBXFileReference; lastKnownFileType = image.png; name = "info@2x.png"; path = "images/info@2x.png"; sourceTree = SOURCE_ROOT; };
		9D7BB8671BDB870800A6DFB7 /* inner_cicle_km.png */ = {isa = PBXFileReference; lastKnownFileType = image.png; name = inner_cicle_km.png; path = images/inner_cicle_km.png; sourceTree = SOURCE_ROOT; };
		9D7BB8681BDB870800A6DFB7 /* inner_cicle_mph.png */ = {isa = PBXFileReference; lastKnownFileType = image.png; name = inner_cicle_mph.png; path = images/inner_cicle_mph.png; sourceTree = SOURCE_ROOT; };
		9D7BB8691BDB870800A6DFB7 /* inner_circle_km_red@2x.png */ = {isa = PBXFileReference; lastKnownFileType = image.png; name = "inner_circle_km_red@2x.png"; path = "images/inner_circle_km_red@2x.png"; sourceTree = SOURCE_ROOT; };
		9D7BB86A1BDB870800A6DFB7 /* inner_circle_mph_red@2x.png */ = {isa = PBXFileReference; lastKnownFileType = image.png; name = "inner_circle_mph_red@2x.png"; path = "images/inner_circle_mph_red@2x.png"; sourceTree = SOURCE_ROOT; };
		9D7BB86B1BDB870800A6DFB7 /* map@2x.png */ = {isa = PBXFileReference; lastKnownFileType = image.png; name = "map@2x.png"; path = "images/map@2x.png"; sourceTree = SOURCE_ROOT; };
		9D7BB86C1BDB870800A6DFB7 /* noimage@2x.png */ = {isa = PBXFileReference; lastKnownFileType = image.png; name = "noimage@2x.png"; path = "images/noimage@2x.png"; sourceTree = SOURCE_ROOT; };
		9D7BB86D1BDB870800A6DFB7 /* red_background_4@2x.png */ = {isa = PBXFileReference; lastKnownFileType = image.png; name = "red_background_4@2x.png"; path = "images/red_background_4@2x.png"; sourceTree = SOURCE_ROOT; };
		9D7BB86E1BDB870800A6DFB7 /* reset@2x.png */ = {isa = PBXFileReference; lastKnownFileType = image.png; name = "reset@2x.png"; path = "images/reset@2x.png"; sourceTree = SOURCE_ROOT; };
		9D7BB86F1BDB870800A6DFB7 /* user_red_35_background@2x.png */ = {isa = PBXFileReference; lastKnownFileType = image.png; name = "user_red_35_background@2x.png"; path = "images/user_red_35_background@2x.png"; sourceTree = SOURCE_ROOT; };
		9D7BB8701BDB870800A6DFB7 /* user_red_background@2x.png */ = {isa = PBXFileReference; lastKnownFileType = image.png; name = "user_red_background@2x.png"; path = "images/user_red_background@2x.png"; sourceTree = SOURCE_ROOT; };
		9D7BB8711BDB870800A6DFB7 /* user@2x.png */ = {isa = PBXFileReference; lastKnownFileType = image.png; name = "user@2x.png"; path = "images/user@2x.png"; sourceTree = SOURCE_ROOT; };
		9D7BB88D1BDB8F4F00A6DFB7 /* AXZTripViewController.h */ = {isa = PBXFileReference; fileEncoding = 4; lastKnownFileType = sourcecode.c.h; path = AXZTripViewController.h; sourceTree = SOURCE_ROOT; };
		9D7BB88E1BDB8F4F00A6DFB7 /* AXZTripViewController.m */ = {isa = PBXFileReference; fileEncoding = 4; lastKnownFileType = sourcecode.c.objc; path = AXZTripViewController.m; sourceTree = SOURCE_ROOT; };
		9D7BB88F1BDB8F4F00A6DFB7 /* AXZTripViewController.xib */ = {isa = PBXFileReference; fileEncoding = 4; lastKnownFileType = file.xib; path = AXZTripViewController.xib; sourceTree = SOURCE_ROOT; };
		9D7BB8921BDB940D00A6DFB7 /* arrow_left@2x.png */ = {isa = PBXFileReference; lastKnownFileType = image.png; name = "arrow_left@2x.png"; path = "images/arrow_left@2x.png"; sourceTree = SOURCE_ROOT; };
		9D7BB8931BDB940D00A6DFB7 /* arrow_right@2x.png */ = {isa = PBXFileReference; lastKnownFileType = image.png; name = "arrow_right@2x.png"; path = "images/arrow_right@2x.png"; sourceTree = SOURCE_ROOT; };
		9D7BB8AC1BDBAE3900A6DFB7 /* trip_button_km_hover@2x.png */ = {isa = PBXFileReference; lastKnownFileType = image.png; name = "trip_button_km_hover@2x.png"; path = "images/trip_button_km_hover@2x.png"; sourceTree = SOURCE_ROOT; };
		9D7BB8AD1BDBAE3900A6DFB7 /* trip_button_km@2x.png */ = {isa = PBXFileReference; lastKnownFileType = image.png; name = "trip_button_km@2x.png"; path = "images/trip_button_km@2x.png"; sourceTree = SOURCE_ROOT; };
		9D7BB8AE1BDBAE3900A6DFB7 /* trip_button_mph_hover@2x.png */ = {isa = PBXFileReference; lastKnownFileType = image.png; name = "trip_button_mph_hover@2x.png"; path = "images/trip_button_mph_hover@2x.png"; sourceTree = SOURCE_ROOT; };
		9D7BB8AF1BDBAE3900A6DFB7 /* trip_button_mph@2x.png */ = {isa = PBXFileReference; lastKnownFileType = image.png; name = "trip_button_mph@2x.png"; path = "images/trip_button_mph@2x.png"; sourceTree = SOURCE_ROOT; };
		9D7BB8B01BDBAE3900A6DFB7 /* trip_button_reset_hover@2x.png */ = {isa = PBXFileReference; lastKnownFileType = image.png; name = "trip_button_reset_hover@2x.png"; path = "images/trip_button_reset_hover@2x.png"; sourceTree = SOURCE_ROOT; };
		9D7BB8B11BDBAE3900A6DFB7 /* trip_button_reset@2x.png */ = {isa = PBXFileReference; lastKnownFileType = image.png; name = "trip_button_reset@2x.png"; path = "images/trip_button_reset@2x.png"; sourceTree = SOURCE_ROOT; };
		9D7BB8B21BDBAE3900A6DFB7 /* trip_button_running@2x.png */ = {isa = PBXFileReference; lastKnownFileType = image.png; name = "trip_button_running@2x.png"; path = "images/trip_button_running@2x.png"; sourceTree = SOURCE_ROOT; };
		9D7BB8B31BDBAE3900A6DFB7 /* trip_button_set_hover@2x.png */ = {isa = PBXFileReference; lastKnownFileType = image.png; name = "trip_button_set_hover@2x.png"; path = "images/trip_button_set_hover@2x.png"; sourceTree = SOURCE_ROOT; };
		9D7BB8B41BDBAE3900A6DFB7 /* trip_button_set@2x.png */ = {isa = PBXFileReference; lastKnownFileType = image.png; name = "trip_button_set@2x.png"; path = "images/trip_button_set@2x.png"; sourceTree = SOURCE_ROOT; };
		9D7BB8B51BDBAE3900A6DFB7 /* trip_running@2x.png */ = {isa = PBXFileReference; lastKnownFileType = image.png; name = "trip_running@2x.png"; path = "images/trip_running@2x.png"; sourceTree = SOURCE_ROOT; };
		9D7BB8B61BDBAE3900A6DFB7 /* tripmeter_background@2x.png */ = {isa = PBXFileReference; lastKnownFileType = image.png; name = "tripmeter_background@2x.png"; path = "images/tripmeter_background@2x.png"; sourceTree = SOURCE_ROOT; };
		9DE542B91BDB492200B2A672 /* Axiz Brain Blue.app */ = {isa = PBXFileReference; explicitFileType = wrapper.application; includeInIndex = 0; path = "Axiz Brain Blue.app"; sourceTree = BUILT_PRODUCTS_DIR; };
		9DE542BD1BDB492200B2A672 /* main.m */ = {isa = PBXFileReference; lastKnownFileType = sourcecode.c.objc; path = main.m; sourceTree = "<group>"; };
		9DE542C61BDB492200B2A672 /* Base */ = {isa = PBXFileReference; lastKnownFileType = file.storyboard; name = Base; path = Base.lproj/Main.storyboard; sourceTree = "<group>"; };
		9DE542C81BDB492200B2A672 /* Assets.xcassets */ = {isa = PBXFileReference; lastKnownFileType = folder.assetcatalog; path = Assets.xcassets; sourceTree = "<group>"; };
		9DE542CB1BDB492200B2A672 /* Base */ = {isa = PBXFileReference; lastKnownFileType = file.storyboard; name = Base; path = Base.lproj/LaunchScreen.storyboard; sourceTree = "<group>"; };
		9DE542CD1BDB492200B2A672 /* Info.plist */ = {isa = PBXFileReference; lastKnownFileType = text.plist.xml; path = Info.plist; sourceTree = "<group>"; };
		9DE542D21BDB492300B2A672 /* Axiz Brain BlueTests.xctest */ = {isa = PBXFileReference; explicitFileType = wrapper.cfbundle; includeInIndex = 0; path = "Axiz Brain BlueTests.xctest"; sourceTree = BUILT_PRODUCTS_DIR; };
		9DE542D61BDB492300B2A672 /* Axiz_Brain_BlueTests.m */ = {isa = PBXFileReference; lastKnownFileType = sourcecode.c.objc; path = Axiz_Brain_BlueTests.m; sourceTree = "<group>"; };
		9DE542D81BDB492300B2A672 /* Info.plist */ = {isa = PBXFileReference; lastKnownFileType = text.plist.xml; path = Info.plist; sourceTree = "<group>"; };
		9DE542DD1BDB492300B2A672 /* Axiz Brain BlueUITests.xctest */ = {isa = PBXFileReference; explicitFileType = wrapper.cfbundle; includeInIndex = 0; path = "Axiz Brain BlueUITests.xctest"; sourceTree = BUILT_PRODUCTS_DIR; };
		9DE542E11BDB492300B2A672 /* Axiz_Brain_BlueUITests.m */ = {isa = PBXFileReference; lastKnownFileType = sourcecode.c.objc; path = Axiz_Brain_BlueUITests.m; sourceTree = "<group>"; };
		9DE542E31BDB492300B2A672 /* Info.plist */ = {isa = PBXFileReference; lastKnownFileType = text.plist.xml; path = Info.plist; sourceTree = "<group>"; };
		9DE542EF1BDB580100B2A672 /* AppDelegate.h */ = {isa = PBXFileReference; fileEncoding = 4; lastKnownFileType = sourcecode.c.h; path = AppDelegate.h; sourceTree = SOURCE_ROOT; };
		9DE542F01BDB580100B2A672 /* AppDelegate.m */ = {isa = PBXFileReference; fileEncoding = 4; lastKnownFileType = sourcecode.c.objc; path = AppDelegate.m; sourceTree = SOURCE_ROOT; };
		9DE542F11BDB580100B2A672 /* AXZAsset.h */ = {isa = PBXFileReference; fileEncoding = 4; lastKnownFileType = sourcecode.c.h; path = AXZAsset.h; sourceTree = SOURCE_ROOT; };
		9DE542F21BDB580100B2A672 /* AXZAsset.m */ = {isa = PBXFileReference; fileEncoding = 4; lastKnownFileType = sourcecode.c.objc; path = AXZAsset.m; sourceTree = SOURCE_ROOT; };
		9DE542F31BDB580100B2A672 /* AXZBlueToothViewController.h */ = {isa = PBXFileReference; fileEncoding = 4; lastKnownFileType = sourcecode.c.h; path = AXZBlueToothViewController.h; sourceTree = SOURCE_ROOT; };
		9DE542F41BDB580100B2A672 /* AXZBlueToothViewController.m */ = {isa = PBXFileReference; fileEncoding = 4; lastKnownFileType = sourcecode.c.objc; path = AXZBlueToothViewController.m; sourceTree = SOURCE_ROOT; };
		9DE542F51BDB580100B2A672 /* AXZBlueToothViewController.xib */ = {isa = PBXFileReference; fileEncoding = 4; lastKnownFileType = file.xib; path = AXZBlueToothViewController.xib; sourceTree = SOURCE_ROOT; };
		9DE542F61BDB580100B2A672 /* AXZHomeViewController.h */ = {isa = PBXFileReference; fileEncoding = 4; lastKnownFileType = sourcecode.c.h; path = AXZHomeViewController.h; sourceTree = SOURCE_ROOT; };
		9DE542F71BDB580100B2A672 /* AXZHomeViewController.m */ = {isa = PBXFileReference; fileEncoding = 4; lastKnownFileType = sourcecode.c.objc; path = AXZHomeViewController.m; sourceTree = SOURCE_ROOT; };
		9DE542F81BDB580100B2A672 /* AXZMeterView.h */ = {isa = PBXFileReference; fileEncoding = 4; lastKnownFileType = sourcecode.c.h; path = AXZMeterView.h; sourceTree = SOURCE_ROOT; };
		9DE542F91BDB580100B2A672 /* AXZMeterView.m */ = {isa = PBXFileReference; fileEncoding = 4; lastKnownFileType = sourcecode.c.objc; path = AXZMeterView.m; sourceTree = SOURCE_ROOT; };
		9DE542FA1BDB580100B2A672 /* AXZMeterView.xib */ = {isa = PBXFileReference; fileEncoding = 4; lastKnownFileType = file.xib; path = AXZMeterView.xib; sourceTree = SOURCE_ROOT; };
		9DE542FB1BDB580100B2A672 /* AXZSettingViewController.h */ = {isa = PBXFileReference; fileEncoding = 4; lastKnownFileType = sourcecode.c.h; path = AXZSettingViewController.h; sourceTree = SOURCE_ROOT; };
		9DE542FC1BDB580100B2A672 /* AXZSettingViewController.m */ = {isa = PBXFileReference; fileEncoding = 4; lastKnownFileType = sourcecode.c.objc; path = AXZSettingViewController.m; sourceTree = SOURCE_ROOT; };
		9DE542FD1BDB580100B2A672 /* AXZSettingViewController.xib */ = {isa = PBXFileReference; fileEncoding = 4; lastKnownFileType = file.xib; path = AXZSettingViewController.xib; sourceTree = SOURCE_ROOT; };
		9DE542FE1BDB580100B2A672 /* AXZWebViewController.h */ = {isa = PBXFileReference; fileEncoding = 4; lastKnownFileType = sourcecode.c.h; path = AXZWebViewController.h; sourceTree = SOURCE_ROOT; };
		9DE542FF1BDB580100B2A672 /* AXZWebViewController.m */ = {isa = PBXFileReference; fileEncoding = 4; lastKnownFileType = sourcecode.c.objc; path = AXZWebViewController.m; sourceTree = SOURCE_ROOT; };
		9DE543001BDB580100B2A672 /* AXZWebViewController.xib */ = {isa = PBXFileReference; fileEncoding = 4; lastKnownFileType = file.xib; path = AXZWebViewController.xib; sourceTree = SOURCE_ROOT; };
		9DE543011BDB580100B2A672 /* AXZMapViewController.h */ = {isa = PBXFileReference; fileEncoding = 4; lastKnownFileType = sourcecode.c.h; path = AXZMapViewController.h; sourceTree = SOURCE_ROOT; };
		9DE543021BDB580100B2A672 /* AXZMapViewController.m */ = {isa = PBXFileReference; fileEncoding = 4; lastKnownFileType = sourcecode.c.objc; path = AXZMapViewController.m; sourceTree = SOURCE_ROOT; };
		9DE543031BDB580100B2A672 /* AXZMapViewController.xib */ = {isa = PBXFileReference; fileEncoding = 4; lastKnownFileType = file.xib; path = AXZMapViewController.xib; sourceTree = SOURCE_ROOT; };
		9DE543041BDB580100B2A672 /* UILabel+AXZUI.h */ = {isa = PBXFileReference; fileEncoding = 4; lastKnownFileType = sourcecode.c.h; path = "UILabel+AXZUI.h"; sourceTree = SOURCE_ROOT; };
		9DE543051BDB580100B2A672 /* UILabel+AXZUI.m */ = {isa = PBXFileReference; fileEncoding = 4; lastKnownFileType = sourcecode.c.objc; path = "UILabel+AXZUI.m"; sourceTree = SOURCE_ROOT; };
		9DE543061BDB580100B2A672 /* UIView+AXZUI.h */ = {isa = PBXFileReference; fileEncoding = 4; lastKnownFileType = sourcecode.c.h; path = "UIView+AXZUI.h"; sourceTree = SOURCE_ROOT; };
		9DE543071BDB580100B2A672 /* UIView+AXZUI.m */ = {isa = PBXFileReference; fileEncoding = 4; lastKnownFileType = sourcecode.c.objc; path = "UIView+AXZUI.m"; sourceTree = SOURCE_ROOT; };
		9DE543171BDB594600B2A672 /* STAnnotation.h */ = {isa = PBXFileReference; fileEncoding = 4; lastKnownFileType = sourcecode.c.h; path = STAnnotation.h; sourceTree = SOURCE_ROOT; };
		9DE543181BDB594600B2A672 /* STAnnotation.m */ = {isa = PBXFileReference; fileEncoding = 4; lastKnownFileType = sourcecode.c.objc; path = STAnnotation.m; sourceTree = SOURCE_ROOT; };
/* End PBXFileReference section */

/* Begin PBXFrameworksBuildPhase section */
		9DE542B61BDB492200B2A672 /* Frameworks */ = {
			isa = PBXFrameworksBuildPhase;
			buildActionMask = 2147483647;
			files = (
			);
			runOnlyForDeploymentPostprocessing = 0;
		};
		9DE542CF1BDB492300B2A672 /* Frameworks */ = {
			isa = PBXFrameworksBuildPhase;
			buildActionMask = 2147483647;
			files = (
			);
			runOnlyForDeploymentPostprocessing = 0;
		};
		9DE542DA1BDB492300B2A672 /* Frameworks */ = {
			isa = PBXFrameworksBuildPhase;
			buildActionMask = 2147483647;
			files = (
			);
			runOnlyForDeploymentPostprocessing = 0;
		};
/* End PBXFrameworksBuildPhase section */

/* Begin PBXGroup section */
		9D7BB8561BDB86F700A6DFB7 /* pngfile */ = {
			isa = PBXGroup;
			children = (
				9D7BB8921BDB940D00A6DFB7 /* arrow_left@2x.png */,
				9D7BB8931BDB940D00A6DFB7 /* arrow_right@2x.png */,
				9D7BB8571BDB870800A6DFB7 /* axizlogo.png */,
				9D7BB8581BDB870800A6DFB7 /* backtomain@2x.png */,
				9D7BB8591BDB870800A6DFB7 /* bluetooth_background@2x.png */,
				9D7BB85A1BDB870800A6DFB7 /* bluetooth@2x.png */,
				9D7BB85B1BDB870800A6DFB7 /* button_km_hover_red@2x.png */,
				9D7BB85C1BDB870800A6DFB7 /* button_km_hover.png */,
				9D7BB85D1BDB870800A6DFB7 /* button_km_red@2x.png */,
				9D7BB85E1BDB870800A6DFB7 /* button_km.png */,
				9D7BB85F1BDB870800A6DFB7 /* button_mph_hover_red@2x.png */,
				9D7BB8601BDB870800A6DFB7 /* button_mph_hover.png */,
				9D7BB8611BDB870800A6DFB7 /* button_mph_red@2x.png */,
				9D7BB8621BDB870800A6DFB7 /* button_mph.png */,
				9D7BB8631BDB870800A6DFB7 /* default_blue_35_background@2x.png */,
				9D7BB8641BDB870800A6DFB7 /* hari-center.png */,
				9D7BB8651BDB870800A6DFB7 /* hari.png */,
				9D7BB8661BDB870800A6DFB7 /* info@2x.png */,
				9D7BB8671BDB870800A6DFB7 /* inner_cicle_km.png */,
				9D7BB8681BDB870800A6DFB7 /* inner_cicle_mph.png */,
				9D7BB8691BDB870800A6DFB7 /* inner_circle_km_red@2x.png */,
				9D7BB86A1BDB870800A6DFB7 /* inner_circle_mph_red@2x.png */,
				9D7BB86B1BDB870800A6DFB7 /* map@2x.png */,
				9D7BB86C1BDB870800A6DFB7 /* noimage@2x.png */,
				9D7BB86D1BDB870800A6DFB7 /* red_background_4@2x.png */,
				9D7BB86E1BDB870800A6DFB7 /* reset@2x.png */,
				9D7BB86F1BDB870800A6DFB7 /* user_red_35_background@2x.png */,
				9D7BB8701BDB870800A6DFB7 /* user_red_background@2x.png */,
				9D7BB8711BDB870800A6DFB7 /* user@2x.png */,
				9D7BB8AC1BDBAE3900A6DFB7 /* trip_button_km_hover@2x.png */,
				9D7BB8AD1BDBAE3900A6DFB7 /* trip_button_km@2x.png */,
				9D7BB8AE1BDBAE3900A6DFB7 /* trip_button_mph_hover@2x.png */,
				9D7BB8AF1BDBAE3900A6DFB7 /* trip_button_mph@2x.png */,
				9D7BB8B01BDBAE3900A6DFB7 /* trip_button_reset_hover@2x.png */,
				9D7BB8B11BDBAE3900A6DFB7 /* trip_button_reset@2x.png */,
				9D7BB8B21BDBAE3900A6DFB7 /* trip_button_running@2x.png */,
				9D7BB8B31BDBAE3900A6DFB7 /* trip_button_set_hover@2x.png */,
				9D7BB8B41BDBAE3900A6DFB7 /* trip_button_set@2x.png */,
				9D7BB8B51BDBAE3900A6DFB7 /* trip_running@2x.png */,
				9D7BB8B61BDBAE3900A6DFB7 /* tripmeter_background@2x.png */,
			);
			name = pngfile;
			sourceTree = "<group>";
		};
		9DE542B01BDB492200B2A672 = {
			isa = PBXGroup;
			children = (
				9DE542BB1BDB492200B2A672 /* Axiz Brain Blue */,
				9DE542D51BDB492300B2A672 /* Axiz Brain BlueTests */,
				9DE542E01BDB492300B2A672 /* Axiz Brain BlueUITests */,
				9DE542BA1BDB492200B2A672 /* Products */,
			);
			sourceTree = "<group>";
		};
		9DE542BA1BDB492200B2A672 /* Products */ = {
			isa = PBXGroup;
			children = (
				9DE542B91BDB492200B2A672 /* Axiz Brain Blue.app */,
				9DE542D21BDB492300B2A672 /* Axiz Brain BlueTests.xctest */,
				9DE542DD1BDB492300B2A672 /* Axiz Brain BlueUITests.xctest */,
			);
			name = Products;
			sourceTree = "<group>";
		};
		9DE542BB1BDB492200B2A672 /* Axiz Brain Blue */ = {
			isa = PBXGroup;
			children = (
				9D7BB8561BDB86F700A6DFB7 /* pngfile */,
				9DE542EF1BDB580100B2A672 /* AppDelegate.h */,
				9DE542F01BDB580100B2A672 /* AppDelegate.m */,
				9DE542F11BDB580100B2A672 /* AXZAsset.h */,
				9DE542F21BDB580100B2A672 /* AXZAsset.m */,
				9DE542F31BDB580100B2A672 /* AXZBlueToothViewController.h */,
				9DE542F41BDB580100B2A672 /* AXZBlueToothViewController.m */,
				9DE542F51BDB580100B2A672 /* AXZBlueToothViewController.xib */,
				9DE542F61BDB580100B2A672 /* AXZHomeViewController.h */,
				9DE542F71BDB580100B2A672 /* AXZHomeViewController.m */,
				9DE542F81BDB580100B2A672 /* AXZMeterView.h */,
				9DE542F91BDB580100B2A672 /* AXZMeterView.m */,
				9DE542FA1BDB580100B2A672 /* AXZMeterView.xib */,
				9DE542FB1BDB580100B2A672 /* AXZSettingViewController.h */,
				9DE542FC1BDB580100B2A672 /* AXZSettingViewController.m */,
				9DE542FD1BDB580100B2A672 /* AXZSettingViewController.xib */,
				9DE542FE1BDB580100B2A672 /* AXZWebViewController.h */,
				9DE542FF1BDB580100B2A672 /* AXZWebViewController.m */,
				9DE543001BDB580100B2A672 /* AXZWebViewController.xib */,
				9DE543011BDB580100B2A672 /* AXZMapViewController.h */,
				9DE543021BDB580100B2A672 /* AXZMapViewController.m */,
				9DE543031BDB580100B2A672 /* AXZMapViewController.xib */,
				9D7BB88D1BDB8F4F00A6DFB7 /* AXZTripViewController.h */,
				9D7BB88E1BDB8F4F00A6DFB7 /* AXZTripViewController.m */,
				9D7BB88F1BDB8F4F00A6DFB7 /* AXZTripViewController.xib */,
				9DE543041BDB580100B2A672 /* UILabel+AXZUI.h */,
				9DE543051BDB580100B2A672 /* UILabel+AXZUI.m */,
				9DE543061BDB580100B2A672 /* UIView+AXZUI.h */,
				9DE543071BDB580100B2A672 /* UIView+AXZUI.m */,
				9DE543171BDB594600B2A672 /* STAnnotation.h */,
				9DE543181BDB594600B2A672 /* STAnnotation.m */,
				9DE542C51BDB492200B2A672 /* Main.storyboard */,
				9DE542C81BDB492200B2A672 /* Assets.xcassets */,
				9DE542CA1BDB492200B2A672 /* LaunchScreen.storyboard */,
				9DE542CD1BDB492200B2A672 /* Info.plist */,
				9DE542BC1BDB492200B2A672 /* Supporting Files */,
			);
			path = "Axiz Brain Blue";
			sourceTree = "<group>";
		};
		9DE542BC1BDB492200B2A672 /* Supporting Files */ = {
			isa = PBXGroup;
			children = (
				9DE542BD1BDB492200B2A672 /* main.m */,
			);
			name = "Supporting Files";
			sourceTree = "<group>";
		};
		9DE542D51BDB492300B2A672 /* Axiz Brain BlueTests */ = {
			isa = PBXGroup;
			children = (
				9DE542D61BDB492300B2A672 /* Axiz_Brain_BlueTests.m */,
				9DE542D81BDB492300B2A672 /* Info.plist */,
			);
			path = "Axiz Brain BlueTests";
			sourceTree = "<group>";
		};
		9DE542E01BDB492300B2A672 /* Axiz Brain BlueUITests */ = {
			isa = PBXGroup;
			children = (
				9DE542E11BDB492300B2A672 /* Axiz_Brain_BlueUITests.m */,
				9DE542E31BDB492300B2A672 /* Info.plist */,
			);
			path = "Axiz Brain BlueUITests";
			sourceTree = "<group>";
		};
/* End PBXGroup section */

/* Begin PBXNativeTarget section */
		9DE542B81BDB492200B2A672 /* Axiz Brain Blue */ = {
			isa = PBXNativeTarget;
			buildConfigurationList = 9DE542E61BDB492300B2A672 /* Build configuration list for PBXNativeTarget "Axiz Brain Blue" */;
			buildPhases = (
				9DE542B51BDB492200B2A672 /* Sources */,
				9DE542B61BDB492200B2A672 /* Frameworks */,
				9DE542B71BDB492200B2A672 /* Resources */,
			);
			buildRules = (
			);
			dependencies = (
			);
			name = "Axiz Brain Blue";
			productName = "Axiz Brain Blue";
			productReference = 9DE542B91BDB492200B2A672 /* Axiz Brain Blue.app */;
			productType = "com.apple.product-type.application";
		};
		9DE542D11BDB492300B2A672 /* Axiz Brain BlueTests */ = {
			isa = PBXNativeTarget;
			buildConfigurationList = 9DE542E91BDB492300B2A672 /* Build configuration list for PBXNativeTarget "Axiz Brain BlueTests" */;
			buildPhases = (
				9DE542CE1BDB492300B2A672 /* Sources */,
				9DE542CF1BDB492300B2A672 /* Frameworks */,
				9DE542D01BDB492300B2A672 /* Resources */,
			);
			buildRules = (
			);
			dependencies = (
				9DE542D41BDB492300B2A672 /* PBXTargetDependency */,
			);
			name = "Axiz Brain BlueTests";
			productName = "Axiz Brain BlueTests";
			productReference = 9DE542D21BDB492300B2A672 /* Axiz Brain BlueTests.xctest */;
			productType = "com.apple.product-type.bundle.unit-test";
		};
		9DE542DC1BDB492300B2A672 /* Axiz Brain BlueUITests */ = {
			isa = PBXNativeTarget;
			buildConfigurationList = 9DE542EC1BDB492300B2A672 /* Build configuration list for PBXNativeTarget "Axiz Brain BlueUITests" */;
			buildPhases = (
				9DE542D91BDB492300B2A672 /* Sources */,
				9DE542DA1BDB492300B2A672 /* Frameworks */,
				9DE542DB1BDB492300B2A672 /* Resources */,
			);
			buildRules = (
			);
			dependencies = (
				9DE542DF1BDB492300B2A672 /* PBXTargetDependency */,
			);
			name = "Axiz Brain BlueUITests";
			productName = "Axiz Brain BlueUITests";
			productReference = 9DE542DD1BDB492300B2A672 /* Axiz Brain BlueUITests.xctest */;
			productType = "com.apple.product-type.bundle.ui-testing";
		};
/* End PBXNativeTarget section */

/* Begin PBXProject section */
		9DE542B11BDB492200B2A672 /* Project object */ = {
			isa = PBXProject;
			attributes = {
				LastUpgradeCheck = 0700;
				ORGANIZATIONNAME = "tatsuhiro-sato";
				TargetAttributes = {
					9DE542B81BDB492200B2A672 = {
						CreatedOnToolsVersion = 7.0.1;
					};
					9DE542D11BDB492300B2A672 = {
						CreatedOnToolsVersion = 7.0.1;
						TestTargetID = 9DE542B81BDB492200B2A672;
					};
					9DE542DC1BDB492300B2A672 = {
						CreatedOnToolsVersion = 7.0.1;
						TestTargetID = 9DE542B81BDB492200B2A672;
					};
				};
			};
			buildConfigurationList = 9DE542B41BDB492200B2A672 /* Build configuration list for PBXProject "Axiz Brain Blue" */;
			compatibilityVersion = "Xcode 3.2";
			developmentRegion = English;
			hasScannedForEncodings = 0;
			knownRegions = (
				en,
				Base,
			);
			mainGroup = 9DE542B01BDB492200B2A672;
			productRefGroup = 9DE542BA1BDB492200B2A672 /* Products */;
			projectDirPath = "";
			projectRoot = "";
			targets = (
				9DE542B81BDB492200B2A672 /* Axiz Brain Blue */,
				9DE542D11BDB492300B2A672 /* Axiz Brain BlueTests */,
				9DE542DC1BDB492300B2A672 /* Axiz Brain BlueUITests */,
			);
		};
/* End PBXProject section */

/* Begin PBXResourcesBuildPhase section */
		9DE542B71BDB492200B2A672 /* Resources */ = {
			isa = PBXResourcesBuildPhase;
			buildActionMask = 2147483647;
			files = (
				9D7BB8771BDB870800A6DFB7 /* button_km_hover.png in Resources */,
				9D7BB8BC1BDBAE3900A6DFB7 /* trip_button_reset@2x.png in Resources */,
				9D7BB8871BDB870800A6DFB7 /* noimage@2x.png in Resources */,
				9D7BB87E1BDB870800A6DFB7 /* default_blue_35_background@2x.png in Resources */,
				9D7BB88A1BDB870800A6DFB7 /* user_red_35_background@2x.png in Resources */,
				9D7BB87C1BDB870800A6DFB7 /* button_mph_red@2x.png in Resources */,
				9D7BB8851BDB870800A6DFB7 /* inner_circle_mph_red@2x.png in Resources */,
				9DE542CC1BDB492200B2A672 /* LaunchScreen.storyboard in Resources */,
				9D7BB8BB1BDBAE3900A6DFB7 /* trip_button_reset_hover@2x.png in Resources */,
				9D7BB8861BDB870800A6DFB7 /* map@2x.png in Resources */,
				9D7BB87A1BDB870800A6DFB7 /* button_mph_hover_red@2x.png in Resources */,
				9D7BB8BE1BDBAE3900A6DFB7 /* trip_button_set_hover@2x.png in Resources */,
				9D7BB8C11BDBAE3900A6DFB7 /* tripmeter_background@2x.png in Resources */,
				9DE543101BDB580100B2A672 /* AXZSettingViewController.xib in Resources */,
				9D7BB8791BDB870800A6DFB7 /* button_km.png in Resources */,
				9D7BB8821BDB870800A6DFB7 /* inner_cicle_km.png in Resources */,
				9D7BB8C01BDBAE3900A6DFB7 /* trip_running@2x.png in Resources */,
				9D7BB8B71BDBAE3900A6DFB7 /* trip_button_km_hover@2x.png in Resources */,
				9DE542C91BDB492200B2A672 /* Assets.xcassets in Resources */,
				9D7BB88B1BDB870800A6DFB7 /* user_red_background@2x.png in Resources */,
				9D7BB8B91BDBAE3900A6DFB7 /* trip_button_mph_hover@2x.png in Resources */,
				9D7BB8891BDB870800A6DFB7 /* reset@2x.png in Resources */,
				9D7BB8831BDB870800A6DFB7 /* inner_cicle_mph.png in Resources */,
				9D7BB8941BDB940D00A6DFB7 /* arrow_left@2x.png in Resources */,
				9D7BB8751BDB870800A6DFB7 /* bluetooth@2x.png in Resources */,
				9D7BB8741BDB870800A6DFB7 /* bluetooth_background@2x.png in Resources */,
				9D7BB8BF1BDBAE3900A6DFB7 /* trip_button_set@2x.png in Resources */,
				9D7BB8BD1BDBAE3900A6DFB7 /* trip_button_running@2x.png in Resources */,
				9D7BB87D1BDB870800A6DFB7 /* button_mph.png in Resources */,
				9DE543141BDB580100B2A672 /* AXZMapViewController.xib in Resources */,
				9D7BB8811BDB870800A6DFB7 /* info@2x.png in Resources */,
				9DE542C71BDB492200B2A672 /* Main.storyboard in Resources */,
				9D7BB8721BDB870800A6DFB7 /* axizlogo.png in Resources */,
				9D7BB8761BDB870800A6DFB7 /* button_km_hover_red@2x.png in Resources */,
				9D7BB87B1BDB870800A6DFB7 /* button_mph_hover.png in Resources */,
				9D7BB8911BDB8F4F00A6DFB7 /* AXZTripViewController.xib in Resources */,
				9D7BB87F1BDB870800A6DFB7 /* hari-center.png in Resources */,
				9D7BB8841BDB870800A6DFB7 /* inner_circle_km_red@2x.png in Resources */,
				9D7BB8951BDB940D00A6DFB7 /* arrow_right@2x.png in Resources */,
				9D7BB8781BDB870800A6DFB7 /* button_km_red@2x.png in Resources */,
				9DE5430B1BDB580100B2A672 /* AXZBlueToothViewController.xib in Resources */,
				9D7BB8731BDB870800A6DFB7 /* backtomain@2x.png in Resources */,
				9D7BB8801BDB870800A6DFB7 /* hari.png in Resources */,
				9D7BB8B81BDBAE3900A6DFB7 /* trip_button_km@2x.png in Resources */,
				9DE543121BDB580100B2A672 /* AXZWebViewController.xib in Resources */,
				9D7BB88C1BDB870800A6DFB7 /* user@2x.png in Resources */,
				9D7BB8BA1BDBAE3900A6DFB7 /* trip_button_mph@2x.png in Resources */,
				9DE5430E1BDB580100B2A672 /* AXZMeterView.xib in Resources */,
				9D7BB8881BDB870800A6DFB7 /* red_background_4@2x.png in Resources */,
			);
			runOnlyForDeploymentPostprocessing = 0;
		};
		9DE542D01BDB492300B2A672 /* Resources */ = {
			isa = PBXResourcesBuildPhase;
			buildActionMask = 2147483647;
			files = (
			);
			runOnlyForDeploymentPostprocessing = 0;
		};
		9DE542DB1BDB492300B2A672 /* Resources */ = {
			isa = PBXResourcesBuildPhase;
			buildActionMask = 2147483647;
			files = (
			);
			runOnlyForDeploymentPostprocessing = 0;
		};
/* End PBXResourcesBuildPhase section */

/* Begin PBXSourcesBuildPhase section */
		9DE542B51BDB492200B2A672 /* Sources */ = {
			isa = PBXSourcesBuildPhase;
			buildActionMask = 2147483647;
			files = (
				9DE543151BDB580100B2A672 /* UILabel+AXZUI.m in Sources */,
				9DE5430F1BDB580100B2A672 /* AXZSettingViewController.m in Sources */,
				9DE543111BDB580100B2A672 /* AXZWebViewController.m in Sources */,
				9DE543191BDB594600B2A672 /* STAnnotation.m in Sources */,
				9DE543081BDB580100B2A672 /* AppDelegate.m in Sources */,
				9DE543131BDB580100B2A672 /* AXZMapViewController.m in Sources */,
				9DE543091BDB580100B2A672 /* AXZAsset.m in Sources */,
				9D7BB8901BDB8F4F00A6DFB7 /* AXZTripViewController.m in Sources */,
				9DE542BE1BDB492200B2A672 /* main.m in Sources */,
				9DE5430C1BDB580100B2A672 /* AXZHomeViewController.m in Sources */,
				9DE543161BDB580100B2A672 /* UIView+AXZUI.m in Sources */,
				9DE5430D1BDB580100B2A672 /* AXZMeterView.m in Sources */,
				9DE5430A1BDB580100B2A672 /* AXZBlueToothViewController.m in Sources */,
			);
			runOnlyForDeploymentPostprocessing = 0;
		};
		9DE542CE1BDB492300B2A672 /* Sources */ = {
			isa = PBXSourcesBuildPhase;
			buildActionMask = 2147483647;
			files = (
				9DE542D71BDB492300B2A672 /* Axiz_Brain_BlueTests.m in Sources */,
			);
			runOnlyForDeploymentPostprocessing = 0;
		};
		9DE542D91BDB492300B2A672 /* Sources */ = {
			isa = PBXSourcesBuildPhase;
			buildActionMask = 2147483647;
			files = (
				9DE542E21BDB492300B2A672 /* Axiz_Brain_BlueUITests.m in Sources */,
			);
			runOnlyForDeploymentPostprocessing = 0;
		};
/* End PBXSourcesBuildPhase section */

/* Begin PBXTargetDependency section */
		9DE542D41BDB492300B2A672 /* PBXTargetDependency */ = {
			isa = PBXTargetDependency;
			target = 9DE542B81BDB492200B2A672 /* Axiz Brain Blue */;
			targetProxy = 9DE542D31BDB492300B2A672 /* PBXContainerItemProxy */;
		};
		9DE542DF1BDB492300B2A672 /* PBXTargetDependency */ = {
			isa = PBXTargetDependency;
			target = 9DE542B81BDB492200B2A672 /* Axiz Brain Blue */;
			targetProxy = 9DE542DE1BDB492300B2A672 /* PBXContainerItemProxy */;
		};
/* End PBXTargetDependency section */

/* Begin PBXVariantGroup section */
		9DE542C51BDB492200B2A672 /* Main.storyboard */ = {
			isa = PBXVariantGroup;
			children = (
				9DE542C61BDB492200B2A672 /* Base */,
			);
			name = Main.storyboard;
			sourceTree = "<group>";
		};
		9DE542CA1BDB492200B2A672 /* LaunchScreen.storyboard */ = {
			isa = PBXVariantGroup;
			children = (
				9DE542CB1BDB492200B2A672 /* Base */,
			);
			name = LaunchScreen.storyboard;
			sourceTree = "<group>";
		};
/* End PBXVariantGroup section */

/* Begin XCBuildConfiguration section */
		9DE542E41BDB492300B2A672 /* Debug */ = {
			isa = XCBuildConfiguration;
			buildSettings = {
				ALWAYS_SEARCH_USER_PATHS = NO;
				CLANG_CXX_LANGUAGE_STANDARD = "gnu++0x";
				CLANG_CXX_LIBRARY = "libc++";
				CLANG_ENABLE_MODULES = YES;
				CLANG_ENABLE_OBJC_ARC = YES;
				CLANG_WARN_BOOL_CONVERSION = YES;
				CLANG_WARN_CONSTANT_CONVERSION = YES;
				CLANG_WARN_DIRECT_OBJC_ISA_USAGE = YES_ERROR;
				CLANG_WARN_EMPTY_BODY = YES;
				CLANG_WARN_ENUM_CONVERSION = YES;
				CLANG_WARN_INT_CONVERSION = YES;
				CLANG_WARN_OBJC_ROOT_CLASS = YES_ERROR;
				CLANG_WARN_UNREACHABLE_CODE = YES;
				CLANG_WARN__DUPLICATE_METHOD_MATCH = YES;
				"CODE_SIGN_IDENTITY[sdk=iphoneos*]" = "iPhone Developer";
				COPY_PHASE_STRIP = NO;
				DEBUG_INFORMATION_FORMAT = dwarf;
				ENABLE_STRICT_OBJC_MSGSEND = YES;
				ENABLE_TESTABILITY = YES;
				GCC_C_LANGUAGE_STANDARD = gnu99;
				GCC_DYNAMIC_NO_PIC = NO;
				GCC_NO_COMMON_BLOCKS = YES;
				GCC_OPTIMIZATION_LEVEL = 0;
				GCC_PREPROCESSOR_DEFINITIONS = (
					"DEBUG=1",
					"$(inherited)",
				);
				GCC_WARN_64_TO_32_BIT_CONVERSION = YES;
				GCC_WARN_ABOUT_RETURN_TYPE = YES_ERROR;
				GCC_WARN_UNDECLARED_SELECTOR = YES;
				GCC_WARN_UNINITIALIZED_AUTOS = YES_AGGRESSIVE;
				GCC_WARN_UNUSED_FUNCTION = YES;
				GCC_WARN_UNUSED_VARIABLE = YES;
				IPHONEOS_DEPLOYMENT_TARGET = 9.0;
				MTL_ENABLE_DEBUG_INFO = YES;
				ONLY_ACTIVE_ARCH = YES;
				SDKROOT = iphoneos;
				TARGETED_DEVICE_FAMILY = "1,2";
			};
			name = Debug;
		};
		9DE542E51BDB492300B2A672 /* Release */ = {
			isa = XCBuildConfiguration;
			buildSettings = {
				ALWAYS_SEARCH_USER_PATHS = NO;
				CLANG_CXX_LANGUAGE_STANDARD = "gnu++0x";
				CLANG_CXX_LIBRARY = "libc++";
				CLANG_ENABLE_MODULES = YES;
				CLANG_ENABLE_OBJC_ARC = YES;
				CLANG_WARN_BOOL_CONVERSION = YES;
				CLANG_WARN_CONSTANT_CONVERSION = YES;
				CLANG_WARN_DIRECT_OBJC_ISA_USAGE = YES_ERROR;
				CLANG_WARN_EMPTY_BODY = YES;
				CLANG_WARN_ENUM_CONVERSION = YES;
				CLANG_WARN_INT_CONVERSION = YES;
				CLANG_WARN_OBJC_ROOT_CLASS = YES_ERROR;
				CLANG_WARN_UNREACHABLE_CODE = YES;
				CLANG_WARN__DUPLICATE_METHOD_MATCH = YES;
				"CODE_SIGN_IDENTITY[sdk=iphoneos*]" = "iPhone Developer";
				COPY_PHASE_STRIP = NO;
				DEBUG_INFORMATION_FORMAT = "dwarf-with-dsym";
				ENABLE_NS_ASSERTIONS = NO;
				ENABLE_STRICT_OBJC_MSGSEND = YES;
				GCC_C_LANGUAGE_STANDARD = gnu99;
				GCC_NO_COMMON_BLOCKS = YES;
				GCC_WARN_64_TO_32_BIT_CONVERSION = YES;
				GCC_WARN_ABOUT_RETURN_TYPE = YES_ERROR;
				GCC_WARN_UNDECLARED_SELECTOR = YES;
				GCC_WARN_UNINITIALIZED_AUTOS = YES_AGGRESSIVE;
				GCC_WARN_UNUSED_FUNCTION = YES;
				GCC_WARN_UNUSED_VARIABLE = YES;
				IPHONEOS_DEPLOYMENT_TARGET = 9.0;
				MTL_ENABLE_DEBUG_INFO = NO;
				SDKROOT = iphoneos;
				TARGETED_DEVICE_FAMILY = "1,2";
				VALIDATE_PRODUCT = YES;
			};
			name = Release;
		};
		9DE542E71BDB492300B2A672 /* Debug */ = {
			isa = XCBuildConfiguration;
			buildSettings = {
				ASSETCATALOG_COMPILER_APPICON_NAME = AppIcon;
				INFOPLIST_FILE = "Axiz Brain Blue/Info.plist";
				IPHONEOS_DEPLOYMENT_TARGET = 8.1;
				LD_RUNPATH_SEARCH_PATHS = "$(inherited) @executable_path/Frameworks";
				PRODUCT_BUNDLE_IDENTIFIER = "Axiz.Axiz-Brain-Blue";
				PRODUCT_NAME = "$(TARGET_NAME)";
				TARGETED_DEVICE_FAMILY = 1;
			};
			name = Debug;
		};
		9DE542E81BDB492300B2A672 /* Release */ = {
			isa = XCBuildConfiguration;
			buildSettings = {
				ASSETCATALOG_COMPILER_APPICON_NAME = AppIcon;
				INFOPLIST_FILE = "Axiz Brain Blue/Info.plist";
				IPHONEOS_DEPLOYMENT_TARGET = 8.1;
				LD_RUNPATH_SEARCH_PATHS = "$(inherited) @executable_path/Frameworks";
				PRODUCT_BUNDLE_IDENTIFIER = "Axiz.Axiz-Brain-Blue";
				PRODUCT_NAME = "$(TARGET_NAME)";
				TARGETED_DEVICE_FAMILY = 1;
			};
			name = Release;
		};
		9DE542EA1BDB492300B2A672 /* Debug */ = {
			isa = XCBuildConfiguration;
			buildSettings = {
				BUNDLE_LOADER = "$(TEST_HOST)";
				INFOPLIST_FILE = "Axiz Brain BlueTests/Info.plist";
				LD_RUNPATH_SEARCH_PATHS = "$(inherited) @executable_path/Frameworks @loader_path/Frameworks";
				PRODUCT_BUNDLE_IDENTIFIER = "Axiz.Axiz-Brain-BlueTests";
				PRODUCT_NAME = "$(TARGET_NAME)";
				TEST_HOST = "$(BUILT_PRODUCTS_DIR)/Axiz Brain Blue.app/Axiz Brain Blue";
			};
			name = Debug;
		};
		9DE542EB1BDB492300B2A672 /* Release */ = {
			isa = XCBuildConfiguration;
			buildSettings = {
				BUNDLE_LOADER = "$(TEST_HOST)";
				INFOPLIST_FILE = "Axiz Brain BlueTests/Info.plist";
				LD_RUNPATH_SEARCH_PATHS = "$(inherited) @executable_path/Frameworks @loader_path/Frameworks";
				PRODUCT_BUNDLE_IDENTIFIER = "Axiz.Axiz-Brain-BlueTests";
				PRODUCT_NAME = "$(TARGET_NAME)";
				TEST_HOST = "$(BUILT_PRODUCTS_DIR)/Axiz Brain Blue.app/Axiz Brain Blue";
			};
			name = Release;
		};
		9DE542ED1BDB492300B2A672 /* Debug */ = {
			isa = XCBuildConfiguration;
			buildSettings = {
				INFOPLIST_FILE = "Axiz Brain BlueUITests/Info.plist";
				LD_RUNPATH_SEARCH_PATHS = "$(inherited) @executable_path/Frameworks @loader_path/Frameworks";
				PRODUCT_BUNDLE_IDENTIFIER = "Axiz.Axiz-Brain-BlueUITests";
				PRODUCT_NAME = "$(TARGET_NAME)";
				TEST_TARGET_NAME = "Axiz Brain Blue";
				USES_XCTRUNNER = YES;
			};
			name = Debug;
		};
		9DE542EE1BDB492300B2A672 /* Release */ = {
			isa = XCBuildConfiguration;
			buildSettings = {
				INFOPLIST_FILE = "Axiz Brain BlueUITests/Info.plist";
				LD_RUNPATH_SEARCH_PATHS = "$(inherited) @executable_path/Frameworks @loader_path/Frameworks";
				PRODUCT_BUNDLE_IDENTIFIER = "Axiz.Axiz-Brain-BlueUITests";
				PRODUCT_NAME = "$(TARGET_NAME)";
				TEST_TARGET_NAME = "Axiz Brain Blue";
				USES_XCTRUNNER = YES;
			};
			name = Release;
		};
/* End XCBuildConfiguration section */

/* Begin XCConfigurationList section */
		9DE542B41BDB492200B2A672 /* Build configuration list for PBXProject "Axiz Brain Blue" */ = {
			isa = XCConfigurationList;
			buildConfigurations = (
				9DE542E41BDB492300B2A672 /* Debug */,
				9DE542E51BDB492300B2A672 /* Release */,
			);
			defaultConfigurationIsVisible = 0;
			defaultConfigurationName = Release;
		};
		9DE542E61BDB492300B2A672 /* Build configuration list for PBXNativeTarget "Axiz Brain Blue" */ = {
			isa = XCConfigurationList;
			buildConfigurations = (
				9DE542E71BDB492300B2A672 /* Debug */,
				9DE542E81BDB492300B2A672 /* Release */,
			);
			defaultConfigurationIsVisible = 0;
			defaultConfigurationName = Release;
		};
		9DE542E91BDB492300B2A672 /* Build configuration list for PBXNativeTarget "Axiz Brain BlueTests" */ = {
			isa = XCConfigurationList;
			buildConfigurations = (
				9DE542EA1BDB492300B2A672 /* Debug */,
				9DE542EB1BDB492300B2A672 /* Release */,
			);
			defaultConfigurationIsVisible = 0;
			defaultConfigurationName = Release;
		};
		9DE542EC1BDB492300B2A672 /* Build configuration list for PBXNativeTarget "Axiz Brain BlueUITests" */ = {
			isa = XCConfigurationList;
			buildConfigurations = (
				9DE542ED1BDB492300B2A672 /* Debug */,
				9DE542EE1BDB492300B2A672 /* Release */,
			);
			defaultConfigurationIsVisible = 0;
			defaultConfigurationName = Release;
		};
/* End XCConfigurationList section */
	};
	rootObject = 9DE542B11BDB492200B2A672 /* Project object */;
}
